
Microsoft Visual Studio Solution File, Format Version 12.00
# Visual Studio Version 18
VisualStudioVersion = 18.0.11222.15 d18.0
MinimumVisualStudioVersion = 10.0.40219.1
Project("{2150E333-8FDC-42A3-9474-1A3956D46DE8}") = "auth", "auth", "{183AEB3A-A086-1D8D-C95E-6378F77647C3}"
EndProject
Project("{2150E333-8FDC-42A3-9474-1A3956D46DE8}") = "src", "src", "{3CB20141-8555-D9D5-CFED-23D2E894788F}"
EndProject
Project("{FAE04EC0-301F-11D3-BF4B-00C04F79EFBC}") = "FootballCatch.Auth.Api", "auth\src\FootballCatch.Auth.Api\FootballCatch.Auth.Api.csproj", "{09A9E3F5-8161-41C4-9052-8C75A6B5DE3A}"
EndProject
Project("{FAE04EC0-301F-11D3-BF4B-00C04F79EFBC}") = "FootballCatch.Auth.Infrastructure", "auth\src\FootballCatch.Auth.Infrastructure\FootballCatch.Auth.Infrastructure.csproj", "{9098CA66-B7C1-40EA-9F57-B729893B0226}"
EndProject
Project("{FAE04EC0-301F-11D3-BF4B-00C04F79EFBC}") = "FootballCatch.Auth.Application", "auth\src\FootballCatch.Auth.Application\FootballCatch.Auth.Application.csproj", "{386DD515-909A-4093-958F-AEFF62ED1E11}"
EndProject
Project("{FAE04EC0-301F-11D3-BF4B-00C04F79EFBC}") = "FootballCatch.Auth.Domain", "auth\src\FootballCatch.Auth.Domain\FootballCatch.Auth.Domain.csproj", "{9A4D914E-920B-4418-BA27-5C285D31DF33}"
EndProject
Project("{FAE04EC0-301F-11D3-BF4B-00C04F79EFBC}") = "FootballCatch.Common", "common\FootballCatch.Common.csproj", "{81EA3F93-C322-4AEB-9B4C-635C6B005668}"
EndProject
Project("{FAE04EC0-301F-11D3-BF4B-00C04F79EFBC}") = "FootballCatch.Auth.Migrations", "auth\src\FootballCatch.Auth.Migrations\FootballCatch.Auth.Migrations.csproj", "{3237CAA0-501D-4BFB-8A8D-5BE849A7B5BD}"
EndProject
Project("{2150E333-8FDC-42A3-9474-1A3956D46DE8}") = "tests", "tests", "{A300A90C-4F4D-E66D-E3DF-AE6A69339320}"
EndProject
Project("{FAE04EC0-301F-11D3-BF4B-00C04F79EFBC}") = "FootballCatch.Auth.IntegrationTests", "auth\tests\FootballCatch.Auth.IntegrationTests\FootballCatch.Auth.IntegrationTests.csproj", "{3CFD57EF-5880-4159-B932-92F46119DD9E}"
EndProject
Project("{FAE04EC0-301F-11D3-BF4B-00C04F79EFBC}") = "FootballCatch.Auth.Tests.Infrastructure", "auth\tests\FootballCatch.Auth.Tests.Infrastructure\FootballCatch.Auth.Tests.Infrastructure.csproj", "{A3D98FE9-4357-464D-AF75-B7C7E18C2B6B}"
EndProject
Project("{FAE04EC0-301F-11D3-BF4B-00C04F79EFBC}") = "FootballCatch.Auth.UnitTests", "auth\tests\FootballCatch.Auth.UnitTests\FootballCatch.Auth.UnitTests.csproj", "{4D2942DA-0B09-4E11-9E00-B1D23A3DC995}"
EndProject
Project("{2150E333-8FDC-42A3-9474-1A3956D46DE8}") = "catalog", "catalog", "{50761A8C-3A0B-6B1B-86AD-17AC9E1B806D}"
EndProject
Project("{2150E333-8FDC-42A3-9474-1A3956D46DE8}") = "src", "src", "{D0916B7D-F7B6-7D7C-08CD-3AA4546D8309}"
EndProject
Project("{FAE04EC0-301F-11D3-BF4B-00C04F79EFBC}") = "FootballCatch.Catalog.Api", "catalog\src\FootballCatch.Catalog.Api\FootballCatch.Catalog.Api.csproj", "{E172F8DB-F3E4-415A-B1B4-FB3B6EFCD897}"
EndProject
Project("{FAE04EC0-301F-11D3-BF4B-00C04F79EFBC}") = "FootballCatch.Catalog.Infrastructure", "catalog\src\FootballCatch.Catalog.Infrastructure\FootballCatch.Catalog.Infrastructure.csproj", "{CCD1486B-E573-4C85-9B1C-D2E68D07528F}"
EndProject
Project("{FAE04EC0-301F-11D3-BF4B-00C04F79EFBC}") = "FootballCatch.Catalog.Application", "catalog\src\FootballCatch.Catalog.Application\FootballCatch.Catalog.Application.csproj", "{DF798C3F-9DD0-48AB-B579-C61B1EFADB41}"
EndProject
Project("{FAE04EC0-301F-11D3-BF4B-00C04F79EFBC}") = "FootballCatch.Catalog.Domain", "catalog\src\FootballCatch.Catalog.Domain\FootballCatch.Catalog.Domain.csproj", "{E55AA44C-4185-4434-897E-F5D389D05D37}"
EndProject
Project("{FAE04EC0-301F-11D3-BF4B-00C04F79EFBC}") = "FootballCatch.Catalog.Migrations", "catalog\src\FootballCatch.Catalog.Migrations\FootballCatch.Catalog.Migrations.csproj", "{FFEBB9EB-A2F1-4618-A130-F710D8303E6A}"
EndProject
Project("{2150E333-8FDC-42A3-9474-1A3956D46DE8}") = "tests", "tests", "{53585997-BAD8-123F-4C15-056B52BC11E2}"
EndProject
Project("{FAE04EC0-301F-11D3-BF4B-00C04F79EFBC}") = "FootballCatch.Catalog.IntegrationTests", "catalog\tests\FootballCatch.Catalog.IntegrationTests\FootballCatch.Catalog.IntegrationTests.csproj", "{B2C962C2-B6F1-449F-B473-A7E904170FE6}"
EndProject
Project("{FAE04EC0-301F-11D3-BF4B-00C04F79EFBC}") = "FootballCatch.Catalog.Tests.Infrastructure", "catalog\tests\FootballCatch.Catalog.Tests.Infrastructure\FootballCatch.Catalog.Tests.Infrastructure.csproj", "{90F30FE5-CF3C-4004-8895-8923801A90E7}"
EndProject
Project("{FAE04EC0-301F-11D3-BF4B-00C04F79EFBC}") = "FootballCatch.Catalog.UnitTests", "catalog\tests\FootballCatch.Catalog.UnitTests\FootballCatch.Catalog.UnitTests.csproj", "{31564CAF-9E10-4244-8F66-932002F3B018}"
EndProject
Project("{2150E333-8FDC-42A3-9474-1A3956D46DE8}") = "common", "common", "{881589EE-639B-0A35-DBCE-5D94E4FC90C0}"
EndProject
Project("{2150E333-8FDC-42A3-9474-1A3956D46DE8}") = "fixtures", "fixtures", "{7A31CED4-1678-4AF3-8F73-6A118B9DA039}"
EndProject
Project("{2150E333-8FDC-42A3-9474-1A3956D46DE8}") = "src", "src", "{34E1D563-C794-955F-7ABD-66C97578211F}"
EndProject
Project("{FAE04EC0-301F-11D3-BF4B-00C04F79EFBC}") = "FootballCatch.Fixtures.Api", "fixtures\src\FootballCatch.Fixtures.Api\FootballCatch.Fixtures.Api.csproj", "{C001016C-46DC-4B8F-9BDC-62D3CA63D301}"
EndProject
Project("{FAE04EC0-301F-11D3-BF4B-00C04F79EFBC}") = "FootballCatch.Fixtures.Infrastructure", "fixtures\src\FootballCatch.Fixtures.Infrastructure\FootballCatch.Fixtures.Infrastructure.csproj", "{61AFA2BF-438D-4A37-8EE1-5ED48F3323B4}"
EndProject
Project("{FAE04EC0-301F-11D3-BF4B-00C04F79EFBC}") = "FootballCatch.Fixtures.Application", "fixtures\src\FootballCatch.Fixtures.Application\FootballCatch.Fixtures.Application.csproj", "{F6245F8C-7FED-4DD7-B08E-176F313B9F38}"
EndProject
Project("{FAE04EC0-301F-11D3-BF4B-00C04F79EFBC}") = "FootballCatch.Fixtures.Domain", "fixtures\src\FootballCatch.Fixtures.Domain\FootballCatch.Fixtures.Domain.csproj", "{E6ECADB9-951D-497B-8B51-293745D07F57}"
EndProject
Project("{FAE04EC0-301F-11D3-BF4B-00C04F79EFBC}") = "FootballCatch.Fixtures.Migrations", "fixtures\src\FootballCatch.Fixtures.Migrations\FootballCatch.Fixtures.Migrations.csproj", "{821D9E03-B2BE-4FDA-8951-67A25079005A}"
EndProject
Project("{2150E333-8FDC-42A3-9474-1A3956D46DE8}") = "tests", "tests", "{32AD1035-1400-9555-4A74-6DDE1C456F2C}"
EndProject
Project("{FAE04EC0-301F-11D3-BF4B-00C04F79EFBC}") = "FootballCatch.Fixtures.IntegrationTests", "fixtures\tests\FootballCatch.Fixtures.IntegrationTests\FootballCatch.Fixtures.IntegrationTests.csproj", "{A5D84B27-BF00-4324-9D9E-CA1A0B7110A4}"
EndProject
Project("{FAE04EC0-301F-11D3-BF4B-00C04F79EFBC}") = "FootballCatch.Fixtures.Tests.Infrastructure", "fixtures\tests\FootballCatch.Fixtures.Tests.Infrastructure\FootballCatch.Fixtures.Tests.Infrastructure.csproj", "{CC825484-E670-4927-853C-BD944469D874}"
EndProject
Project("{FAE04EC0-301F-11D3-BF4B-00C04F79EFBC}") = "FootballCatch.Fixtures.UnitTests", "fixtures\tests\FootballCatch.Fixtures.UnitTests\FootballCatch.Fixtures.UnitTests.csproj", "{DB5865FA-74F7-4468-9AC6-09B3603DB834}"
EndProject
Project("{2150E333-8FDC-42A3-9474-1A3956D46DE8}") = "leagues", "leagues", "{656ADCE7-36FE-61D8-14B8-18D756126A69}"
EndProject
Project("{2150E333-8FDC-42A3-9474-1A3956D46DE8}") = "src", "src", "{034FBFF3-E7D6-CF4D-3EA3-F6EAB3F294C5}"
EndProject
Project("{FAE04EC0-301F-11D3-BF4B-00C04F79EFBC}") = "FootballCatch.Leagues.Api", "leagues\src\FootballCatch.Leagues.Api\FootballCatch.Leagues.Api.csproj", "{F8EE284C-27A3-4C4D-9CE3-EA83B19A9ABC}"
EndProject
Project("{FAE04EC0-301F-11D3-BF4B-00C04F79EFBC}") = "FootballCatch.Leagues.Infrastructure", "leagues\src\FootballCatch.Leagues.Infrastructure\FootballCatch.Leagues.Infrastructure.csproj", "{1057CE16-C10E-4F8D-B19A-1B9CEA70C2AC}"
EndProject
Project("{FAE04EC0-301F-11D3-BF4B-00C04F79EFBC}") = "FootballCatch.Leagues.Application", "leagues\src\FootballCatch.Leagues.Application\FootballCatch.Leagues.Application.csproj", "{971492FA-9EE3-4F09-B12E-276F66E6816F}"
EndProject
Project("{FAE04EC0-301F-11D3-BF4B-00C04F79EFBC}") = "FootballCatch.Leagues.Domain", "leagues\src\FootballCatch.Leagues.Domain\FootballCatch.Leagues.Domain.csproj", "{987436BA-9482-45D1-91B5-D07290FCBE90}"
EndProject
Project("{FAE04EC0-301F-11D3-BF4B-00C04F79EFBC}") = "FootballCatch.Leagues.Migrations", "leagues\src\FootballCatch.Leagues.Migrations\FootballCatch.Leagues.Migrations.csproj", "{33A82C00-262A-4465-8DD5-7DF00BF5D3A8}"
EndProject
Project("{2150E333-8FDC-42A3-9474-1A3956D46DE8}") = "tests", "tests", "{AF283091-B643-A340-C090-7E6E6621A3CC}"
EndProject
Project("{FAE04EC0-301F-11D3-BF4B-00C04F79EFBC}") = "FootballCatch.Leagues.IntegrationTests", "leagues\tests\FootballCatch.Leagues.IntegrationTests\FootballCatch.Leagues.IntegrationTests.csproj", "{08DB25FE-7509-4647-932B-FCB5E906509D}"
EndProject
Project("{FAE04EC0-301F-11D3-BF4B-00C04F79EFBC}") = "FootballCatch.Leagues.Tests.Infrastructure", "leagues\tests\FootballCatch.Leagues.Tests.Infrastructure\FootballCatch.Leagues.Tests.Infrastructure.csproj", "{E315C423-8C18-45B0-9ED4-7E6944AE03B0}"
EndProject
Project("{FAE04EC0-301F-11D3-BF4B-00C04F79EFBC}") = "FootballCatch.Leagues.UnitTests", "leagues\tests\FootballCatch.Leagues.UnitTests\FootballCatch.Leagues.UnitTests.csproj", "{1ED94F89-823F-4BB4-8A0B-762AC741544F}"
EndProject
Project("{2150E333-8FDC-42A3-9474-1A3956D46DE8}") = "notifications", "notifications", "{C30EA34C-96E3-EEAB-A84E-085AED71DD06}"
EndProject
Project("{2150E333-8FDC-42A3-9474-1A3956D46DE8}") = "src", "src", "{7F3CD820-A31C-356C-5106-B97A4827013E}"
EndProject
Project("{FAE04EC0-301F-11D3-BF4B-00C04F79EFBC}") = "FootballCatch.Notifications.Api", "notifications\src\FootballCatch.Notifications.Api\FootballCatch.Notifications.Api.csproj", "{EF027ACC-7607-4D30-9D1E-A09CEFC42949}"
EndProject
Project("{FAE04EC0-301F-11D3-BF4B-00C04F79EFBC}") = "FootballCatch.Notifications.Infrastructure", "notifications\src\FootballCatch.Notifications.Infrastructure\FootballCatch.Notifications.Infrastructure.csproj", "{C1D19694-8153-412D-BE21-27ECFCFD9BEB}"
EndProject
Project("{FAE04EC0-301F-11D3-BF4B-00C04F79EFBC}") = "FootballCatch.Notifications.Application", "notifications\src\FootballCatch.Notifications.Application\FootballCatch.Notifications.Application.csproj", "{AC186FD5-9B89-4640-A831-5263E927326E}"
EndProject
Project("{FAE04EC0-301F-11D3-BF4B-00C04F79EFBC}") = "FootballCatch.Notifications.Domain", "notifications\src\FootballCatch.Notifications.Domain\FootballCatch.Notifications.Domain.csproj", "{FA47AF85-16C9-4748-B815-119A691DEA85}"
EndProject
Project("{FAE04EC0-301F-11D3-BF4B-00C04F79EFBC}") = "FootballCatch.Notifications.Migrations", "notifications\src\FootballCatch.Notifications.Migrations\FootballCatch.Notifications.Migrations.csproj", "{4C2BA4B0-6112-485A-A514-4FB30A830A00}"
EndProject
Project("{2150E333-8FDC-42A3-9474-1A3956D46DE8}") = "tests", "tests", "{D6FFD3C4-CCDB-586F-7058-3ADD534D28AF}"
EndProject
Project("{FAE04EC0-301F-11D3-BF4B-00C04F79EFBC}") = "FootballCatch.Notifications.IntegrationTests", "notifications\tests\FootballCatch.Notifications.IntegrationTests\FootballCatch.Notifications.IntegrationTests.csproj", "{60C64198-2B4C-4372-951A-9C2BBEFE1F10}"
EndProject
Project("{FAE04EC0-301F-11D3-BF4B-00C04F79EFBC}") = "FootballCatch.Notifications.Tests.Infrastructure", "notifications\tests\FootballCatch.Notifications.Tests.Infrastructure\FootballCatch.Notifications.Tests.Infrastructure.csproj", "{C9CBAFA7-7CA8-43FD-BC00-B516FA08E15A}"
EndProject
Project("{FAE04EC0-301F-11D3-BF4B-00C04F79EFBC}") = "FootballCatch.Notifications.UnitTests", "notifications\tests\FootballCatch.Notifications.UnitTests\FootballCatch.Notifications.UnitTests.csproj", "{BBE71491-CAA4-4A76-BAE4-54DBC6F8EA0D}"
EndProject
Project("{2150E333-8FDC-42A3-9474-1A3956D46DE8}") = "predictions", "predictions", "{AC44E953-FBF7-43F7-5893-5EE45FA3B44C}"
EndProject
Project("{2150E333-8FDC-42A3-9474-1A3956D46DE8}") = "src", "src", "{6180DF33-8EC6-CA37-81A6-74D3803ADDAF}"
EndProject
Project("{FAE04EC0-301F-11D3-BF4B-00C04F79EFBC}") = "FootballCatch.Predictions.Api", "predictions\src\FootballCatch.Predictions.Api\FootballCatch.Predictions.Api.csproj", "{8173E404-C9E6-40DD-A171-054409E6A800}"
EndProject
Project("{FAE04EC0-301F-11D3-BF4B-00C04F79EFBC}") = "FootballCatch.Predictions.Infrastructure", "predictions\src\FootballCatch.Predictions.Infrastructure\FootballCatch.Predictions.Infrastructure.csproj", "{5ACA8BA6-6BF0-4F20-A24D-70F4427726F1}"
EndProject
Project("{FAE04EC0-301F-11D3-BF4B-00C04F79EFBC}") = "FootballCatch.Predictions.Application", "predictions\src\FootballCatch.Predictions.Application\FootballCatch.Predictions.Application.csproj", "{E9831508-99BE-4A3B-AA8B-D02582DD991E}"
EndProject
Project("{FAE04EC0-301F-11D3-BF4B-00C04F79EFBC}") = "FootballCatch.Predictions.Domain", "predictions\src\FootballCatch.Predictions.Domain\FootballCatch.Predictions.Domain.csproj", "{4B107390-A2CE-4936-9918-8D701DF4562D}"
EndProject
Project("{FAE04EC0-301F-11D3-BF4B-00C04F79EFBC}") = "FootballCatch.Predictions.Migrations", "predictions\src\FootballCatch.Predictions.Migrations\FootballCatch.Predictions.Migrations.csproj", "{3B06CBA4-1239-4AC7-B45F-61DE5BBCDE3F}"
EndProject
Project("{2150E333-8FDC-42A3-9474-1A3956D46DE8}") = "tests", "tests", "{050ABA88-3343-E225-D078-A3926DD338F1}"
EndProject
Project("{FAE04EC0-301F-11D3-BF4B-00C04F79EFBC}") = "FootballCatch.Predictions.IntegrationTests", "predictions\tests\FootballCatch.Predictions.IntegrationTests\FootballCatch.Predictions.IntegrationTests.csproj", "{0DA0194F-9774-4DAC-B067-74211C3ACB98}"
EndProject
Project("{FAE04EC0-301F-11D3-BF4B-00C04F79EFBC}") = "FootballCatch.Predictions.Tests.Infrastructure", "predictions\tests\FootballCatch.Predictions.Tests.Infrastructure\FootballCatch.Predictions.Tests.Infrastructure.csproj", "{4E96B30E-F916-4940-8685-3602F7208EF5}"
EndProject
Project("{FAE04EC0-301F-11D3-BF4B-00C04F79EFBC}") = "FootballCatch.Predictions.UnitTests", "predictions\tests\FootballCatch.Predictions.UnitTests\FootballCatch.Predictions.UnitTests.csproj", "{1DB19B49-98EF-4228-A1AE-44ECD74DC09E}"
EndProject
Project("{2150E333-8FDC-42A3-9474-1A3956D46DE8}") = "scoring-engine", "scoring-engine", "{1D31C3EA-2096-3861-CDDD-00F4D8869B7A}"
EndProject
Project("{2150E333-8FDC-42A3-9474-1A3956D46DE8}") = "src", "src", "{5A38F9E7-BBD8-0BBD-2E3D-BCABB4BC4F16}"
EndProject
Project("{FAE04EC0-301F-11D3-BF4B-00C04F79EFBC}") = "FootballCatch.ScoringEngine.Api", "scoring-engine\src\FootballCatch.ScoringEngine.Api\FootballCatch.ScoringEngine.Api.csproj", "{EE250666-7040-401B-B6E3-7F6FFA0161B2}"
EndProject
Project("{FAE04EC0-301F-11D3-BF4B-00C04F79EFBC}") = "FootballCatch.ScoringEngine.Infrastructure", "scoring-engine\src\FootballCatch.ScoringEngine.Infrastructure\FootballCatch.ScoringEngine.Infrastructure.csproj", "{4BAA13D6-BE19-4CBB-A233-0099F95D1997}"
EndProject
Project("{FAE04EC0-301F-11D3-BF4B-00C04F79EFBC}") = "FootballCatch.ScoringEngine.Application", "scoring-engine\src\FootballCatch.ScoringEngine.Application\FootballCatch.ScoringEngine.Application.csproj", "{F79DB364-63A9-461C-AF59-F1541755D0CB}"
EndProject
Project("{FAE04EC0-301F-11D3-BF4B-00C04F79EFBC}") = "FootballCatch.ScoringEngine.Domain", "scoring-engine\src\FootballCatch.ScoringEngine.Domain\FootballCatch.ScoringEngine.Domain.csproj", "{5C1A5033-D86B-4C59-A2C8-EB8303A5E6B0}"
EndProject
Project("{FAE04EC0-301F-11D3-BF4B-00C04F79EFBC}") = "FootballCatch.ScoringEngine.Migrations", "scoring-engine\src\FootballCatch.ScoringEngine.Migrations\FootballCatch.ScoringEngine.Migrations.csproj", "{03D4485B-C6D2-4778-8446-1E3AEF1F339A}"
EndProject
Project("{2150E333-8FDC-42A3-9474-1A3956D46DE8}") = "tests", "tests", "{9B7DF384-B464-D7A3-0602-F7260FD96D1C}"
EndProject
Project("{FAE04EC0-301F-11D3-BF4B-00C04F79EFBC}") = "FootballCatch.ScoringEngine.IntegrationTests", "scoring-engine\tests\FootballCatch.ScoringEngine.IntegrationTests\FootballCatch.ScoringEngine.IntegrationTests.csproj", "{3041CBB2-18A8-42AE-851E-37A024A1D416}"
EndProject
Project("{FAE04EC0-301F-11D3-BF4B-00C04F79EFBC}") = "FootballCatch.ScoringEngine.Tests.Infrastructure", "scoring-engine\tests\FootballCatch.ScoringEngine.Tests.Infrastructure\FootballCatch.ScoringEngine.Tests.Infrastructure.csproj", "{2C20FE27-2377-402D-BD7B-8C2198A05EE5}"
EndProject
Project("{FAE04EC0-301F-11D3-BF4B-00C04F79EFBC}") = "FootballCatch.ScoringEngine.UnitTests", "scoring-engine\tests\FootballCatch.ScoringEngine.UnitTests\FootballCatch.ScoringEngine.UnitTests.csproj", "{94105B5E-1BA7-4ED5-A62F-78CE9B52239D}"
EndProject
Project("{2150E333-8FDC-42A3-9474-1A3956D46DE8}") = "stats", "stats", "{A7BA4532-CCBD-B6D2-D9F7-D3EA57F9CAE7}"
EndProject
Project("{2150E333-8FDC-42A3-9474-1A3956D46DE8}") = "src", "src", "{51F907E6-C81A-B762-572B-A7A8D66A0740}"
EndProject
Project("{FAE04EC0-301F-11D3-BF4B-00C04F79EFBC}") = "FootballCatch.Stats.Api", "stats\src\FootballCatch.Stats.Api\FootballCatch.Stats.Api.csproj", "{47E7C296-4FEF-484A-93BB-8B758CF442CF}"
EndProject
Project("{FAE04EC0-301F-11D3-BF4B-00C04F79EFBC}") = "FootballCatch.Stats.Infrastructure", "stats\src\FootballCatch.Stats.Infrastructure\FootballCatch.Stats.Infrastructure.csproj", "{A53E0366-4D6F-46C8-BCAF-09E8C2C20577}"
EndProject
Project("{FAE04EC0-301F-11D3-BF4B-00C04F79EFBC}") = "FootballCatch.Stats.Application", "stats\src\FootballCatch.Stats.Application\FootballCatch.Stats.Application.csproj", "{B470852B-3A14-4C91-90F4-812DD21DE4C1}"
EndProject
Project("{FAE04EC0-301F-11D3-BF4B-00C04F79EFBC}") = "FootballCatch.Stats.Domain", "stats\src\FootballCatch.Stats.Domain\FootballCatch.Stats.Domain.csproj", "{D8509230-1CB7-461B-A1C3-B925B38A1A2B}"
EndProject
Project("{FAE04EC0-301F-11D3-BF4B-00C04F79EFBC}") = "FootballCatch.Stats.Migrations", "stats\src\FootballCatch.Stats.Migrations\FootballCatch.Stats.Migrations.csproj", "{61178A56-E9C0-4ADF-B329-8173D3F24B51}"
EndProject
Project("{2150E333-8FDC-42A3-9474-1A3956D46DE8}") = "tests", "tests", "{263194B8-FA24-3D1C-5B63-79CB7C5150E3}"
EndProject
Project("{FAE04EC0-301F-11D3-BF4B-00C04F79EFBC}") = "FootballCatch.Stats.IntegrationTests", "stats\tests\FootballCatch.Stats.IntegrationTests\FootballCatch.Stats.IntegrationTests.csproj", "{D176F814-322D-4995-A8C4-0A964A577AD9}"
EndProject
Project("{FAE04EC0-301F-11D3-BF4B-00C04F79EFBC}") = "FootballCatch.Stats.Tests.Infrastructure", "stats\tests\FootballCatch.Stats.Tests.Infrastructure\FootballCatch.Stats.Tests.Infrastructure.csproj", "{3EBF9905-6D66-4112-85A4-9CF9BD901E13}"
EndProject
Project("{FAE04EC0-301F-11D3-BF4B-00C04F79EFBC}") = "FootballCatch.Stats.UnitTests", "stats\tests\FootballCatch.Stats.UnitTests\FootballCatch.Stats.UnitTests.csproj", "{A1C8B15B-0552-41A4-8FCB-A3687E13E3C5}"
EndProject
Project("{2150E333-8FDC-42A3-9474-1A3956D46DE8}") = "user-profile", "user-profile", "{EFF5811A-4251-EA7D-D1FE-643A457810E2}"
EndProject
Project("{2150E333-8FDC-42A3-9474-1A3956D46DE8}") = "src", "src", "{B83B5E00-1A17-1556-E2B1-086421A61E58}"
EndProject
Project("{FAE04EC0-301F-11D3-BF4B-00C04F79EFBC}") = "FootballCatch.UserProfile.Api", "user-profile\src\FootballCatch.UserProfile.Api\FootballCatch.UserProfile.Api.csproj", "{870498F0-68E3-4D67-978C-DD0EC0855429}"
EndProject
Project("{FAE04EC0-301F-11D3-BF4B-00C04F79EFBC}") = "FootballCatch.UserProfile.Infrastructure", "user-profile\src\FootballCatch.UserProfile.Infrastructure\FootballCatch.UserProfile.Infrastructure.csproj", "{B86A9AA0-8BA9-447A-B6F1-752CCF1CCB88}"
EndProject
Project("{FAE04EC0-301F-11D3-BF4B-00C04F79EFBC}") = "FootballCatch.UserProfile.Application", "user-profile\src\FootballCatch.UserProfile.Application\FootballCatch.UserProfile.Application.csproj", "{6B9A3D1C-2654-4F5F-B361-7932C64F5770}"
EndProject
Project("{FAE04EC0-301F-11D3-BF4B-00C04F79EFBC}") = "FootballCatch.UserProfile.Domain", "user-profile\src\FootballCatch.UserProfile.Domain\FootballCatch.UserProfile.Domain.csproj", "{07208097-5883-4C3E-89D0-D2356765613D}"
EndProject
Project("{FAE04EC0-301F-11D3-BF4B-00C04F79EFBC}") = "FootballCatch.UserProfile.Migrations", "user-profile\src\FootballCatch.UserProfile.Migrations\FootballCatch.UserProfile.Migrations.csproj", "{86ABD6A0-D8C3-4A10-8BCE-E601A261BB0F}"
EndProject
Project("{2150E333-8FDC-42A3-9474-1A3956D46DE8}") = "tests", "tests", "{7F932D5E-134A-EB48-D8B1-EB6C7E0444A2}"
EndProject
Project("{FAE04EC0-301F-11D3-BF4B-00C04F79EFBC}") = "FootballCatch.UserProfile.IntegrationTests", "user-profile\tests\FootballCatch.UserProfile.IntegrationTests\FootballCatch.UserProfile.IntegrationTests.csproj", "{43CD4E58-EA2B-4CBD-9BBB-98058BD4727E}"
EndProject
Project("{FAE04EC0-301F-11D3-BF4B-00C04F79EFBC}") = "FootballCatch.UserProfile.Tests.Infrastructure", "user-profile\tests\FootballCatch.UserProfile.Tests.Infrastructure\FootballCatch.UserProfile.Tests.Infrastructure.csproj", "{2F1E5E23-7923-457C-B997-8EBC18614959}"
EndProject
Project("{FAE04EC0-301F-11D3-BF4B-00C04F79EFBC}") = "FootballCatch.UserProfile.UnitTests", "user-profile\tests\FootballCatch.UserProfile.UnitTests\FootballCatch.UserProfile.UnitTests.csproj", "{DE7C7E1C-5109-4A5D-813C-87D041944B2A}"
EndProject
Global
	GlobalSection(SolutionConfigurationPlatforms) = preSolution
		Debug|Any CPU = Debug|Any CPU
		Debug|x64 = Debug|x64
		Debug|x86 = Debug|x86
		Release|Any CPU = Release|Any CPU
		Release|x64 = Release|x64
		Release|x86 = Release|x86
	EndGlobalSection
	GlobalSection(ProjectConfigurationPlatforms) = postSolution
		{09A9E3F5-8161-41C4-9052-8C75A6B5DE3A}.Debug|Any CPU.ActiveCfg = Debug|Any CPU
		{09A9E3F5-8161-41C4-9052-8C75A6B5DE3A}.Debug|Any CPU.Build.0 = Debug|Any CPU
		{09A9E3F5-8161-41C4-9052-8C75A6B5DE3A}.Debug|x64.ActiveCfg = Debug|Any CPU
		{09A9E3F5-8161-41C4-9052-8C75A6B5DE3A}.Debug|x64.Build.0 = Debug|Any CPU
		{09A9E3F5-8161-41C4-9052-8C75A6B5DE3A}.Debug|x86.ActiveCfg = Debug|Any CPU
		{09A9E3F5-8161-41C4-9052-8C75A6B5DE3A}.Debug|x86.Build.0 = Debug|Any CPU
		{09A9E3F5-8161-41C4-9052-8C75A6B5DE3A}.Release|Any CPU.ActiveCfg = Release|Any CPU
		{09A9E3F5-8161-41C4-9052-8C75A6B5DE3A}.Release|Any CPU.Build.0 = Release|Any CPU
		{09A9E3F5-8161-41C4-9052-8C75A6B5DE3A}.Release|x64.ActiveCfg = Release|Any CPU
		{09A9E3F5-8161-41C4-9052-8C75A6B5DE3A}.Release|x64.Build.0 = Release|Any CPU
		{09A9E3F5-8161-41C4-9052-8C75A6B5DE3A}.Release|x86.ActiveCfg = Release|Any CPU
		{09A9E3F5-8161-41C4-9052-8C75A6B5DE3A}.Release|x86.Build.0 = Release|Any CPU
		{9098CA66-B7C1-40EA-9F57-B729893B0226}.Debug|Any CPU.ActiveCfg = Debug|Any CPU
		{9098CA66-B7C1-40EA-9F57-B729893B0226}.Debug|Any CPU.Build.0 = Debug|Any CPU
		{9098CA66-B7C1-40EA-9F57-B729893B0226}.Debug|x64.ActiveCfg = Debug|Any CPU
		{9098CA66-B7C1-40EA-9F57-B729893B0226}.Debug|x64.Build.0 = Debug|Any CPU
		{9098CA66-B7C1-40EA-9F57-B729893B0226}.Debug|x86.ActiveCfg = Debug|Any CPU
		{9098CA66-B7C1-40EA-9F57-B729893B0226}.Debug|x86.Build.0 = Debug|Any CPU
		{9098CA66-B7C1-40EA-9F57-B729893B0226}.Release|Any CPU.ActiveCfg = Release|Any CPU
		{9098CA66-B7C1-40EA-9F57-B729893B0226}.Release|Any CPU.Build.0 = Release|Any CPU
		{9098CA66-B7C1-40EA-9F57-B729893B0226}.Release|x64.ActiveCfg = Release|Any CPU
		{9098CA66-B7C1-40EA-9F57-B729893B0226}.Release|x64.Build.0 = Release|Any CPU
		{9098CA66-B7C1-40EA-9F57-B729893B0226}.Release|x86.ActiveCfg = Release|Any CPU
		{9098CA66-B7C1-40EA-9F57-B729893B0226}.Release|x86.Build.0 = Release|Any CPU
		{386DD515-909A-4093-958F-AEFF62ED1E11}.Debug|Any CPU.ActiveCfg = Debug|Any CPU
		{386DD515-909A-4093-958F-AEFF62ED1E11}.Debug|Any CPU.Build.0 = Debug|Any CPU
		{386DD515-909A-4093-958F-AEFF62ED1E11}.Debug|x64.ActiveCfg = Debug|Any CPU
		{386DD515-909A-4093-958F-AEFF62ED1E11}.Debug|x64.Build.0 = Debug|Any CPU
		{386DD515-909A-4093-958F-AEFF62ED1E11}.Debug|x86.ActiveCfg = Debug|Any CPU
		{386DD515-909A-4093-958F-AEFF62ED1E11}.Debug|x86.Build.0 = Debug|Any CPU
		{386DD515-909A-4093-958F-AEFF62ED1E11}.Release|Any CPU.ActiveCfg = Release|Any CPU
		{386DD515-909A-4093-958F-AEFF62ED1E11}.Release|Any CPU.Build.0 = Release|Any CPU
		{386DD515-909A-4093-958F-AEFF62ED1E11}.Release|x64.ActiveCfg = Release|Any CPU
		{386DD515-909A-4093-958F-AEFF62ED1E11}.Release|x64.Build.0 = Release|Any CPU
		{386DD515-909A-4093-958F-AEFF62ED1E11}.Release|x86.ActiveCfg = Release|Any CPU
		{386DD515-909A-4093-958F-AEFF62ED1E11}.Release|x86.Build.0 = Release|Any CPU
		{9A4D914E-920B-4418-BA27-5C285D31DF33}.Debug|Any CPU.ActiveCfg = Debug|Any CPU
		{9A4D914E-920B-4418-BA27-5C285D31DF33}.Debug|Any CPU.Build.0 = Debug|Any CPU
		{9A4D914E-920B-4418-BA27-5C285D31DF33}.Debug|x64.ActiveCfg = Debug|Any CPU
		{9A4D914E-920B-4418-BA27-5C285D31DF33}.Debug|x64.Build.0 = Debug|Any CPU
		{9A4D914E-920B-4418-BA27-5C285D31DF33}.Debug|x86.ActiveCfg = Debug|Any CPU
		{9A4D914E-920B-4418-BA27-5C285D31DF33}.Debug|x86.Build.0 = Debug|Any CPU
		{9A4D914E-920B-4418-BA27-5C285D31DF33}.Release|Any CPU.ActiveCfg = Release|Any CPU
		{9A4D914E-920B-4418-BA27-5C285D31DF33}.Release|Any CPU.Build.0 = Release|Any CPU
		{9A4D914E-920B-4418-BA27-5C285D31DF33}.Release|x64.ActiveCfg = Release|Any CPU
		{9A4D914E-920B-4418-BA27-5C285D31DF33}.Release|x64.Build.0 = Release|Any CPU
		{9A4D914E-920B-4418-BA27-5C285D31DF33}.Release|x86.ActiveCfg = Release|Any CPU
		{9A4D914E-920B-4418-BA27-5C285D31DF33}.Release|x86.Build.0 = Release|Any CPU
		{81EA3F93-C322-4AEB-9B4C-635C6B005668}.Debug|Any CPU.ActiveCfg = Debug|Any CPU
		{81EA3F93-C322-4AEB-9B4C-635C6B005668}.Debug|Any CPU.Build.0 = Debug|Any CPU
		{81EA3F93-C322-4AEB-9B4C-635C6B005668}.Debug|x64.ActiveCfg = Debug|Any CPU
		{81EA3F93-C322-4AEB-9B4C-635C6B005668}.Debug|x64.Build.0 = Debug|Any CPU
		{81EA3F93-C322-4AEB-9B4C-635C6B005668}.Debug|x86.ActiveCfg = Debug|Any CPU
		{81EA3F93-C322-4AEB-9B4C-635C6B005668}.Debug|x86.Build.0 = Debug|Any CPU
		{81EA3F93-C322-4AEB-9B4C-635C6B005668}.Release|Any CPU.ActiveCfg = Release|Any CPU
		{81EA3F93-C322-4AEB-9B4C-635C6B005668}.Release|Any CPU.Build.0 = Release|Any CPU
		{81EA3F93-C322-4AEB-9B4C-635C6B005668}.Release|x64.ActiveCfg = Release|Any CPU
		{81EA3F93-C322-4AEB-9B4C-635C6B005668}.Release|x64.Build.0 = Release|Any CPU
		{81EA3F93-C322-4AEB-9B4C-635C6B005668}.Release|x86.ActiveCfg = Release|Any CPU
		{81EA3F93-C322-4AEB-9B4C-635C6B005668}.Release|x86.Build.0 = Release|Any CPU
		{3237CAA0-501D-4BFB-8A8D-5BE849A7B5BD}.Debug|Any CPU.ActiveCfg = Debug|Any CPU
		{3237CAA0-501D-4BFB-8A8D-5BE849A7B5BD}.Debug|Any CPU.Build.0 = Debug|Any CPU
		{3237CAA0-501D-4BFB-8A8D-5BE849A7B5BD}.Debug|x64.ActiveCfg = Debug|Any CPU
		{3237CAA0-501D-4BFB-8A8D-5BE849A7B5BD}.Debug|x64.Build.0 = Debug|Any CPU
		{3237CAA0-501D-4BFB-8A8D-5BE849A7B5BD}.Debug|x86.ActiveCfg = Debug|Any CPU
		{3237CAA0-501D-4BFB-8A8D-5BE849A7B5BD}.Debug|x86.Build.0 = Debug|Any CPU
		{3237CAA0-501D-4BFB-8A8D-5BE849A7B5BD}.Release|Any CPU.ActiveCfg = Release|Any CPU
		{3237CAA0-501D-4BFB-8A8D-5BE849A7B5BD}.Release|Any CPU.Build.0 = Release|Any CPU
		{3237CAA0-501D-4BFB-8A8D-5BE849A7B5BD}.Release|x64.ActiveCfg = Release|Any CPU
		{3237CAA0-501D-4BFB-8A8D-5BE849A7B5BD}.Release|x64.Build.0 = Release|Any CPU
		{3237CAA0-501D-4BFB-8A8D-5BE849A7B5BD}.Release|x86.ActiveCfg = Release|Any CPU
		{3237CAA0-501D-4BFB-8A8D-5BE849A7B5BD}.Release|x86.Build.0 = Release|Any CPU
		{3CFD57EF-5880-4159-B932-92F46119DD9E}.Debug|Any CPU.ActiveCfg = Debug|Any CPU
		{3CFD57EF-5880-4159-B932-92F46119DD9E}.Debug|Any CPU.Build.0 = Debug|Any CPU
		{3CFD57EF-5880-4159-B932-92F46119DD9E}.Debug|x64.ActiveCfg = Debug|Any CPU
		{3CFD57EF-5880-4159-B932-92F46119DD9E}.Debug|x64.Build.0 = Debug|Any CPU
		{3CFD57EF-5880-4159-B932-92F46119DD9E}.Debug|x86.ActiveCfg = Debug|Any CPU
		{3CFD57EF-5880-4159-B932-92F46119DD9E}.Debug|x86.Build.0 = Debug|Any CPU
		{3CFD57EF-5880-4159-B932-92F46119DD9E}.Release|Any CPU.ActiveCfg = Release|Any CPU
		{3CFD57EF-5880-4159-B932-92F46119DD9E}.Release|Any CPU.Build.0 = Release|Any CPU
		{3CFD57EF-5880-4159-B932-92F46119DD9E}.Release|x64.ActiveCfg = Release|Any CPU
		{3CFD57EF-5880-4159-B932-92F46119DD9E}.Release|x64.Build.0 = Release|Any CPU
		{3CFD57EF-5880-4159-B932-92F46119DD9E}.Release|x86.ActiveCfg = Release|Any CPU
		{3CFD57EF-5880-4159-B932-92F46119DD9E}.Release|x86.Build.0 = Release|Any CPU
		{A3D98FE9-4357-464D-AF75-B7C7E18C2B6B}.Debug|Any CPU.ActiveCfg = Debug|Any CPU
		{A3D98FE9-4357-464D-AF75-B7C7E18C2B6B}.Debug|Any CPU.Build.0 = Debug|Any CPU
		{A3D98FE9-4357-464D-AF75-B7C7E18C2B6B}.Debug|x64.ActiveCfg = Debug|Any CPU
		{A3D98FE9-4357-464D-AF75-B7C7E18C2B6B}.Debug|x64.Build.0 = Debug|Any CPU
		{A3D98FE9-4357-464D-AF75-B7C7E18C2B6B}.Debug|x86.ActiveCfg = Debug|Any CPU
		{A3D98FE9-4357-464D-AF75-B7C7E18C2B6B}.Debug|x86.Build.0 = Debug|Any CPU
		{A3D98FE9-4357-464D-AF75-B7C7E18C2B6B}.Release|Any CPU.ActiveCfg = Release|Any CPU
		{A3D98FE9-4357-464D-AF75-B7C7E18C2B6B}.Release|Any CPU.Build.0 = Release|Any CPU
		{A3D98FE9-4357-464D-AF75-B7C7E18C2B6B}.Release|x64.ActiveCfg = Release|Any CPU
		{A3D98FE9-4357-464D-AF75-B7C7E18C2B6B}.Release|x64.Build.0 = Release|Any CPU
		{A3D98FE9-4357-464D-AF75-B7C7E18C2B6B}.Release|x86.ActiveCfg = Release|Any CPU
		{A3D98FE9-4357-464D-AF75-B7C7E18C2B6B}.Release|x86.Build.0 = Release|Any CPU
		{4D2942DA-0B09-4E11-9E00-B1D23A3DC995}.Debug|Any CPU.ActiveCfg = Debug|Any CPU
		{4D2942DA-0B09-4E11-9E00-B1D23A3DC995}.Debug|Any CPU.Build.0 = Debug|Any CPU
		{4D2942DA-0B09-4E11-9E00-B1D23A3DC995}.Debug|x64.ActiveCfg = Debug|Any CPU
		{4D2942DA-0B09-4E11-9E00-B1D23A3DC995}.Debug|x64.Build.0 = Debug|Any CPU
		{4D2942DA-0B09-4E11-9E00-B1D23A3DC995}.Debug|x86.ActiveCfg = Debug|Any CPU
		{4D2942DA-0B09-4E11-9E00-B1D23A3DC995}.Debug|x86.Build.0 = Debug|Any CPU
		{4D2942DA-0B09-4E11-9E00-B1D23A3DC995}.Release|Any CPU.ActiveCfg = Release|Any CPU
		{4D2942DA-0B09-4E11-9E00-B1D23A3DC995}.Release|Any CPU.Build.0 = Release|Any CPU
		{4D2942DA-0B09-4E11-9E00-B1D23A3DC995}.Release|x64.ActiveCfg = Release|Any CPU
		{4D2942DA-0B09-4E11-9E00-B1D23A3DC995}.Release|x64.Build.0 = Release|Any CPU
		{4D2942DA-0B09-4E11-9E00-B1D23A3DC995}.Release|x86.ActiveCfg = Release|Any CPU
		{4D2942DA-0B09-4E11-9E00-B1D23A3DC995}.Release|x86.Build.0 = Release|Any CPU
		{E172F8DB-F3E4-415A-B1B4-FB3B6EFCD897}.Debug|Any CPU.ActiveCfg = Debug|Any CPU
		{E172F8DB-F3E4-415A-B1B4-FB3B6EFCD897}.Debug|Any CPU.Build.0 = Debug|Any CPU
		{E172F8DB-F3E4-415A-B1B4-FB3B6EFCD897}.Debug|x64.ActiveCfg = Debug|Any CPU
		{E172F8DB-F3E4-415A-B1B4-FB3B6EFCD897}.Debug|x64.Build.0 = Debug|Any CPU
		{E172F8DB-F3E4-415A-B1B4-FB3B6EFCD897}.Debug|x86.ActiveCfg = Debug|Any CPU
		{E172F8DB-F3E4-415A-B1B4-FB3B6EFCD897}.Debug|x86.Build.0 = Debug|Any CPU
		{E172F8DB-F3E4-415A-B1B4-FB3B6EFCD897}.Release|Any CPU.ActiveCfg = Release|Any CPU
		{E172F8DB-F3E4-415A-B1B4-FB3B6EFCD897}.Release|Any CPU.Build.0 = Release|Any CPU
		{E172F8DB-F3E4-415A-B1B4-FB3B6EFCD897}.Release|x64.ActiveCfg = Release|Any CPU
		{E172F8DB-F3E4-415A-B1B4-FB3B6EFCD897}.Release|x64.Build.0 = Release|Any CPU
		{E172F8DB-F3E4-415A-B1B4-FB3B6EFCD897}.Release|x86.ActiveCfg = Release|Any CPU
		{E172F8DB-F3E4-415A-B1B4-FB3B6EFCD897}.Release|x86.Build.0 = Release|Any CPU
		{CCD1486B-E573-4C85-9B1C-D2E68D07528F}.Debug|Any CPU.ActiveCfg = Debug|Any CPU
		{CCD1486B-E573-4C85-9B1C-D2E68D07528F}.Debug|Any CPU.Build.0 = Debug|Any CPU
		{CCD1486B-E573-4C85-9B1C-D2E68D07528F}.Debug|x64.ActiveCfg = Debug|Any CPU
		{CCD1486B-E573-4C85-9B1C-D2E68D07528F}.Debug|x64.Build.0 = Debug|Any CPU
		{CCD1486B-E573-4C85-9B1C-D2E68D07528F}.Debug|x86.ActiveCfg = Debug|Any CPU
		{CCD1486B-E573-4C85-9B1C-D2E68D07528F}.Debug|x86.Build.0 = Debug|Any CPU
		{CCD1486B-E573-4C85-9B1C-D2E68D07528F}.Release|Any CPU.ActiveCfg = Release|Any CPU
		{CCD1486B-E573-4C85-9B1C-D2E68D07528F}.Release|Any CPU.Build.0 = Release|Any CPU
		{CCD1486B-E573-4C85-9B1C-D2E68D07528F}.Release|x64.ActiveCfg = Release|Any CPU
		{CCD1486B-E573-4C85-9B1C-D2E68D07528F}.Release|x64.Build.0 = Release|Any CPU
		{CCD1486B-E573-4C85-9B1C-D2E68D07528F}.Release|x86.ActiveCfg = Release|Any CPU
		{CCD1486B-E573-4C85-9B1C-D2E68D07528F}.Release|x86.Build.0 = Release|Any CPU
		{DF798C3F-9DD0-48AB-B579-C61B1EFADB41}.Debug|Any CPU.ActiveCfg = Debug|Any CPU
		{DF798C3F-9DD0-48AB-B579-C61B1EFADB41}.Debug|Any CPU.Build.0 = Debug|Any CPU
		{DF798C3F-9DD0-48AB-B579-C61B1EFADB41}.Debug|x64.ActiveCfg = Debug|Any CPU
		{DF798C3F-9DD0-48AB-B579-C61B1EFADB41}.Debug|x64.Build.0 = Debug|Any CPU
		{DF798C3F-9DD0-48AB-B579-C61B1EFADB41}.Debug|x86.ActiveCfg = Debug|Any CPU
		{DF798C3F-9DD0-48AB-B579-C61B1EFADB41}.Debug|x86.Build.0 = Debug|Any CPU
		{DF798C3F-9DD0-48AB-B579-C61B1EFADB41}.Release|Any CPU.ActiveCfg = Release|Any CPU
		{DF798C3F-9DD0-48AB-B579-C61B1EFADB41}.Release|Any CPU.Build.0 = Release|Any CPU
		{DF798C3F-9DD0-48AB-B579-C61B1EFADB41}.Release|x64.ActiveCfg = Release|Any CPU
		{DF798C3F-9DD0-48AB-B579-C61B1EFADB41}.Release|x64.Build.0 = Release|Any CPU
		{DF798C3F-9DD0-48AB-B579-C61B1EFADB41}.Release|x86.ActiveCfg = Release|Any CPU
		{DF798C3F-9DD0-48AB-B579-C61B1EFADB41}.Release|x86.Build.0 = Release|Any CPU
		{E55AA44C-4185-4434-897E-F5D389D05D37}.Debug|Any CPU.ActiveCfg = Debug|Any CPU
		{E55AA44C-4185-4434-897E-F5D389D05D37}.Debug|Any CPU.Build.0 = Debug|Any CPU
		{E55AA44C-4185-4434-897E-F5D389D05D37}.Debug|x64.ActiveCfg = Debug|Any CPU
		{E55AA44C-4185-4434-897E-F5D389D05D37}.Debug|x64.Build.0 = Debug|Any CPU
		{E55AA44C-4185-4434-897E-F5D389D05D37}.Debug|x86.ActiveCfg = Debug|Any CPU
		{E55AA44C-4185-4434-897E-F5D389D05D37}.Debug|x86.Build.0 = Debug|Any CPU
		{E55AA44C-4185-4434-897E-F5D389D05D37}.Release|Any CPU.ActiveCfg = Release|Any CPU
		{E55AA44C-4185-4434-897E-F5D389D05D37}.Release|Any CPU.Build.0 = Release|Any CPU
		{E55AA44C-4185-4434-897E-F5D389D05D37}.Release|x64.ActiveCfg = Release|Any CPU
		{E55AA44C-4185-4434-897E-F5D389D05D37}.Release|x64.Build.0 = Release|Any CPU
		{E55AA44C-4185-4434-897E-F5D389D05D37}.Release|x86.ActiveCfg = Release|Any CPU
		{E55AA44C-4185-4434-897E-F5D389D05D37}.Release|x86.Build.0 = Release|Any CPU
		{FFEBB9EB-A2F1-4618-A130-F710D8303E6A}.Debug|Any CPU.ActiveCfg = Debug|Any CPU
		{FFEBB9EB-A2F1-4618-A130-F710D8303E6A}.Debug|Any CPU.Build.0 = Debug|Any CPU
		{FFEBB9EB-A2F1-4618-A130-F710D8303E6A}.Debug|x64.ActiveCfg = Debug|Any CPU
		{FFEBB9EB-A2F1-4618-A130-F710D8303E6A}.Debug|x64.Build.0 = Debug|Any CPU
		{FFEBB9EB-A2F1-4618-A130-F710D8303E6A}.Debug|x86.ActiveCfg = Debug|Any CPU
		{FFEBB9EB-A2F1-4618-A130-F710D8303E6A}.Debug|x86.Build.0 = Debug|Any CPU
		{FFEBB9EB-A2F1-4618-A130-F710D8303E6A}.Release|Any CPU.ActiveCfg = Release|Any CPU
		{FFEBB9EB-A2F1-4618-A130-F710D8303E6A}.Release|Any CPU.Build.0 = Release|Any CPU
		{FFEBB9EB-A2F1-4618-A130-F710D8303E6A}.Release|x64.ActiveCfg = Release|Any CPU
		{FFEBB9EB-A2F1-4618-A130-F710D8303E6A}.Release|x64.Build.0 = Release|Any CPU
		{FFEBB9EB-A2F1-4618-A130-F710D8303E6A}.Release|x86.ActiveCfg = Release|Any CPU
		{FFEBB9EB-A2F1-4618-A130-F710D8303E6A}.Release|x86.Build.0 = Release|Any CPU
		{B2C962C2-B6F1-449F-B473-A7E904170FE6}.Debug|Any CPU.ActiveCfg = Debug|Any CPU
		{B2C962C2-B6F1-449F-B473-A7E904170FE6}.Debug|Any CPU.Build.0 = Debug|Any CPU
		{B2C962C2-B6F1-449F-B473-A7E904170FE6}.Debug|x64.ActiveCfg = Debug|Any CPU
		{B2C962C2-B6F1-449F-B473-A7E904170FE6}.Debug|x64.Build.0 = Debug|Any CPU
		{B2C962C2-B6F1-449F-B473-A7E904170FE6}.Debug|x86.ActiveCfg = Debug|Any CPU
		{B2C962C2-B6F1-449F-B473-A7E904170FE6}.Debug|x86.Build.0 = Debug|Any CPU
		{B2C962C2-B6F1-449F-B473-A7E904170FE6}.Release|Any CPU.ActiveCfg = Release|Any CPU
		{B2C962C2-B6F1-449F-B473-A7E904170FE6}.Release|Any CPU.Build.0 = Release|Any CPU
		{B2C962C2-B6F1-449F-B473-A7E904170FE6}.Release|x64.ActiveCfg = Release|Any CPU
		{B2C962C2-B6F1-449F-B473-A7E904170FE6}.Release|x64.Build.0 = Release|Any CPU
		{B2C962C2-B6F1-449F-B473-A7E904170FE6}.Release|x86.ActiveCfg = Release|Any CPU
		{B2C962C2-B6F1-449F-B473-A7E904170FE6}.Release|x86.Build.0 = Release|Any CPU
		{90F30FE5-CF3C-4004-8895-8923801A90E7}.Debug|Any CPU.ActiveCfg = Debug|Any CPU
		{90F30FE5-CF3C-4004-8895-8923801A90E7}.Debug|Any CPU.Build.0 = Debug|Any CPU
		{90F30FE5-CF3C-4004-8895-8923801A90E7}.Debug|x64.ActiveCfg = Debug|Any CPU
		{90F30FE5-CF3C-4004-8895-8923801A90E7}.Debug|x64.Build.0 = Debug|Any CPU
		{90F30FE5-CF3C-4004-8895-8923801A90E7}.Debug|x86.ActiveCfg = Debug|Any CPU
		{90F30FE5-CF3C-4004-8895-8923801A90E7}.Debug|x86.Build.0 = Debug|Any CPU
		{90F30FE5-CF3C-4004-8895-8923801A90E7}.Release|Any CPU.ActiveCfg = Release|Any CPU
		{90F30FE5-CF3C-4004-8895-8923801A90E7}.Release|Any CPU.Build.0 = Release|Any CPU
		{90F30FE5-CF3C-4004-8895-8923801A90E7}.Release|x64.ActiveCfg = Release|Any CPU
		{90F30FE5-CF3C-4004-8895-8923801A90E7}.Release|x64.Build.0 = Release|Any CPU
		{90F30FE5-CF3C-4004-8895-8923801A90E7}.Release|x86.ActiveCfg = Release|Any CPU
		{90F30FE5-CF3C-4004-8895-8923801A90E7}.Release|x86.Build.0 = Release|Any CPU
		{31564CAF-9E10-4244-8F66-932002F3B018}.Debug|Any CPU.ActiveCfg = Debug|Any CPU
		{31564CAF-9E10-4244-8F66-932002F3B018}.Debug|Any CPU.Build.0 = Debug|Any CPU
		{31564CAF-9E10-4244-8F66-932002F3B018}.Debug|x64.ActiveCfg = Debug|Any CPU
		{31564CAF-9E10-4244-8F66-932002F3B018}.Debug|x64.Build.0 = Debug|Any CPU
		{31564CAF-9E10-4244-8F66-932002F3B018}.Debug|x86.ActiveCfg = Debug|Any CPU
		{31564CAF-9E10-4244-8F66-932002F3B018}.Debug|x86.Build.0 = Debug|Any CPU
		{31564CAF-9E10-4244-8F66-932002F3B018}.Release|Any CPU.ActiveCfg = Release|Any CPU
		{31564CAF-9E10-4244-8F66-932002F3B018}.Release|Any CPU.Build.0 = Release|Any CPU
		{31564CAF-9E10-4244-8F66-932002F3B018}.Release|x64.ActiveCfg = Release|Any CPU
		{31564CAF-9E10-4244-8F66-932002F3B018}.Release|x64.Build.0 = Release|Any CPU
		{31564CAF-9E10-4244-8F66-932002F3B018}.Release|x86.ActiveCfg = Release|Any CPU
		{31564CAF-9E10-4244-8F66-932002F3B018}.Release|x86.Build.0 = Release|Any CPU
		{C001016C-46DC-4B8F-9BDC-62D3CA63D301}.Debug|Any CPU.ActiveCfg = Debug|Any CPU
		{C001016C-46DC-4B8F-9BDC-62D3CA63D301}.Debug|Any CPU.Build.0 = Debug|Any CPU
		{C001016C-46DC-4B8F-9BDC-62D3CA63D301}.Debug|x64.ActiveCfg = Debug|Any CPU
		{C001016C-46DC-4B8F-9BDC-62D3CA63D301}.Debug|x64.Build.0 = Debug|Any CPU
		{C001016C-46DC-4B8F-9BDC-62D3CA63D301}.Debug|x86.ActiveCfg = Debug|Any CPU
		{C001016C-46DC-4B8F-9BDC-62D3CA63D301}.Debug|x86.Build.0 = Debug|Any CPU
		{C001016C-46DC-4B8F-9BDC-62D3CA63D301}.Release|Any CPU.ActiveCfg = Release|Any CPU
		{C001016C-46DC-4B8F-9BDC-62D3CA63D301}.Release|Any CPU.Build.0 = Release|Any CPU
		{C001016C-46DC-4B8F-9BDC-62D3CA63D301}.Release|x64.ActiveCfg = Release|Any CPU
		{C001016C-46DC-4B8F-9BDC-62D3CA63D301}.Release|x64.Build.0 = Release|Any CPU
		{C001016C-46DC-4B8F-9BDC-62D3CA63D301}.Release|x86.ActiveCfg = Release|Any CPU
		{C001016C-46DC-4B8F-9BDC-62D3CA63D301}.Release|x86.Build.0 = Release|Any CPU
		{61AFA2BF-438D-4A37-8EE1-5ED48F3323B4}.Debug|Any CPU.ActiveCfg = Debug|Any CPU
		{61AFA2BF-438D-4A37-8EE1-5ED48F3323B4}.Debug|Any CPU.Build.0 = Debug|Any CPU
		{61AFA2BF-438D-4A37-8EE1-5ED48F3323B4}.Debug|x64.ActiveCfg = Debug|Any CPU
		{61AFA2BF-438D-4A37-8EE1-5ED48F3323B4}.Debug|x64.Build.0 = Debug|Any CPU
		{61AFA2BF-438D-4A37-8EE1-5ED48F3323B4}.Debug|x86.ActiveCfg = Debug|Any CPU
		{61AFA2BF-438D-4A37-8EE1-5ED48F3323B4}.Debug|x86.Build.0 = Debug|Any CPU
		{61AFA2BF-438D-4A37-8EE1-5ED48F3323B4}.Release|Any CPU.ActiveCfg = Release|Any CPU
		{61AFA2BF-438D-4A37-8EE1-5ED48F3323B4}.Release|Any CPU.Build.0 = Release|Any CPU
		{61AFA2BF-438D-4A37-8EE1-5ED48F3323B4}.Release|x64.ActiveCfg = Release|Any CPU
		{61AFA2BF-438D-4A37-8EE1-5ED48F3323B4}.Release|x64.Build.0 = Release|Any CPU
		{61AFA2BF-438D-4A37-8EE1-5ED48F3323B4}.Release|x86.ActiveCfg = Release|Any CPU
		{61AFA2BF-438D-4A37-8EE1-5ED48F3323B4}.Release|x86.Build.0 = Release|Any CPU
		{F6245F8C-7FED-4DD7-B08E-176F313B9F38}.Debug|Any CPU.ActiveCfg = Debug|Any CPU
		{F6245F8C-7FED-4DD7-B08E-176F313B9F38}.Debug|Any CPU.Build.0 = Debug|Any CPU
		{F6245F8C-7FED-4DD7-B08E-176F313B9F38}.Debug|x64.ActiveCfg = Debug|Any CPU
		{F6245F8C-7FED-4DD7-B08E-176F313B9F38}.Debug|x64.Build.0 = Debug|Any CPU
		{F6245F8C-7FED-4DD7-B08E-176F313B9F38}.Debug|x86.ActiveCfg = Debug|Any CPU
		{F6245F8C-7FED-4DD7-B08E-176F313B9F38}.Debug|x86.Build.0 = Debug|Any CPU
		{F6245F8C-7FED-4DD7-B08E-176F313B9F38}.Release|Any CPU.ActiveCfg = Release|Any CPU
		{F6245F8C-7FED-4DD7-B08E-176F313B9F38}.Release|Any CPU.Build.0 = Release|Any CPU
		{F6245F8C-7FED-4DD7-B08E-176F313B9F38}.Release|x64.ActiveCfg = Release|Any CPU
		{F6245F8C-7FED-4DD7-B08E-176F313B9F38}.Release|x64.Build.0 = Release|Any CPU
		{F6245F8C-7FED-4DD7-B08E-176F313B9F38}.Release|x86.ActiveCfg = Release|Any CPU
		{F6245F8C-7FED-4DD7-B08E-176F313B9F38}.Release|x86.Build.0 = Release|Any CPU
		{E6ECADB9-951D-497B-8B51-293745D07F57}.Debug|Any CPU.ActiveCfg = Debug|Any CPU
		{E6ECADB9-951D-497B-8B51-293745D07F57}.Debug|Any CPU.Build.0 = Debug|Any CPU
		{E6ECADB9-951D-497B-8B51-293745D07F57}.Debug|x64.ActiveCfg = Debug|Any CPU
		{E6ECADB9-951D-497B-8B51-293745D07F57}.Debug|x64.Build.0 = Debug|Any CPU
		{E6ECADB9-951D-497B-8B51-293745D07F57}.Debug|x86.ActiveCfg = Debug|Any CPU
		{E6ECADB9-951D-497B-8B51-293745D07F57}.Debug|x86.Build.0 = Debug|Any CPU
		{E6ECADB9-951D-497B-8B51-293745D07F57}.Release|Any CPU.ActiveCfg = Release|Any CPU
		{E6ECADB9-951D-497B-8B51-293745D07F57}.Release|Any CPU.Build.0 = Release|Any CPU
		{E6ECADB9-951D-497B-8B51-293745D07F57}.Release|x64.ActiveCfg = Release|Any CPU
		{E6ECADB9-951D-497B-8B51-293745D07F57}.Release|x64.Build.0 = Release|Any CPU
		{E6ECADB9-951D-497B-8B51-293745D07F57}.Release|x86.ActiveCfg = Release|Any CPU
		{E6ECADB9-951D-497B-8B51-293745D07F57}.Release|x86.Build.0 = Release|Any CPU
		{821D9E03-B2BE-4FDA-8951-67A25079005A}.Debug|Any CPU.ActiveCfg = Debug|Any CPU
		{821D9E03-B2BE-4FDA-8951-67A25079005A}.Debug|Any CPU.Build.0 = Debug|Any CPU
		{821D9E03-B2BE-4FDA-8951-67A25079005A}.Debug|x64.ActiveCfg = Debug|Any CPU
		{821D9E03-B2BE-4FDA-8951-67A25079005A}.Debug|x64.Build.0 = Debug|Any CPU
		{821D9E03-B2BE-4FDA-8951-67A25079005A}.Debug|x86.ActiveCfg = Debug|Any CPU
		{821D9E03-B2BE-4FDA-8951-67A25079005A}.Debug|x86.Build.0 = Debug|Any CPU
		{821D9E03-B2BE-4FDA-8951-67A25079005A}.Release|Any CPU.ActiveCfg = Release|Any CPU
		{821D9E03-B2BE-4FDA-8951-67A25079005A}.Release|Any CPU.Build.0 = Release|Any CPU
		{821D9E03-B2BE-4FDA-8951-67A25079005A}.Release|x64.ActiveCfg = Release|Any CPU
		{821D9E03-B2BE-4FDA-8951-67A25079005A}.Release|x64.Build.0 = Release|Any CPU
		{821D9E03-B2BE-4FDA-8951-67A25079005A}.Release|x86.ActiveCfg = Release|Any CPU
		{821D9E03-B2BE-4FDA-8951-67A25079005A}.Release|x86.Build.0 = Release|Any CPU
		{A5D84B27-BF00-4324-9D9E-CA1A0B7110A4}.Debug|Any CPU.ActiveCfg = Debug|Any CPU
		{A5D84B27-BF00-4324-9D9E-CA1A0B7110A4}.Debug|Any CPU.Build.0 = Debug|Any CPU
		{A5D84B27-BF00-4324-9D9E-CA1A0B7110A4}.Debug|x64.ActiveCfg = Debug|Any CPU
		{A5D84B27-BF00-4324-9D9E-CA1A0B7110A4}.Debug|x64.Build.0 = Debug|Any CPU
		{A5D84B27-BF00-4324-9D9E-CA1A0B7110A4}.Debug|x86.ActiveCfg = Debug|Any CPU
		{A5D84B27-BF00-4324-9D9E-CA1A0B7110A4}.Debug|x86.Build.0 = Debug|Any CPU
		{A5D84B27-BF00-4324-9D9E-CA1A0B7110A4}.Release|Any CPU.ActiveCfg = Release|Any CPU
		{A5D84B27-BF00-4324-9D9E-CA1A0B7110A4}.Release|Any CPU.Build.0 = Release|Any CPU
		{A5D84B27-BF00-4324-9D9E-CA1A0B7110A4}.Release|x64.ActiveCfg = Release|Any CPU
		{A5D84B27-BF00-4324-9D9E-CA1A0B7110A4}.Release|x64.Build.0 = Release|Any CPU
		{A5D84B27-BF00-4324-9D9E-CA1A0B7110A4}.Release|x86.ActiveCfg = Release|Any CPU
		{A5D84B27-BF00-4324-9D9E-CA1A0B7110A4}.Release|x86.Build.0 = Release|Any CPU
		{CC825484-E670-4927-853C-BD944469D874}.Debug|Any CPU.ActiveCfg = Debug|Any CPU
		{CC825484-E670-4927-853C-BD944469D874}.Debug|Any CPU.Build.0 = Debug|Any CPU
		{CC825484-E670-4927-853C-BD944469D874}.Debug|x64.ActiveCfg = Debug|Any CPU
		{CC825484-E670-4927-853C-BD944469D874}.Debug|x64.Build.0 = Debug|Any CPU
		{CC825484-E670-4927-853C-BD944469D874}.Debug|x86.ActiveCfg = Debug|Any CPU
		{CC825484-E670-4927-853C-BD944469D874}.Debug|x86.Build.0 = Debug|Any CPU
		{CC825484-E670-4927-853C-BD944469D874}.Release|Any CPU.ActiveCfg = Release|Any CPU
		{CC825484-E670-4927-853C-BD944469D874}.Release|Any CPU.Build.0 = Release|Any CPU
		{CC825484-E670-4927-853C-BD944469D874}.Release|x64.ActiveCfg = Release|Any CPU
		{CC825484-E670-4927-853C-BD944469D874}.Release|x64.Build.0 = Release|Any CPU
		{CC825484-E670-4927-853C-BD944469D874}.Release|x86.ActiveCfg = Release|Any CPU
		{CC825484-E670-4927-853C-BD944469D874}.Release|x86.Build.0 = Release|Any CPU
		{DB5865FA-74F7-4468-9AC6-09B3603DB834}.Debug|Any CPU.ActiveCfg = Debug|Any CPU
		{DB5865FA-74F7-4468-9AC6-09B3603DB834}.Debug|Any CPU.Build.0 = Debug|Any CPU
		{DB5865FA-74F7-4468-9AC6-09B3603DB834}.Debug|x64.ActiveCfg = Debug|Any CPU
		{DB5865FA-74F7-4468-9AC6-09B3603DB834}.Debug|x64.Build.0 = Debug|Any CPU
		{DB5865FA-74F7-4468-9AC6-09B3603DB834}.Debug|x86.ActiveCfg = Debug|Any CPU
		{DB5865FA-74F7-4468-9AC6-09B3603DB834}.Debug|x86.Build.0 = Debug|Any CPU
		{DB5865FA-74F7-4468-9AC6-09B3603DB834}.Release|Any CPU.ActiveCfg = Release|Any CPU
		{DB5865FA-74F7-4468-9AC6-09B3603DB834}.Release|Any CPU.Build.0 = Release|Any CPU
		{DB5865FA-74F7-4468-9AC6-09B3603DB834}.Release|x64.ActiveCfg = Release|Any CPU
		{DB5865FA-74F7-4468-9AC6-09B3603DB834}.Release|x64.Build.0 = Release|Any CPU
		{DB5865FA-74F7-4468-9AC6-09B3603DB834}.Release|x86.ActiveCfg = Release|Any CPU
		{DB5865FA-74F7-4468-9AC6-09B3603DB834}.Release|x86.Build.0 = Release|Any CPU
		{F8EE284C-27A3-4C4D-9CE3-EA83B19A9ABC}.Debug|Any CPU.ActiveCfg = Debug|Any CPU
		{F8EE284C-27A3-4C4D-9CE3-EA83B19A9ABC}.Debug|Any CPU.Build.0 = Debug|Any CPU
		{F8EE284C-27A3-4C4D-9CE3-EA83B19A9ABC}.Debug|x64.ActiveCfg = Debug|Any CPU
		{F8EE284C-27A3-4C4D-9CE3-EA83B19A9ABC}.Debug|x64.Build.0 = Debug|Any CPU
		{F8EE284C-27A3-4C4D-9CE3-EA83B19A9ABC}.Debug|x86.ActiveCfg = Debug|Any CPU
		{F8EE284C-27A3-4C4D-9CE3-EA83B19A9ABC}.Debug|x86.Build.0 = Debug|Any CPU
		{F8EE284C-27A3-4C4D-9CE3-EA83B19A9ABC}.Release|Any CPU.ActiveCfg = Release|Any CPU
		{F8EE284C-27A3-4C4D-9CE3-EA83B19A9ABC}.Release|Any CPU.Build.0 = Release|Any CPU
		{F8EE284C-27A3-4C4D-9CE3-EA83B19A9ABC}.Release|x64.ActiveCfg = Release|Any CPU
		{F8EE284C-27A3-4C4D-9CE3-EA83B19A9ABC}.Release|x64.Build.0 = Release|Any CPU
		{F8EE284C-27A3-4C4D-9CE3-EA83B19A9ABC}.Release|x86.ActiveCfg = Release|Any CPU
		{F8EE284C-27A3-4C4D-9CE3-EA83B19A9ABC}.Release|x86.Build.0 = Release|Any CPU
		{1057CE16-C10E-4F8D-B19A-1B9CEA70C2AC}.Debug|Any CPU.ActiveCfg = Debug|Any CPU
		{1057CE16-C10E-4F8D-B19A-1B9CEA70C2AC}.Debug|Any CPU.Build.0 = Debug|Any CPU
		{1057CE16-C10E-4F8D-B19A-1B9CEA70C2AC}.Debug|x64.ActiveCfg = Debug|Any CPU
		{1057CE16-C10E-4F8D-B19A-1B9CEA70C2AC}.Debug|x64.Build.0 = Debug|Any CPU
		{1057CE16-C10E-4F8D-B19A-1B9CEA70C2AC}.Debug|x86.ActiveCfg = Debug|Any CPU
		{1057CE16-C10E-4F8D-B19A-1B9CEA70C2AC}.Debug|x86.Build.0 = Debug|Any CPU
		{1057CE16-C10E-4F8D-B19A-1B9CEA70C2AC}.Release|Any CPU.ActiveCfg = Release|Any CPU
		{1057CE16-C10E-4F8D-B19A-1B9CEA70C2AC}.Release|Any CPU.Build.0 = Release|Any CPU
		{1057CE16-C10E-4F8D-B19A-1B9CEA70C2AC}.Release|x64.ActiveCfg = Release|Any CPU
		{1057CE16-C10E-4F8D-B19A-1B9CEA70C2AC}.Release|x64.Build.0 = Release|Any CPU
		{1057CE16-C10E-4F8D-B19A-1B9CEA70C2AC}.Release|x86.ActiveCfg = Release|Any CPU
		{1057CE16-C10E-4F8D-B19A-1B9CEA70C2AC}.Release|x86.Build.0 = Release|Any CPU
		{971492FA-9EE3-4F09-B12E-276F66E6816F}.Debug|Any CPU.ActiveCfg = Debug|Any CPU
		{971492FA-9EE3-4F09-B12E-276F66E6816F}.Debug|Any CPU.Build.0 = Debug|Any CPU
		{971492FA-9EE3-4F09-B12E-276F66E6816F}.Debug|x64.ActiveCfg = Debug|Any CPU
		{971492FA-9EE3-4F09-B12E-276F66E6816F}.Debug|x64.Build.0 = Debug|Any CPU
		{971492FA-9EE3-4F09-B12E-276F66E6816F}.Debug|x86.ActiveCfg = Debug|Any CPU
		{971492FA-9EE3-4F09-B12E-276F66E6816F}.Debug|x86.Build.0 = Debug|Any CPU
		{971492FA-9EE3-4F09-B12E-276F66E6816F}.Release|Any CPU.ActiveCfg = Release|Any CPU
		{971492FA-9EE3-4F09-B12E-276F66E6816F}.Release|Any CPU.Build.0 = Release|Any CPU
		{971492FA-9EE3-4F09-B12E-276F66E6816F}.Release|x64.ActiveCfg = Release|Any CPU
		{971492FA-9EE3-4F09-B12E-276F66E6816F}.Release|x64.Build.0 = Release|Any CPU
		{971492FA-9EE3-4F09-B12E-276F66E6816F}.Release|x86.ActiveCfg = Release|Any CPU
		{971492FA-9EE3-4F09-B12E-276F66E6816F}.Release|x86.Build.0 = Release|Any CPU
		{987436BA-9482-45D1-91B5-D07290FCBE90}.Debug|Any CPU.ActiveCfg = Debug|Any CPU
		{987436BA-9482-45D1-91B5-D07290FCBE90}.Debug|Any CPU.Build.0 = Debug|Any CPU
		{987436BA-9482-45D1-91B5-D07290FCBE90}.Debug|x64.ActiveCfg = Debug|Any CPU
		{987436BA-9482-45D1-91B5-D07290FCBE90}.Debug|x64.Build.0 = Debug|Any CPU
		{987436BA-9482-45D1-91B5-D07290FCBE90}.Debug|x86.ActiveCfg = Debug|Any CPU
		{987436BA-9482-45D1-91B5-D07290FCBE90}.Debug|x86.Build.0 = Debug|Any CPU
		{987436BA-9482-45D1-91B5-D07290FCBE90}.Release|Any CPU.ActiveCfg = Release|Any CPU
		{987436BA-9482-45D1-91B5-D07290FCBE90}.Release|Any CPU.Build.0 = Release|Any CPU
		{987436BA-9482-45D1-91B5-D07290FCBE90}.Release|x64.ActiveCfg = Release|Any CPU
		{987436BA-9482-45D1-91B5-D07290FCBE90}.Release|x64.Build.0 = Release|Any CPU
		{987436BA-9482-45D1-91B5-D07290FCBE90}.Release|x86.ActiveCfg = Release|Any CPU
		{987436BA-9482-45D1-91B5-D07290FCBE90}.Release|x86.Build.0 = Release|Any CPU
		{33A82C00-262A-4465-8DD5-7DF00BF5D3A8}.Debug|Any CPU.ActiveCfg = Debug|Any CPU
		{33A82C00-262A-4465-8DD5-7DF00BF5D3A8}.Debug|Any CPU.Build.0 = Debug|Any CPU
		{33A82C00-262A-4465-8DD5-7DF00BF5D3A8}.Debug|x64.ActiveCfg = Debug|Any CPU
		{33A82C00-262A-4465-8DD5-7DF00BF5D3A8}.Debug|x64.Build.0 = Debug|Any CPU
		{33A82C00-262A-4465-8DD5-7DF00BF5D3A8}.Debug|x86.ActiveCfg = Debug|Any CPU
		{33A82C00-262A-4465-8DD5-7DF00BF5D3A8}.Debug|x86.Build.0 = Debug|Any CPU
		{33A82C00-262A-4465-8DD5-7DF00BF5D3A8}.Release|Any CPU.ActiveCfg = Release|Any CPU
		{33A82C00-262A-4465-8DD5-7DF00BF5D3A8}.Release|Any CPU.Build.0 = Release|Any CPU
		{33A82C00-262A-4465-8DD5-7DF00BF5D3A8}.Release|x64.ActiveCfg = Release|Any CPU
		{33A82C00-262A-4465-8DD5-7DF00BF5D3A8}.Release|x64.Build.0 = Release|Any CPU
		{33A82C00-262A-4465-8DD5-7DF00BF5D3A8}.Release|x86.ActiveCfg = Release|Any CPU
		{33A82C00-262A-4465-8DD5-7DF00BF5D3A8}.Release|x86.Build.0 = Release|Any CPU
		{08DB25FE-7509-4647-932B-FCB5E906509D}.Debug|Any CPU.ActiveCfg = Debug|Any CPU
		{08DB25FE-7509-4647-932B-FCB5E906509D}.Debug|Any CPU.Build.0 = Debug|Any CPU
		{08DB25FE-7509-4647-932B-FCB5E906509D}.Debug|x64.ActiveCfg = Debug|Any CPU
		{08DB25FE-7509-4647-932B-FCB5E906509D}.Debug|x64.Build.0 = Debug|Any CPU
		{08DB25FE-7509-4647-932B-FCB5E906509D}.Debug|x86.ActiveCfg = Debug|Any CPU
		{08DB25FE-7509-4647-932B-FCB5E906509D}.Debug|x86.Build.0 = Debug|Any CPU
		{08DB25FE-7509-4647-932B-FCB5E906509D}.Release|Any CPU.ActiveCfg = Release|Any CPU
		{08DB25FE-7509-4647-932B-FCB5E906509D}.Release|Any CPU.Build.0 = Release|Any CPU
		{08DB25FE-7509-4647-932B-FCB5E906509D}.Release|x64.ActiveCfg = Release|Any CPU
		{08DB25FE-7509-4647-932B-FCB5E906509D}.Release|x64.Build.0 = Release|Any CPU
		{08DB25FE-7509-4647-932B-FCB5E906509D}.Release|x86.ActiveCfg = Release|Any CPU
		{08DB25FE-7509-4647-932B-FCB5E906509D}.Release|x86.Build.0 = Release|Any CPU
		{E315C423-8C18-45B0-9ED4-7E6944AE03B0}.Debug|Any CPU.ActiveCfg = Debug|Any CPU
		{E315C423-8C18-45B0-9ED4-7E6944AE03B0}.Debug|Any CPU.Build.0 = Debug|Any CPU
		{E315C423-8C18-45B0-9ED4-7E6944AE03B0}.Debug|x64.ActiveCfg = Debug|Any CPU
		{E315C423-8C18-45B0-9ED4-7E6944AE03B0}.Debug|x64.Build.0 = Debug|Any CPU
		{E315C423-8C18-45B0-9ED4-7E6944AE03B0}.Debug|x86.ActiveCfg = Debug|Any CPU
		{E315C423-8C18-45B0-9ED4-7E6944AE03B0}.Debug|x86.Build.0 = Debug|Any CPU
		{E315C423-8C18-45B0-9ED4-7E6944AE03B0}.Release|Any CPU.ActiveCfg = Release|Any CPU
		{E315C423-8C18-45B0-9ED4-7E6944AE03B0}.Release|Any CPU.Build.0 = Release|Any CPU
		{E315C423-8C18-45B0-9ED4-7E6944AE03B0}.Release|x64.ActiveCfg = Release|Any CPU
		{E315C423-8C18-45B0-9ED4-7E6944AE03B0}.Release|x64.Build.0 = Release|Any CPU
		{E315C423-8C18-45B0-9ED4-7E6944AE03B0}.Release|x86.ActiveCfg = Release|Any CPU
		{E315C423-8C18-45B0-9ED4-7E6944AE03B0}.Release|x86.Build.0 = Release|Any CPU
		{1ED94F89-823F-4BB4-8A0B-762AC741544F}.Debug|Any CPU.ActiveCfg = Debug|Any CPU
		{1ED94F89-823F-4BB4-8A0B-762AC741544F}.Debug|Any CPU.Build.0 = Debug|Any CPU
		{1ED94F89-823F-4BB4-8A0B-762AC741544F}.Debug|x64.ActiveCfg = Debug|Any CPU
		{1ED94F89-823F-4BB4-8A0B-762AC741544F}.Debug|x64.Build.0 = Debug|Any CPU
		{1ED94F89-823F-4BB4-8A0B-762AC741544F}.Debug|x86.ActiveCfg = Debug|Any CPU
		{1ED94F89-823F-4BB4-8A0B-762AC741544F}.Debug|x86.Build.0 = Debug|Any CPU
		{1ED94F89-823F-4BB4-8A0B-762AC741544F}.Release|Any CPU.ActiveCfg = Release|Any CPU
		{1ED94F89-823F-4BB4-8A0B-762AC741544F}.Release|Any CPU.Build.0 = Release|Any CPU
		{1ED94F89-823F-4BB4-8A0B-762AC741544F}.Release|x64.ActiveCfg = Release|Any CPU
		{1ED94F89-823F-4BB4-8A0B-762AC741544F}.Release|x64.Build.0 = Release|Any CPU
		{1ED94F89-823F-4BB4-8A0B-762AC741544F}.Release|x86.ActiveCfg = Release|Any CPU
		{1ED94F89-823F-4BB4-8A0B-762AC741544F}.Release|x86.Build.0 = Release|Any CPU
		{EF027ACC-7607-4D30-9D1E-A09CEFC42949}.Debug|Any CPU.ActiveCfg = Debug|Any CPU
		{EF027ACC-7607-4D30-9D1E-A09CEFC42949}.Debug|Any CPU.Build.0 = Debug|Any CPU
		{EF027ACC-7607-4D30-9D1E-A09CEFC42949}.Debug|x64.ActiveCfg = Debug|Any CPU
		{EF027ACC-7607-4D30-9D1E-A09CEFC42949}.Debug|x64.Build.0 = Debug|Any CPU
		{EF027ACC-7607-4D30-9D1E-A09CEFC42949}.Debug|x86.ActiveCfg = Debug|Any CPU
		{EF027ACC-7607-4D30-9D1E-A09CEFC42949}.Debug|x86.Build.0 = Debug|Any CPU
		{EF027ACC-7607-4D30-9D1E-A09CEFC42949}.Release|Any CPU.ActiveCfg = Release|Any CPU
		{EF027ACC-7607-4D30-9D1E-A09CEFC42949}.Release|Any CPU.Build.0 = Release|Any CPU
		{EF027ACC-7607-4D30-9D1E-A09CEFC42949}.Release|x64.ActiveCfg = Release|Any CPU
		{EF027ACC-7607-4D30-9D1E-A09CEFC42949}.Release|x64.Build.0 = Release|Any CPU
		{EF027ACC-7607-4D30-9D1E-A09CEFC42949}.Release|x86.ActiveCfg = Release|Any CPU
		{EF027ACC-7607-4D30-9D1E-A09CEFC42949}.Release|x86.Build.0 = Release|Any CPU
		{C1D19694-8153-412D-BE21-27ECFCFD9BEB}.Debug|Any CPU.ActiveCfg = Debug|Any CPU
		{C1D19694-8153-412D-BE21-27ECFCFD9BEB}.Debug|Any CPU.Build.0 = Debug|Any CPU
		{C1D19694-8153-412D-BE21-27ECFCFD9BEB}.Debug|x64.ActiveCfg = Debug|Any CPU
		{C1D19694-8153-412D-BE21-27ECFCFD9BEB}.Debug|x64.Build.0 = Debug|Any CPU
		{C1D19694-8153-412D-BE21-27ECFCFD9BEB}.Debug|x86.ActiveCfg = Debug|Any CPU
		{C1D19694-8153-412D-BE21-27ECFCFD9BEB}.Debug|x86.Build.0 = Debug|Any CPU
		{C1D19694-8153-412D-BE21-27ECFCFD9BEB}.Release|Any CPU.ActiveCfg = Release|Any CPU
		{C1D19694-8153-412D-BE21-27ECFCFD9BEB}.Release|Any CPU.Build.0 = Release|Any CPU
		{C1D19694-8153-412D-BE21-27ECFCFD9BEB}.Release|x64.ActiveCfg = Release|Any CPU
		{C1D19694-8153-412D-BE21-27ECFCFD9BEB}.Release|x64.Build.0 = Release|Any CPU
		{C1D19694-8153-412D-BE21-27ECFCFD9BEB}.Release|x86.ActiveCfg = Release|Any CPU
		{C1D19694-8153-412D-BE21-27ECFCFD9BEB}.Release|x86.Build.0 = Release|Any CPU
		{AC186FD5-9B89-4640-A831-5263E927326E}.Debug|Any CPU.ActiveCfg = Debug|Any CPU
		{AC186FD5-9B89-4640-A831-5263E927326E}.Debug|Any CPU.Build.0 = Debug|Any CPU
		{AC186FD5-9B89-4640-A831-5263E927326E}.Debug|x64.ActiveCfg = Debug|Any CPU
		{AC186FD5-9B89-4640-A831-5263E927326E}.Debug|x64.Build.0 = Debug|Any CPU
		{AC186FD5-9B89-4640-A831-5263E927326E}.Debug|x86.ActiveCfg = Debug|Any CPU
		{AC186FD5-9B89-4640-A831-5263E927326E}.Debug|x86.Build.0 = Debug|Any CPU
		{AC186FD5-9B89-4640-A831-5263E927326E}.Release|Any CPU.ActiveCfg = Release|Any CPU
		{AC186FD5-9B89-4640-A831-5263E927326E}.Release|Any CPU.Build.0 = Release|Any CPU
		{AC186FD5-9B89-4640-A831-5263E927326E}.Release|x64.ActiveCfg = Release|Any CPU
		{AC186FD5-9B89-4640-A831-5263E927326E}.Release|x64.Build.0 = Release|Any CPU
		{AC186FD5-9B89-4640-A831-5263E927326E}.Release|x86.ActiveCfg = Release|Any CPU
		{AC186FD5-9B89-4640-A831-5263E927326E}.Release|x86.Build.0 = Release|Any CPU
		{FA47AF85-16C9-4748-B815-119A691DEA85}.Debug|Any CPU.ActiveCfg = Debug|Any CPU
		{FA47AF85-16C9-4748-B815-119A691DEA85}.Debug|Any CPU.Build.0 = Debug|Any CPU
		{FA47AF85-16C9-4748-B815-119A691DEA85}.Debug|x64.ActiveCfg = Debug|Any CPU
		{FA47AF85-16C9-4748-B815-119A691DEA85}.Debug|x64.Build.0 = Debug|Any CPU
		{FA47AF85-16C9-4748-B815-119A691DEA85}.Debug|x86.ActiveCfg = Debug|Any CPU
		{FA47AF85-16C9-4748-B815-119A691DEA85}.Debug|x86.Build.0 = Debug|Any CPU
		{FA47AF85-16C9-4748-B815-119A691DEA85}.Release|Any CPU.ActiveCfg = Release|Any CPU
		{FA47AF85-16C9-4748-B815-119A691DEA85}.Release|Any CPU.Build.0 = Release|Any CPU
		{FA47AF85-16C9-4748-B815-119A691DEA85}.Release|x64.ActiveCfg = Release|Any CPU
		{FA47AF85-16C9-4748-B815-119A691DEA85}.Release|x64.Build.0 = Release|Any CPU
		{FA47AF85-16C9-4748-B815-119A691DEA85}.Release|x86.ActiveCfg = Release|Any CPU
		{FA47AF85-16C9-4748-B815-119A691DEA85}.Release|x86.Build.0 = Release|Any CPU
		{4C2BA4B0-6112-485A-A514-4FB30A830A00}.Debug|Any CPU.ActiveCfg = Debug|Any CPU
		{4C2BA4B0-6112-485A-A514-4FB30A830A00}.Debug|Any CPU.Build.0 = Debug|Any CPU
		{4C2BA4B0-6112-485A-A514-4FB30A830A00}.Debug|x64.ActiveCfg = Debug|Any CPU
		{4C2BA4B0-6112-485A-A514-4FB30A830A00}.Debug|x64.Build.0 = Debug|Any CPU
		{4C2BA4B0-6112-485A-A514-4FB30A830A00}.Debug|x86.ActiveCfg = Debug|Any CPU
		{4C2BA4B0-6112-485A-A514-4FB30A830A00}.Debug|x86.Build.0 = Debug|Any CPU
		{4C2BA4B0-6112-485A-A514-4FB30A830A00}.Release|Any CPU.ActiveCfg = Release|Any CPU
		{4C2BA4B0-6112-485A-A514-4FB30A830A00}.Release|Any CPU.Build.0 = Release|Any CPU
		{4C2BA4B0-6112-485A-A514-4FB30A830A00}.Release|x64.ActiveCfg = Release|Any CPU
		{4C2BA4B0-6112-485A-A514-4FB30A830A00}.Release|x64.Build.0 = Release|Any CPU
		{4C2BA4B0-6112-485A-A514-4FB30A830A00}.Release|x86.ActiveCfg = Release|Any CPU
		{4C2BA4B0-6112-485A-A514-4FB30A830A00}.Release|x86.Build.0 = Release|Any CPU
		{60C64198-2B4C-4372-951A-9C2BBEFE1F10}.Debug|Any CPU.ActiveCfg = Debug|Any CPU
		{60C64198-2B4C-4372-951A-9C2BBEFE1F10}.Debug|Any CPU.Build.0 = Debug|Any CPU
		{60C64198-2B4C-4372-951A-9C2BBEFE1F10}.Debug|x64.ActiveCfg = Debug|Any CPU
		{60C64198-2B4C-4372-951A-9C2BBEFE1F10}.Debug|x64.Build.0 = Debug|Any CPU
		{60C64198-2B4C-4372-951A-9C2BBEFE1F10}.Debug|x86.ActiveCfg = Debug|Any CPU
		{60C64198-2B4C-4372-951A-9C2BBEFE1F10}.Debug|x86.Build.0 = Debug|Any CPU
		{60C64198-2B4C-4372-951A-9C2BBEFE1F10}.Release|Any CPU.ActiveCfg = Release|Any CPU
		{60C64198-2B4C-4372-951A-9C2BBEFE1F10}.Release|Any CPU.Build.0 = Release|Any CPU
		{60C64198-2B4C-4372-951A-9C2BBEFE1F10}.Release|x64.ActiveCfg = Release|Any CPU
		{60C64198-2B4C-4372-951A-9C2BBEFE1F10}.Release|x64.Build.0 = Release|Any CPU
		{60C64198-2B4C-4372-951A-9C2BBEFE1F10}.Release|x86.ActiveCfg = Release|Any CPU
		{60C64198-2B4C-4372-951A-9C2BBEFE1F10}.Release|x86.Build.0 = Release|Any CPU
		{C9CBAFA7-7CA8-43FD-BC00-B516FA08E15A}.Debug|Any CPU.ActiveCfg = Debug|Any CPU
		{C9CBAFA7-7CA8-43FD-BC00-B516FA08E15A}.Debug|Any CPU.Build.0 = Debug|Any CPU
		{C9CBAFA7-7CA8-43FD-BC00-B516FA08E15A}.Debug|x64.ActiveCfg = Debug|Any CPU
		{C9CBAFA7-7CA8-43FD-BC00-B516FA08E15A}.Debug|x64.Build.0 = Debug|Any CPU
		{C9CBAFA7-7CA8-43FD-BC00-B516FA08E15A}.Debug|x86.ActiveCfg = Debug|Any CPU
		{C9CBAFA7-7CA8-43FD-BC00-B516FA08E15A}.Debug|x86.Build.0 = Debug|Any CPU
		{C9CBAFA7-7CA8-43FD-BC00-B516FA08E15A}.Release|Any CPU.ActiveCfg = Release|Any CPU
		{C9CBAFA7-7CA8-43FD-BC00-B516FA08E15A}.Release|Any CPU.Build.0 = Release|Any CPU
		{C9CBAFA7-7CA8-43FD-BC00-B516FA08E15A}.Release|x64.ActiveCfg = Release|Any CPU
		{C9CBAFA7-7CA8-43FD-BC00-B516FA08E15A}.Release|x64.Build.0 = Release|Any CPU
		{C9CBAFA7-7CA8-43FD-BC00-B516FA08E15A}.Release|x86.ActiveCfg = Release|Any CPU
		{C9CBAFA7-7CA8-43FD-BC00-B516FA08E15A}.Release|x86.Build.0 = Release|Any CPU
		{BBE71491-CAA4-4A76-BAE4-54DBC6F8EA0D}.Debug|Any CPU.ActiveCfg = Debug|Any CPU
		{BBE71491-CAA4-4A76-BAE4-54DBC6F8EA0D}.Debug|Any CPU.Build.0 = Debug|Any CPU
		{BBE71491-CAA4-4A76-BAE4-54DBC6F8EA0D}.Debug|x64.ActiveCfg = Debug|Any CPU
		{BBE71491-CAA4-4A76-BAE4-54DBC6F8EA0D}.Debug|x64.Build.0 = Debug|Any CPU
		{BBE71491-CAA4-4A76-BAE4-54DBC6F8EA0D}.Debug|x86.ActiveCfg = Debug|Any CPU
		{BBE71491-CAA4-4A76-BAE4-54DBC6F8EA0D}.Debug|x86.Build.0 = Debug|Any CPU
		{BBE71491-CAA4-4A76-BAE4-54DBC6F8EA0D}.Release|Any CPU.ActiveCfg = Release|Any CPU
		{BBE71491-CAA4-4A76-BAE4-54DBC6F8EA0D}.Release|Any CPU.Build.0 = Release|Any CPU
		{BBE71491-CAA4-4A76-BAE4-54DBC6F8EA0D}.Release|x64.ActiveCfg = Release|Any CPU
		{BBE71491-CAA4-4A76-BAE4-54DBC6F8EA0D}.Release|x64.Build.0 = Release|Any CPU
		{BBE71491-CAA4-4A76-BAE4-54DBC6F8EA0D}.Release|x86.ActiveCfg = Release|Any CPU
		{BBE71491-CAA4-4A76-BAE4-54DBC6F8EA0D}.Release|x86.Build.0 = Release|Any CPU
		{8173E404-C9E6-40DD-A171-054409E6A800}.Debug|Any CPU.ActiveCfg = Debug|Any CPU
		{8173E404-C9E6-40DD-A171-054409E6A800}.Debug|Any CPU.Build.0 = Debug|Any CPU
		{8173E404-C9E6-40DD-A171-054409E6A800}.Debug|x64.ActiveCfg = Debug|Any CPU
		{8173E404-C9E6-40DD-A171-054409E6A800}.Debug|x64.Build.0 = Debug|Any CPU
		{8173E404-C9E6-40DD-A171-054409E6A800}.Debug|x86.ActiveCfg = Debug|Any CPU
		{8173E404-C9E6-40DD-A171-054409E6A800}.Debug|x86.Build.0 = Debug|Any CPU
		{8173E404-C9E6-40DD-A171-054409E6A800}.Release|Any CPU.ActiveCfg = Release|Any CPU
		{8173E404-C9E6-40DD-A171-054409E6A800}.Release|Any CPU.Build.0 = Release|Any CPU
		{8173E404-C9E6-40DD-A171-054409E6A800}.Release|x64.ActiveCfg = Release|Any CPU
		{8173E404-C9E6-40DD-A171-054409E6A800}.Release|x64.Build.0 = Release|Any CPU
		{8173E404-C9E6-40DD-A171-054409E6A800}.Release|x86.ActiveCfg = Release|Any CPU
		{8173E404-C9E6-40DD-A171-054409E6A800}.Release|x86.Build.0 = Release|Any CPU
		{5ACA8BA6-6BF0-4F20-A24D-70F4427726F1}.Debug|Any CPU.ActiveCfg = Debug|Any CPU
		{5ACA8BA6-6BF0-4F20-A24D-70F4427726F1}.Debug|Any CPU.Build.0 = Debug|Any CPU
		{5ACA8BA6-6BF0-4F20-A24D-70F4427726F1}.Debug|x64.ActiveCfg = Debug|Any CPU
		{5ACA8BA6-6BF0-4F20-A24D-70F4427726F1}.Debug|x64.Build.0 = Debug|Any CPU
		{5ACA8BA6-6BF0-4F20-A24D-70F4427726F1}.Debug|x86.ActiveCfg = Debug|Any CPU
		{5ACA8BA6-6BF0-4F20-A24D-70F4427726F1}.Debug|x86.Build.0 = Debug|Any CPU
		{5ACA8BA6-6BF0-4F20-A24D-70F4427726F1}.Release|Any CPU.ActiveCfg = Release|Any CPU
		{5ACA8BA6-6BF0-4F20-A24D-70F4427726F1}.Release|Any CPU.Build.0 = Release|Any CPU
		{5ACA8BA6-6BF0-4F20-A24D-70F4427726F1}.Release|x64.ActiveCfg = Release|Any CPU
		{5ACA8BA6-6BF0-4F20-A24D-70F4427726F1}.Release|x64.Build.0 = Release|Any CPU
		{5ACA8BA6-6BF0-4F20-A24D-70F4427726F1}.Release|x86.ActiveCfg = Release|Any CPU
		{5ACA8BA6-6BF0-4F20-A24D-70F4427726F1}.Release|x86.Build.0 = Release|Any CPU
		{E9831508-99BE-4A3B-AA8B-D02582DD991E}.Debug|Any CPU.ActiveCfg = Debug|Any CPU
		{E9831508-99BE-4A3B-AA8B-D02582DD991E}.Debug|Any CPU.Build.0 = Debug|Any CPU
		{E9831508-99BE-4A3B-AA8B-D02582DD991E}.Debug|x64.ActiveCfg = Debug|Any CPU
		{E9831508-99BE-4A3B-AA8B-D02582DD991E}.Debug|x64.Build.0 = Debug|Any CPU
		{E9831508-99BE-4A3B-AA8B-D02582DD991E}.Debug|x86.ActiveCfg = Debug|Any CPU
		{E9831508-99BE-4A3B-AA8B-D02582DD991E}.Debug|x86.Build.0 = Debug|Any CPU
		{E9831508-99BE-4A3B-AA8B-D02582DD991E}.Release|Any CPU.ActiveCfg = Release|Any CPU
		{E9831508-99BE-4A3B-AA8B-D02582DD991E}.Release|Any CPU.Build.0 = Release|Any CPU
		{E9831508-99BE-4A3B-AA8B-D02582DD991E}.Release|x64.ActiveCfg = Release|Any CPU
		{E9831508-99BE-4A3B-AA8B-D02582DD991E}.Release|x64.Build.0 = Release|Any CPU
		{E9831508-99BE-4A3B-AA8B-D02582DD991E}.Release|x86.ActiveCfg = Release|Any CPU
		{E9831508-99BE-4A3B-AA8B-D02582DD991E}.Release|x86.Build.0 = Release|Any CPU
		{4B107390-A2CE-4936-9918-8D701DF4562D}.Debug|Any CPU.ActiveCfg = Debug|Any CPU
		{4B107390-A2CE-4936-9918-8D701DF4562D}.Debug|Any CPU.Build.0 = Debug|Any CPU
		{4B107390-A2CE-4936-9918-8D701DF4562D}.Debug|x64.ActiveCfg = Debug|Any CPU
		{4B107390-A2CE-4936-9918-8D701DF4562D}.Debug|x64.Build.0 = Debug|Any CPU
		{4B107390-A2CE-4936-9918-8D701DF4562D}.Debug|x86.ActiveCfg = Debug|Any CPU
		{4B107390-A2CE-4936-9918-8D701DF4562D}.Debug|x86.Build.0 = Debug|Any CPU
		{4B107390-A2CE-4936-9918-8D701DF4562D}.Release|Any CPU.ActiveCfg = Release|Any CPU
		{4B107390-A2CE-4936-9918-8D701DF4562D}.Release|Any CPU.Build.0 = Release|Any CPU
		{4B107390-A2CE-4936-9918-8D701DF4562D}.Release|x64.ActiveCfg = Release|Any CPU
		{4B107390-A2CE-4936-9918-8D701DF4562D}.Release|x64.Build.0 = Release|Any CPU
		{4B107390-A2CE-4936-9918-8D701DF4562D}.Release|x86.ActiveCfg = Release|Any CPU
		{4B107390-A2CE-4936-9918-8D701DF4562D}.Release|x86.Build.0 = Release|Any CPU
		{3B06CBA4-1239-4AC7-B45F-61DE5BBCDE3F}.Debug|Any CPU.ActiveCfg = Debug|Any CPU
		{3B06CBA4-1239-4AC7-B45F-61DE5BBCDE3F}.Debug|Any CPU.Build.0 = Debug|Any CPU
		{3B06CBA4-1239-4AC7-B45F-61DE5BBCDE3F}.Debug|x64.ActiveCfg = Debug|Any CPU
		{3B06CBA4-1239-4AC7-B45F-61DE5BBCDE3F}.Debug|x64.Build.0 = Debug|Any CPU
		{3B06CBA4-1239-4AC7-B45F-61DE5BBCDE3F}.Debug|x86.ActiveCfg = Debug|Any CPU
		{3B06CBA4-1239-4AC7-B45F-61DE5BBCDE3F}.Debug|x86.Build.0 = Debug|Any CPU
		{3B06CBA4-1239-4AC7-B45F-61DE5BBCDE3F}.Release|Any CPU.ActiveCfg = Release|Any CPU
		{3B06CBA4-1239-4AC7-B45F-61DE5BBCDE3F}.Release|Any CPU.Build.0 = Release|Any CPU
		{3B06CBA4-1239-4AC7-B45F-61DE5BBCDE3F}.Release|x64.ActiveCfg = Release|Any CPU
		{3B06CBA4-1239-4AC7-B45F-61DE5BBCDE3F}.Release|x64.Build.0 = Release|Any CPU
		{3B06CBA4-1239-4AC7-B45F-61DE5BBCDE3F}.Release|x86.ActiveCfg = Release|Any CPU
		{3B06CBA4-1239-4AC7-B45F-61DE5BBCDE3F}.Release|x86.Build.0 = Release|Any CPU
		{0DA0194F-9774-4DAC-B067-74211C3ACB98}.Debug|Any CPU.ActiveCfg = Debug|Any CPU
		{0DA0194F-9774-4DAC-B067-74211C3ACB98}.Debug|Any CPU.Build.0 = Debug|Any CPU
		{0DA0194F-9774-4DAC-B067-74211C3ACB98}.Debug|x64.ActiveCfg = Debug|Any CPU
		{0DA0194F-9774-4DAC-B067-74211C3ACB98}.Debug|x64.Build.0 = Debug|Any CPU
		{0DA0194F-9774-4DAC-B067-74211C3ACB98}.Debug|x86.ActiveCfg = Debug|Any CPU
		{0DA0194F-9774-4DAC-B067-74211C3ACB98}.Debug|x86.Build.0 = Debug|Any CPU
		{0DA0194F-9774-4DAC-B067-74211C3ACB98}.Release|Any CPU.ActiveCfg = Release|Any CPU
		{0DA0194F-9774-4DAC-B067-74211C3ACB98}.Release|Any CPU.Build.0 = Release|Any CPU
		{0DA0194F-9774-4DAC-B067-74211C3ACB98}.Release|x64.ActiveCfg = Release|Any CPU
		{0DA0194F-9774-4DAC-B067-74211C3ACB98}.Release|x64.Build.0 = Release|Any CPU
		{0DA0194F-9774-4DAC-B067-74211C3ACB98}.Release|x86.ActiveCfg = Release|Any CPU
		{0DA0194F-9774-4DAC-B067-74211C3ACB98}.Release|x86.Build.0 = Release|Any CPU
		{4E96B30E-F916-4940-8685-3602F7208EF5}.Debug|Any CPU.ActiveCfg = Debug|Any CPU
		{4E96B30E-F916-4940-8685-3602F7208EF5}.Debug|Any CPU.Build.0 = Debug|Any CPU
		{4E96B30E-F916-4940-8685-3602F7208EF5}.Debug|x64.ActiveCfg = Debug|Any CPU
		{4E96B30E-F916-4940-8685-3602F7208EF5}.Debug|x64.Build.0 = Debug|Any CPU
		{4E96B30E-F916-4940-8685-3602F7208EF5}.Debug|x86.ActiveCfg = Debug|Any CPU
		{4E96B30E-F916-4940-8685-3602F7208EF5}.Debug|x86.Build.0 = Debug|Any CPU
		{4E96B30E-F916-4940-8685-3602F7208EF5}.Release|Any CPU.ActiveCfg = Release|Any CPU
		{4E96B30E-F916-4940-8685-3602F7208EF5}.Release|Any CPU.Build.0 = Release|Any CPU
		{4E96B30E-F916-4940-8685-3602F7208EF5}.Release|x64.ActiveCfg = Release|Any CPU
		{4E96B30E-F916-4940-8685-3602F7208EF5}.Release|x64.Build.0 = Release|Any CPU
		{4E96B30E-F916-4940-8685-3602F7208EF5}.Release|x86.ActiveCfg = Release|Any CPU
		{4E96B30E-F916-4940-8685-3602F7208EF5}.Release|x86.Build.0 = Release|Any CPU
		{1DB19B49-98EF-4228-A1AE-44ECD74DC09E}.Debug|Any CPU.ActiveCfg = Debug|Any CPU
		{1DB19B49-98EF-4228-A1AE-44ECD74DC09E}.Debug|Any CPU.Build.0 = Debug|Any CPU
		{1DB19B49-98EF-4228-A1AE-44ECD74DC09E}.Debug|x64.ActiveCfg = Debug|Any CPU
		{1DB19B49-98EF-4228-A1AE-44ECD74DC09E}.Debug|x64.Build.0 = Debug|Any CPU
		{1DB19B49-98EF-4228-A1AE-44ECD74DC09E}.Debug|x86.ActiveCfg = Debug|Any CPU
		{1DB19B49-98EF-4228-A1AE-44ECD74DC09E}.Debug|x86.Build.0 = Debug|Any CPU
		{1DB19B49-98EF-4228-A1AE-44ECD74DC09E}.Release|Any CPU.ActiveCfg = Release|Any CPU
		{1DB19B49-98EF-4228-A1AE-44ECD74DC09E}.Release|Any CPU.Build.0 = Release|Any CPU
		{1DB19B49-98EF-4228-A1AE-44ECD74DC09E}.Release|x64.ActiveCfg = Release|Any CPU
		{1DB19B49-98EF-4228-A1AE-44ECD74DC09E}.Release|x64.Build.0 = Release|Any CPU
		{1DB19B49-98EF-4228-A1AE-44ECD74DC09E}.Release|x86.ActiveCfg = Release|Any CPU
		{1DB19B49-98EF-4228-A1AE-44ECD74DC09E}.Release|x86.Build.0 = Release|Any CPU
		{EE250666-7040-401B-B6E3-7F6FFA0161B2}.Debug|Any CPU.ActiveCfg = Debug|Any CPU
		{EE250666-7040-401B-B6E3-7F6FFA0161B2}.Debug|Any CPU.Build.0 = Debug|Any CPU
		{EE250666-7040-401B-B6E3-7F6FFA0161B2}.Debug|x64.ActiveCfg = Debug|Any CPU
		{EE250666-7040-401B-B6E3-7F6FFA0161B2}.Debug|x64.Build.0 = Debug|Any CPU
		{EE250666-7040-401B-B6E3-7F6FFA0161B2}.Debug|x86.ActiveCfg = Debug|Any CPU
		{EE250666-7040-401B-B6E3-7F6FFA0161B2}.Debug|x86.Build.0 = Debug|Any CPU
		{EE250666-7040-401B-B6E3-7F6FFA0161B2}.Release|Any CPU.ActiveCfg = Release|Any CPU
		{EE250666-7040-401B-B6E3-7F6FFA0161B2}.Release|Any CPU.Build.0 = Release|Any CPU
		{EE250666-7040-401B-B6E3-7F6FFA0161B2}.Release|x64.ActiveCfg = Release|Any CPU
		{EE250666-7040-401B-B6E3-7F6FFA0161B2}.Release|x64.Build.0 = Release|Any CPU
		{EE250666-7040-401B-B6E3-7F6FFA0161B2}.Release|x86.ActiveCfg = Release|Any CPU
		{EE250666-7040-401B-B6E3-7F6FFA0161B2}.Release|x86.Build.0 = Release|Any CPU
		{4BAA13D6-BE19-4CBB-A233-0099F95D1997}.Debug|Any CPU.ActiveCfg = Debug|Any CPU
		{4BAA13D6-BE19-4CBB-A233-0099F95D1997}.Debug|Any CPU.Build.0 = Debug|Any CPU
		{4BAA13D6-BE19-4CBB-A233-0099F95D1997}.Debug|x64.ActiveCfg = Debug|Any CPU
		{4BAA13D6-BE19-4CBB-A233-0099F95D1997}.Debug|x64.Build.0 = Debug|Any CPU
		{4BAA13D6-BE19-4CBB-A233-0099F95D1997}.Debug|x86.ActiveCfg = Debug|Any CPU
		{4BAA13D6-BE19-4CBB-A233-0099F95D1997}.Debug|x86.Build.0 = Debug|Any CPU
		{4BAA13D6-BE19-4CBB-A233-0099F95D1997}.Release|Any CPU.ActiveCfg = Release|Any CPU
		{4BAA13D6-BE19-4CBB-A233-0099F95D1997}.Release|Any CPU.Build.0 = Release|Any CPU
		{4BAA13D6-BE19-4CBB-A233-0099F95D1997}.Release|x64.ActiveCfg = Release|Any CPU
		{4BAA13D6-BE19-4CBB-A233-0099F95D1997}.Release|x64.Build.0 = Release|Any CPU
		{4BAA13D6-BE19-4CBB-A233-0099F95D1997}.Release|x86.ActiveCfg = Release|Any CPU
		{4BAA13D6-BE19-4CBB-A233-0099F95D1997}.Release|x86.Build.0 = Release|Any CPU
		{F79DB364-63A9-461C-AF59-F1541755D0CB}.Debug|Any CPU.ActiveCfg = Debug|Any CPU
		{F79DB364-63A9-461C-AF59-F1541755D0CB}.Debug|Any CPU.Build.0 = Debug|Any CPU
		{F79DB364-63A9-461C-AF59-F1541755D0CB}.Debug|x64.ActiveCfg = Debug|Any CPU
		{F79DB364-63A9-461C-AF59-F1541755D0CB}.Debug|x64.Build.0 = Debug|Any CPU
		{F79DB364-63A9-461C-AF59-F1541755D0CB}.Debug|x86.ActiveCfg = Debug|Any CPU
		{F79DB364-63A9-461C-AF59-F1541755D0CB}.Debug|x86.Build.0 = Debug|Any CPU
		{F79DB364-63A9-461C-AF59-F1541755D0CB}.Release|Any CPU.ActiveCfg = Release|Any CPU
		{F79DB364-63A9-461C-AF59-F1541755D0CB}.Release|Any CPU.Build.0 = Release|Any CPU
		{F79DB364-63A9-461C-AF59-F1541755D0CB}.Release|x64.ActiveCfg = Release|Any CPU
		{F79DB364-63A9-461C-AF59-F1541755D0CB}.Release|x64.Build.0 = Release|Any CPU
		{F79DB364-63A9-461C-AF59-F1541755D0CB}.Release|x86.ActiveCfg = Release|Any CPU
		{F79DB364-63A9-461C-AF59-F1541755D0CB}.Release|x86.Build.0 = Release|Any CPU
		{5C1A5033-D86B-4C59-A2C8-EB8303A5E6B0}.Debug|Any CPU.ActiveCfg = Debug|Any CPU
		{5C1A5033-D86B-4C59-A2C8-EB8303A5E6B0}.Debug|Any CPU.Build.0 = Debug|Any CPU
		{5C1A5033-D86B-4C59-A2C8-EB8303A5E6B0}.Debug|x64.ActiveCfg = Debug|Any CPU
		{5C1A5033-D86B-4C59-A2C8-EB8303A5E6B0}.Debug|x64.Build.0 = Debug|Any CPU
		{5C1A5033-D86B-4C59-A2C8-EB8303A5E6B0}.Debug|x86.ActiveCfg = Debug|Any CPU
		{5C1A5033-D86B-4C59-A2C8-EB8303A5E6B0}.Debug|x86.Build.0 = Debug|Any CPU
		{5C1A5033-D86B-4C59-A2C8-EB8303A5E6B0}.Release|Any CPU.ActiveCfg = Release|Any CPU
		{5C1A5033-D86B-4C59-A2C8-EB8303A5E6B0}.Release|Any CPU.Build.0 = Release|Any CPU
		{5C1A5033-D86B-4C59-A2C8-EB8303A5E6B0}.Release|x64.ActiveCfg = Release|Any CPU
		{5C1A5033-D86B-4C59-A2C8-EB8303A5E6B0}.Release|x64.Build.0 = Release|Any CPU
		{5C1A5033-D86B-4C59-A2C8-EB8303A5E6B0}.Release|x86.ActiveCfg = Release|Any CPU
		{5C1A5033-D86B-4C59-A2C8-EB8303A5E6B0}.Release|x86.Build.0 = Release|Any CPU
		{03D4485B-C6D2-4778-8446-1E3AEF1F339A}.Debug|Any CPU.ActiveCfg = Debug|Any CPU
		{03D4485B-C6D2-4778-8446-1E3AEF1F339A}.Debug|Any CPU.Build.0 = Debug|Any CPU
		{03D4485B-C6D2-4778-8446-1E3AEF1F339A}.Debug|x64.ActiveCfg = Debug|Any CPU
		{03D4485B-C6D2-4778-8446-1E3AEF1F339A}.Debug|x64.Build.0 = Debug|Any CPU
		{03D4485B-C6D2-4778-8446-1E3AEF1F339A}.Debug|x86.ActiveCfg = Debug|Any CPU
		{03D4485B-C6D2-4778-8446-1E3AEF1F339A}.Debug|x86.Build.0 = Debug|Any CPU
		{03D4485B-C6D2-4778-8446-1E3AEF1F339A}.Release|Any CPU.ActiveCfg = Release|Any CPU
		{03D4485B-C6D2-4778-8446-1E3AEF1F339A}.Release|Any CPU.Build.0 = Release|Any CPU
		{03D4485B-C6D2-4778-8446-1E3AEF1F339A}.Release|x64.ActiveCfg = Release|Any CPU
		{03D4485B-C6D2-4778-8446-1E3AEF1F339A}.Release|x64.Build.0 = Release|Any CPU
		{03D4485B-C6D2-4778-8446-1E3AEF1F339A}.Release|x86.ActiveCfg = Release|Any CPU
		{03D4485B-C6D2-4778-8446-1E3AEF1F339A}.Release|x86.Build.0 = Release|Any CPU
		{3041CBB2-18A8-42AE-851E-37A024A1D416}.Debug|Any CPU.ActiveCfg = Debug|Any CPU
		{3041CBB2-18A8-42AE-851E-37A024A1D416}.Debug|Any CPU.Build.0 = Debug|Any CPU
		{3041CBB2-18A8-42AE-851E-37A024A1D416}.Debug|x64.ActiveCfg = Debug|Any CPU
		{3041CBB2-18A8-42AE-851E-37A024A1D416}.Debug|x64.Build.0 = Debug|Any CPU
		{3041CBB2-18A8-42AE-851E-37A024A1D416}.Debug|x86.ActiveCfg = Debug|Any CPU
		{3041CBB2-18A8-42AE-851E-37A024A1D416}.Debug|x86.Build.0 = Debug|Any CPU
		{3041CBB2-18A8-42AE-851E-37A024A1D416}.Release|Any CPU.ActiveCfg = Release|Any CPU
		{3041CBB2-18A8-42AE-851E-37A024A1D416}.Release|Any CPU.Build.0 = Release|Any CPU
		{3041CBB2-18A8-42AE-851E-37A024A1D416}.Release|x64.ActiveCfg = Release|Any CPU
		{3041CBB2-18A8-42AE-851E-37A024A1D416}.Release|x64.Build.0 = Release|Any CPU
		{3041CBB2-18A8-42AE-851E-37A024A1D416}.Release|x86.ActiveCfg = Release|Any CPU
		{3041CBB2-18A8-42AE-851E-37A024A1D416}.Release|x86.Build.0 = Release|Any CPU
		{2C20FE27-2377-402D-BD7B-8C2198A05EE5}.Debug|Any CPU.ActiveCfg = Debug|Any CPU
		{2C20FE27-2377-402D-BD7B-8C2198A05EE5}.Debug|Any CPU.Build.0 = Debug|Any CPU
		{2C20FE27-2377-402D-BD7B-8C2198A05EE5}.Debug|x64.ActiveCfg = Debug|Any CPU
		{2C20FE27-2377-402D-BD7B-8C2198A05EE5}.Debug|x64.Build.0 = Debug|Any CPU
		{2C20FE27-2377-402D-BD7B-8C2198A05EE5}.Debug|x86.ActiveCfg = Debug|Any CPU
		{2C20FE27-2377-402D-BD7B-8C2198A05EE5}.Debug|x86.Build.0 = Debug|Any CPU
		{2C20FE27-2377-402D-BD7B-8C2198A05EE5}.Release|Any CPU.ActiveCfg = Release|Any CPU
		{2C20FE27-2377-402D-BD7B-8C2198A05EE5}.Release|Any CPU.Build.0 = Release|Any CPU
		{2C20FE27-2377-402D-BD7B-8C2198A05EE5}.Release|x64.ActiveCfg = Release|Any CPU
		{2C20FE27-2377-402D-BD7B-8C2198A05EE5}.Release|x64.Build.0 = Release|Any CPU
		{2C20FE27-2377-402D-BD7B-8C2198A05EE5}.Release|x86.ActiveCfg = Release|Any CPU
		{2C20FE27-2377-402D-BD7B-8C2198A05EE5}.Release|x86.Build.0 = Release|Any CPU
		{94105B5E-1BA7-4ED5-A62F-78CE9B52239D}.Debug|Any CPU.ActiveCfg = Debug|Any CPU
		{94105B5E-1BA7-4ED5-A62F-78CE9B52239D}.Debug|Any CPU.Build.0 = Debug|Any CPU
		{94105B5E-1BA7-4ED5-A62F-78CE9B52239D}.Debug|x64.ActiveCfg = Debug|Any CPU
		{94105B5E-1BA7-4ED5-A62F-78CE9B52239D}.Debug|x64.Build.0 = Debug|Any CPU
		{94105B5E-1BA7-4ED5-A62F-78CE9B52239D}.Debug|x86.ActiveCfg = Debug|Any CPU
		{94105B5E-1BA7-4ED5-A62F-78CE9B52239D}.Debug|x86.Build.0 = Debug|Any CPU
		{94105B5E-1BA7-4ED5-A62F-78CE9B52239D}.Release|Any CPU.ActiveCfg = Release|Any CPU
		{94105B5E-1BA7-4ED5-A62F-78CE9B52239D}.Release|Any CPU.Build.0 = Release|Any CPU
		{94105B5E-1BA7-4ED5-A62F-78CE9B52239D}.Release|x64.ActiveCfg = Release|Any CPU
		{94105B5E-1BA7-4ED5-A62F-78CE9B52239D}.Release|x64.Build.0 = Release|Any CPU
		{94105B5E-1BA7-4ED5-A62F-78CE9B52239D}.Release|x86.ActiveCfg = Release|Any CPU
		{94105B5E-1BA7-4ED5-A62F-78CE9B52239D}.Release|x86.Build.0 = Release|Any CPU
		{47E7C296-4FEF-484A-93BB-8B758CF442CF}.Debug|Any CPU.ActiveCfg = Debug|Any CPU
		{47E7C296-4FEF-484A-93BB-8B758CF442CF}.Debug|Any CPU.Build.0 = Debug|Any CPU
		{47E7C296-4FEF-484A-93BB-8B758CF442CF}.Debug|x64.ActiveCfg = Debug|Any CPU
		{47E7C296-4FEF-484A-93BB-8B758CF442CF}.Debug|x64.Build.0 = Debug|Any CPU
		{47E7C296-4FEF-484A-93BB-8B758CF442CF}.Debug|x86.ActiveCfg = Debug|Any CPU
		{47E7C296-4FEF-484A-93BB-8B758CF442CF}.Debug|x86.Build.0 = Debug|Any CPU
		{47E7C296-4FEF-484A-93BB-8B758CF442CF}.Release|Any CPU.ActiveCfg = Release|Any CPU
		{47E7C296-4FEF-484A-93BB-8B758CF442CF}.Release|Any CPU.Build.0 = Release|Any CPU
		{47E7C296-4FEF-484A-93BB-8B758CF442CF}.Release|x64.ActiveCfg = Release|Any CPU
		{47E7C296-4FEF-484A-93BB-8B758CF442CF}.Release|x64.Build.0 = Release|Any CPU
		{47E7C296-4FEF-484A-93BB-8B758CF442CF}.Release|x86.ActiveCfg = Release|Any CPU
		{47E7C296-4FEF-484A-93BB-8B758CF442CF}.Release|x86.Build.0 = Release|Any CPU
		{A53E0366-4D6F-46C8-BCAF-09E8C2C20577}.Debug|Any CPU.ActiveCfg = Debug|Any CPU
		{A53E0366-4D6F-46C8-BCAF-09E8C2C20577}.Debug|Any CPU.Build.0 = Debug|Any CPU
		{A53E0366-4D6F-46C8-BCAF-09E8C2C20577}.Debug|x64.ActiveCfg = Debug|Any CPU
		{A53E0366-4D6F-46C8-BCAF-09E8C2C20577}.Debug|x64.Build.0 = Debug|Any CPU
		{A53E0366-4D6F-46C8-BCAF-09E8C2C20577}.Debug|x86.ActiveCfg = Debug|Any CPU
		{A53E0366-4D6F-46C8-BCAF-09E8C2C20577}.Debug|x86.Build.0 = Debug|Any CPU
		{A53E0366-4D6F-46C8-BCAF-09E8C2C20577}.Release|Any CPU.ActiveCfg = Release|Any CPU
		{A53E0366-4D6F-46C8-BCAF-09E8C2C20577}.Release|Any CPU.Build.0 = Release|Any CPU
		{A53E0366-4D6F-46C8-BCAF-09E8C2C20577}.Release|x64.ActiveCfg = Release|Any CPU
		{A53E0366-4D6F-46C8-BCAF-09E8C2C20577}.Release|x64.Build.0 = Release|Any CPU
		{A53E0366-4D6F-46C8-BCAF-09E8C2C20577}.Release|x86.ActiveCfg = Release|Any CPU
		{A53E0366-4D6F-46C8-BCAF-09E8C2C20577}.Release|x86.Build.0 = Release|Any CPU
		{B470852B-3A14-4C91-90F4-812DD21DE4C1}.Debug|Any CPU.ActiveCfg = Debug|Any CPU
		{B470852B-3A14-4C91-90F4-812DD21DE4C1}.Debug|Any CPU.Build.0 = Debug|Any CPU
		{B470852B-3A14-4C91-90F4-812DD21DE4C1}.Debug|x64.ActiveCfg = Debug|Any CPU
		{B470852B-3A14-4C91-90F4-812DD21DE4C1}.Debug|x64.Build.0 = Debug|Any CPU
		{B470852B-3A14-4C91-90F4-812DD21DE4C1}.Debug|x86.ActiveCfg = Debug|Any CPU
		{B470852B-3A14-4C91-90F4-812DD21DE4C1}.Debug|x86.Build.0 = Debug|Any CPU
		{B470852B-3A14-4C91-90F4-812DD21DE4C1}.Release|Any CPU.ActiveCfg = Release|Any CPU
		{B470852B-3A14-4C91-90F4-812DD21DE4C1}.Release|Any CPU.Build.0 = Release|Any CPU
		{B470852B-3A14-4C91-90F4-812DD21DE4C1}.Release|x64.ActiveCfg = Release|Any CPU
		{B470852B-3A14-4C91-90F4-812DD21DE4C1}.Release|x64.Build.0 = Release|Any CPU
		{B470852B-3A14-4C91-90F4-812DD21DE4C1}.Release|x86.ActiveCfg = Release|Any CPU
		{B470852B-3A14-4C91-90F4-812DD21DE4C1}.Release|x86.Build.0 = Release|Any CPU
		{D8509230-1CB7-461B-A1C3-B925B38A1A2B}.Debug|Any CPU.ActiveCfg = Debug|Any CPU
		{D8509230-1CB7-461B-A1C3-B925B38A1A2B}.Debug|Any CPU.Build.0 = Debug|Any CPU
		{D8509230-1CB7-461B-A1C3-B925B38A1A2B}.Debug|x64.ActiveCfg = Debug|Any CPU
		{D8509230-1CB7-461B-A1C3-B925B38A1A2B}.Debug|x64.Build.0 = Debug|Any CPU
		{D8509230-1CB7-461B-A1C3-B925B38A1A2B}.Debug|x86.ActiveCfg = Debug|Any CPU
		{D8509230-1CB7-461B-A1C3-B925B38A1A2B}.Debug|x86.Build.0 = Debug|Any CPU
		{D8509230-1CB7-461B-A1C3-B925B38A1A2B}.Release|Any CPU.ActiveCfg = Release|Any CPU
		{D8509230-1CB7-461B-A1C3-B925B38A1A2B}.Release|Any CPU.Build.0 = Release|Any CPU
		{D8509230-1CB7-461B-A1C3-B925B38A1A2B}.Release|x64.ActiveCfg = Release|Any CPU
		{D8509230-1CB7-461B-A1C3-B925B38A1A2B}.Release|x64.Build.0 = Release|Any CPU
		{D8509230-1CB7-461B-A1C3-B925B38A1A2B}.Release|x86.ActiveCfg = Release|Any CPU
		{D8509230-1CB7-461B-A1C3-B925B38A1A2B}.Release|x86.Build.0 = Release|Any CPU
		{61178A56-E9C0-4ADF-B329-8173D3F24B51}.Debug|Any CPU.ActiveCfg = Debug|Any CPU
		{61178A56-E9C0-4ADF-B329-8173D3F24B51}.Debug|Any CPU.Build.0 = Debug|Any CPU
		{61178A56-E9C0-4ADF-B329-8173D3F24B51}.Debug|x64.ActiveCfg = Debug|Any CPU
		{61178A56-E9C0-4ADF-B329-8173D3F24B51}.Debug|x64.Build.0 = Debug|Any CPU
		{61178A56-E9C0-4ADF-B329-8173D3F24B51}.Debug|x86.ActiveCfg = Debug|Any CPU
		{61178A56-E9C0-4ADF-B329-8173D3F24B51}.Debug|x86.Build.0 = Debug|Any CPU
		{61178A56-E9C0-4ADF-B329-8173D3F24B51}.Release|Any CPU.ActiveCfg = Release|Any CPU
		{61178A56-E9C0-4ADF-B329-8173D3F24B51}.Release|Any CPU.Build.0 = Release|Any CPU
		{61178A56-E9C0-4ADF-B329-8173D3F24B51}.Release|x64.ActiveCfg = Release|Any CPU
		{61178A56-E9C0-4ADF-B329-8173D3F24B51}.Release|x64.Build.0 = Release|Any CPU
		{61178A56-E9C0-4ADF-B329-8173D3F24B51}.Release|x86.ActiveCfg = Release|Any CPU
		{61178A56-E9C0-4ADF-B329-8173D3F24B51}.Release|x86.Build.0 = Release|Any CPU
		{D176F814-322D-4995-A8C4-0A964A577AD9}.Debug|Any CPU.ActiveCfg = Debug|Any CPU
		{D176F814-322D-4995-A8C4-0A964A577AD9}.Debug|Any CPU.Build.0 = Debug|Any CPU
		{D176F814-322D-4995-A8C4-0A964A577AD9}.Debug|x64.ActiveCfg = Debug|Any CPU
		{D176F814-322D-4995-A8C4-0A964A577AD9}.Debug|x64.Build.0 = Debug|Any CPU
		{D176F814-322D-4995-A8C4-0A964A577AD9}.Debug|x86.ActiveCfg = Debug|Any CPU
		{D176F814-322D-4995-A8C4-0A964A577AD9}.Debug|x86.Build.0 = Debug|Any CPU
		{D176F814-322D-4995-A8C4-0A964A577AD9}.Release|Any CPU.ActiveCfg = Release|Any CPU
		{D176F814-322D-4995-A8C4-0A964A577AD9}.Release|Any CPU.Build.0 = Release|Any CPU
		{D176F814-322D-4995-A8C4-0A964A577AD9}.Release|x64.ActiveCfg = Release|Any CPU
		{D176F814-322D-4995-A8C4-0A964A577AD9}.Release|x64.Build.0 = Release|Any CPU
		{D176F814-322D-4995-A8C4-0A964A577AD9}.Release|x86.ActiveCfg = Release|Any CPU
		{D176F814-322D-4995-A8C4-0A964A577AD9}.Release|x86.Build.0 = Release|Any CPU
		{3EBF9905-6D66-4112-85A4-9CF9BD901E13}.Debug|Any CPU.ActiveCfg = Debug|Any CPU
		{3EBF9905-6D66-4112-85A4-9CF9BD901E13}.Debug|Any CPU.Build.0 = Debug|Any CPU
		{3EBF9905-6D66-4112-85A4-9CF9BD901E13}.Debug|x64.ActiveCfg = Debug|Any CPU
		{3EBF9905-6D66-4112-85A4-9CF9BD901E13}.Debug|x64.Build.0 = Debug|Any CPU
		{3EBF9905-6D66-4112-85A4-9CF9BD901E13}.Debug|x86.ActiveCfg = Debug|Any CPU
		{3EBF9905-6D66-4112-85A4-9CF9BD901E13}.Debug|x86.Build.0 = Debug|Any CPU
		{3EBF9905-6D66-4112-85A4-9CF9BD901E13}.Release|Any CPU.ActiveCfg = Release|Any CPU
		{3EBF9905-6D66-4112-85A4-9CF9BD901E13}.Release|Any CPU.Build.0 = Release|Any CPU
		{3EBF9905-6D66-4112-85A4-9CF9BD901E13}.Release|x64.ActiveCfg = Release|Any CPU
		{3EBF9905-6D66-4112-85A4-9CF9BD901E13}.Release|x64.Build.0 = Release|Any CPU
		{3EBF9905-6D66-4112-85A4-9CF9BD901E13}.Release|x86.ActiveCfg = Release|Any CPU
		{3EBF9905-6D66-4112-85A4-9CF9BD901E13}.Release|x86.Build.0 = Release|Any CPU
		{A1C8B15B-0552-41A4-8FCB-A3687E13E3C5}.Debug|Any CPU.ActiveCfg = Debug|Any CPU
		{A1C8B15B-0552-41A4-8FCB-A3687E13E3C5}.Debug|Any CPU.Build.0 = Debug|Any CPU
		{A1C8B15B-0552-41A4-8FCB-A3687E13E3C5}.Debug|x64.ActiveCfg = Debug|Any CPU
		{A1C8B15B-0552-41A4-8FCB-A3687E13E3C5}.Debug|x64.Build.0 = Debug|Any CPU
		{A1C8B15B-0552-41A4-8FCB-A3687E13E3C5}.Debug|x86.ActiveCfg = Debug|Any CPU
		{A1C8B15B-0552-41A4-8FCB-A3687E13E3C5}.Debug|x86.Build.0 = Debug|Any CPU
		{A1C8B15B-0552-41A4-8FCB-A3687E13E3C5}.Release|Any CPU.ActiveCfg = Release|Any CPU
		{A1C8B15B-0552-41A4-8FCB-A3687E13E3C5}.Release|Any CPU.Build.0 = Release|Any CPU
		{A1C8B15B-0552-41A4-8FCB-A3687E13E3C5}.Release|x64.ActiveCfg = Release|Any CPU
		{A1C8B15B-0552-41A4-8FCB-A3687E13E3C5}.Release|x64.Build.0 = Release|Any CPU
		{A1C8B15B-0552-41A4-8FCB-A3687E13E3C5}.Release|x86.ActiveCfg = Release|Any CPU
		{A1C8B15B-0552-41A4-8FCB-A3687E13E3C5}.Release|x86.Build.0 = Release|Any CPU
		{870498F0-68E3-4D67-978C-DD0EC0855429}.Debug|Any CPU.ActiveCfg = Debug|Any CPU
		{870498F0-68E3-4D67-978C-DD0EC0855429}.Debug|Any CPU.Build.0 = Debug|Any CPU
		{870498F0-68E3-4D67-978C-DD0EC0855429}.Debug|x64.ActiveCfg = Debug|Any CPU
		{870498F0-68E3-4D67-978C-DD0EC0855429}.Debug|x64.Build.0 = Debug|Any CPU
		{870498F0-68E3-4D67-978C-DD0EC0855429}.Debug|x86.ActiveCfg = Debug|Any CPU
		{870498F0-68E3-4D67-978C-DD0EC0855429}.Debug|x86.Build.0 = Debug|Any CPU
		{870498F0-68E3-4D67-978C-DD0EC0855429}.Release|Any CPU.ActiveCfg = Release|Any CPU
		{870498F0-68E3-4D67-978C-DD0EC0855429}.Release|Any CPU.Build.0 = Release|Any CPU
		{870498F0-68E3-4D67-978C-DD0EC0855429}.Release|x64.ActiveCfg = Release|Any CPU
		{870498F0-68E3-4D67-978C-DD0EC0855429}.Release|x64.Build.0 = Release|Any CPU
		{870498F0-68E3-4D67-978C-DD0EC0855429}.Release|x86.ActiveCfg = Release|Any CPU
		{870498F0-68E3-4D67-978C-DD0EC0855429}.Release|x86.Build.0 = Release|Any CPU
		{B86A9AA0-8BA9-447A-B6F1-752CCF1CCB88}.Debug|Any CPU.ActiveCfg = Debug|Any CPU
		{B86A9AA0-8BA9-447A-B6F1-752CCF1CCB88}.Debug|Any CPU.Build.0 = Debug|Any CPU
		{B86A9AA0-8BA9-447A-B6F1-752CCF1CCB88}.Debug|x64.ActiveCfg = Debug|Any CPU
		{B86A9AA0-8BA9-447A-B6F1-752CCF1CCB88}.Debug|x64.Build.0 = Debug|Any CPU
		{B86A9AA0-8BA9-447A-B6F1-752CCF1CCB88}.Debug|x86.ActiveCfg = Debug|Any CPU
		{B86A9AA0-8BA9-447A-B6F1-752CCF1CCB88}.Debug|x86.Build.0 = Debug|Any CPU
		{B86A9AA0-8BA9-447A-B6F1-752CCF1CCB88}.Release|Any CPU.ActiveCfg = Release|Any CPU
		{B86A9AA0-8BA9-447A-B6F1-752CCF1CCB88}.Release|Any CPU.Build.0 = Release|Any CPU
		{B86A9AA0-8BA9-447A-B6F1-752CCF1CCB88}.Release|x64.ActiveCfg = Release|Any CPU
		{B86A9AA0-8BA9-447A-B6F1-752CCF1CCB88}.Release|x64.Build.0 = Release|Any CPU
		{B86A9AA0-8BA9-447A-B6F1-752CCF1CCB88}.Release|x86.ActiveCfg = Release|Any CPU
		{B86A9AA0-8BA9-447A-B6F1-752CCF1CCB88}.Release|x86.Build.0 = Release|Any CPU
		{6B9A3D1C-2654-4F5F-B361-7932C64F5770}.Debug|Any CPU.ActiveCfg = Debug|Any CPU
		{6B9A3D1C-2654-4F5F-B361-7932C64F5770}.Debug|Any CPU.Build.0 = Debug|Any CPU
		{6B9A3D1C-2654-4F5F-B361-7932C64F5770}.Debug|x64.ActiveCfg = Debug|Any CPU
		{6B9A3D1C-2654-4F5F-B361-7932C64F5770}.Debug|x64.Build.0 = Debug|Any CPU
		{6B9A3D1C-2654-4F5F-B361-7932C64F5770}.Debug|x86.ActiveCfg = Debug|Any CPU
		{6B9A3D1C-2654-4F5F-B361-7932C64F5770}.Debug|x86.Build.0 = Debug|Any CPU
		{6B9A3D1C-2654-4F5F-B361-7932C64F5770}.Release|Any CPU.ActiveCfg = Release|Any CPU
		{6B9A3D1C-2654-4F5F-B361-7932C64F5770}.Release|Any CPU.Build.0 = Release|Any CPU
		{6B9A3D1C-2654-4F5F-B361-7932C64F5770}.Release|x64.ActiveCfg = Release|Any CPU
		{6B9A3D1C-2654-4F5F-B361-7932C64F5770}.Release|x64.Build.0 = Release|Any CPU
		{6B9A3D1C-2654-4F5F-B361-7932C64F5770}.Release|x86.ActiveCfg = Release|Any CPU
		{6B9A3D1C-2654-4F5F-B361-7932C64F5770}.Release|x86.Build.0 = Release|Any CPU
		{07208097-5883-4C3E-89D0-D2356765613D}.Debug|Any CPU.ActiveCfg = Debug|Any CPU
		{07208097-5883-4C3E-89D0-D2356765613D}.Debug|Any CPU.Build.0 = Debug|Any CPU
		{07208097-5883-4C3E-89D0-D2356765613D}.Debug|x64.ActiveCfg = Debug|Any CPU
		{07208097-5883-4C3E-89D0-D2356765613D}.Debug|x64.Build.0 = Debug|Any CPU
		{07208097-5883-4C3E-89D0-D2356765613D}.Debug|x86.ActiveCfg = Debug|Any CPU
		{07208097-5883-4C3E-89D0-D2356765613D}.Debug|x86.Build.0 = Debug|Any CPU
		{07208097-5883-4C3E-89D0-D2356765613D}.Release|Any CPU.ActiveCfg = Release|Any CPU
		{07208097-5883-4C3E-89D0-D2356765613D}.Release|Any CPU.Build.0 = Release|Any CPU
		{07208097-5883-4C3E-89D0-D2356765613D}.Release|x64.ActiveCfg = Release|Any CPU
		{07208097-5883-4C3E-89D0-D2356765613D}.Release|x64.Build.0 = Release|Any CPU
		{07208097-5883-4C3E-89D0-D2356765613D}.Release|x86.ActiveCfg = Release|Any CPU
		{07208097-5883-4C3E-89D0-D2356765613D}.Release|x86.Build.0 = Release|Any CPU
		{86ABD6A0-D8C3-4A10-8BCE-E601A261BB0F}.Debug|Any CPU.ActiveCfg = Debug|Any CPU
		{86ABD6A0-D8C3-4A10-8BCE-E601A261BB0F}.Debug|Any CPU.Build.0 = Debug|Any CPU
		{86ABD6A0-D8C3-4A10-8BCE-E601A261BB0F}.Debug|x64.ActiveCfg = Debug|Any CPU
		{86ABD6A0-D8C3-4A10-8BCE-E601A261BB0F}.Debug|x64.Build.0 = Debug|Any CPU
		{86ABD6A0-D8C3-4A10-8BCE-E601A261BB0F}.Debug|x86.ActiveCfg = Debug|Any CPU
		{86ABD6A0-D8C3-4A10-8BCE-E601A261BB0F}.Debug|x86.Build.0 = Debug|Any CPU
		{86ABD6A0-D8C3-4A10-8BCE-E601A261BB0F}.Release|Any CPU.ActiveCfg = Release|Any CPU
		{86ABD6A0-D8C3-4A10-8BCE-E601A261BB0F}.Release|Any CPU.Build.0 = Release|Any CPU
		{86ABD6A0-D8C3-4A10-8BCE-E601A261BB0F}.Release|x64.ActiveCfg = Release|Any CPU
		{86ABD6A0-D8C3-4A10-8BCE-E601A261BB0F}.Release|x64.Build.0 = Release|Any CPU
		{86ABD6A0-D8C3-4A10-8BCE-E601A261BB0F}.Release|x86.ActiveCfg = Release|Any CPU
		{86ABD6A0-D8C3-4A10-8BCE-E601A261BB0F}.Release|x86.Build.0 = Release|Any CPU
		{43CD4E58-EA2B-4CBD-9BBB-98058BD4727E}.Debug|Any CPU.ActiveCfg = Debug|Any CPU
		{43CD4E58-EA2B-4CBD-9BBB-98058BD4727E}.Debug|Any CPU.Build.0 = Debug|Any CPU
		{43CD4E58-EA2B-4CBD-9BBB-98058BD4727E}.Debug|x64.ActiveCfg = Debug|Any CPU
		{43CD4E58-EA2B-4CBD-9BBB-98058BD4727E}.Debug|x64.Build.0 = Debug|Any CPU
		{43CD4E58-EA2B-4CBD-9BBB-98058BD4727E}.Debug|x86.ActiveCfg = Debug|Any CPU
		{43CD4E58-EA2B-4CBD-9BBB-98058BD4727E}.Debug|x86.Build.0 = Debug|Any CPU
		{43CD4E58-EA2B-4CBD-9BBB-98058BD4727E}.Release|Any CPU.ActiveCfg = Release|Any CPU
		{43CD4E58-EA2B-4CBD-9BBB-98058BD4727E}.Release|Any CPU.Build.0 = Release|Any CPU
		{43CD4E58-EA2B-4CBD-9BBB-98058BD4727E}.Release|x64.ActiveCfg = Release|Any CPU
		{43CD4E58-EA2B-4CBD-9BBB-98058BD4727E}.Release|x64.Build.0 = Release|Any CPU
		{43CD4E58-EA2B-4CBD-9BBB-98058BD4727E}.Release|x86.ActiveCfg = Release|Any CPU
		{43CD4E58-EA2B-4CBD-9BBB-98058BD4727E}.Release|x86.Build.0 = Release|Any CPU
		{2F1E5E23-7923-457C-B997-8EBC18614959}.Debug|Any CPU.ActiveCfg = Debug|Any CPU
		{2F1E5E23-7923-457C-B997-8EBC18614959}.Debug|Any CPU.Build.0 = Debug|Any CPU
		{2F1E5E23-7923-457C-B997-8EBC18614959}.Debug|x64.ActiveCfg = Debug|Any CPU
		{2F1E5E23-7923-457C-B997-8EBC18614959}.Debug|x64.Build.0 = Debug|Any CPU
		{2F1E5E23-7923-457C-B997-8EBC18614959}.Debug|x86.ActiveCfg = Debug|Any CPU
		{2F1E5E23-7923-457C-B997-8EBC18614959}.Debug|x86.Build.0 = Debug|Any CPU
		{2F1E5E23-7923-457C-B997-8EBC18614959}.Release|Any CPU.ActiveCfg = Release|Any CPU
		{2F1E5E23-7923-457C-B997-8EBC18614959}.Release|Any CPU.Build.0 = Release|Any CPU
		{2F1E5E23-7923-457C-B997-8EBC18614959}.Release|x64.ActiveCfg = Release|Any CPU
		{2F1E5E23-7923-457C-B997-8EBC18614959}.Release|x64.Build.0 = Release|Any CPU
		{2F1E5E23-7923-457C-B997-8EBC18614959}.Release|x86.ActiveCfg = Release|Any CPU
		{2F1E5E23-7923-457C-B997-8EBC18614959}.Release|x86.Build.0 = Release|Any CPU
		{DE7C7E1C-5109-4A5D-813C-87D041944B2A}.Debug|Any CPU.ActiveCfg = Debug|Any CPU
		{DE7C7E1C-5109-4A5D-813C-87D041944B2A}.Debug|Any CPU.Build.0 = Debug|Any CPU
		{DE7C7E1C-5109-4A5D-813C-87D041944B2A}.Debug|x64.ActiveCfg = Debug|Any CPU
		{DE7C7E1C-5109-4A5D-813C-87D041944B2A}.Debug|x64.Build.0 = Debug|Any CPU
		{DE7C7E1C-5109-4A5D-813C-87D041944B2A}.Debug|x86.ActiveCfg = Debug|Any CPU
		{DE7C7E1C-5109-4A5D-813C-87D041944B2A}.Debug|x86.Build.0 = Debug|Any CPU
		{DE7C7E1C-5109-4A5D-813C-87D041944B2A}.Release|Any CPU.ActiveCfg = Release|Any CPU
		{DE7C7E1C-5109-4A5D-813C-87D041944B2A}.Release|Any CPU.Build.0 = Release|Any CPU
		{DE7C7E1C-5109-4A5D-813C-87D041944B2A}.Release|x64.ActiveCfg = Release|Any CPU
		{DE7C7E1C-5109-4A5D-813C-87D041944B2A}.Release|x64.Build.0 = Release|Any CPU
		{DE7C7E1C-5109-4A5D-813C-87D041944B2A}.Release|x86.ActiveCfg = Release|Any CPU
		{DE7C7E1C-5109-4A5D-813C-87D041944B2A}.Release|x86.Build.0 = Release|Any CPU
	EndGlobalSection
	GlobalSection(SolutionProperties) = preSolution
		HideSolutionNode = FALSE
	EndGlobalSection
	GlobalSection(NestedProjects) = preSolution
		{3CB20141-8555-D9D5-CFED-23D2E894788F} = {183AEB3A-A086-1D8D-C95E-6378F77647C3}
		{09A9E3F5-8161-41C4-9052-8C75A6B5DE3A} = {3CB20141-8555-D9D5-CFED-23D2E894788F}
		{9098CA66-B7C1-40EA-9F57-B729893B0226} = {3CB20141-8555-D9D5-CFED-23D2E894788F}
		{386DD515-909A-4093-958F-AEFF62ED1E11} = {3CB20141-8555-D9D5-CFED-23D2E894788F}
		{9A4D914E-920B-4418-BA27-5C285D31DF33} = {3CB20141-8555-D9D5-CFED-23D2E894788F}
		{81EA3F93-C322-4AEB-9B4C-635C6B005668} = {881589EE-639B-0A35-DBCE-5D94E4FC90C0}
		{3237CAA0-501D-4BFB-8A8D-5BE849A7B5BD} = {3CB20141-8555-D9D5-CFED-23D2E894788F}
		{A300A90C-4F4D-E66D-E3DF-AE6A69339320} = {183AEB3A-A086-1D8D-C95E-6378F77647C3}
		{3CFD57EF-5880-4159-B932-92F46119DD9E} = {A300A90C-4F4D-E66D-E3DF-AE6A69339320}
		{A3D98FE9-4357-464D-AF75-B7C7E18C2B6B} = {A300A90C-4F4D-E66D-E3DF-AE6A69339320}
		{4D2942DA-0B09-4E11-9E00-B1D23A3DC995} = {A300A90C-4F4D-E66D-E3DF-AE6A69339320}
		{D0916B7D-F7B6-7D7C-08CD-3AA4546D8309} = {50761A8C-3A0B-6B1B-86AD-17AC9E1B806D}
		{E172F8DB-F3E4-415A-B1B4-FB3B6EFCD897} = {D0916B7D-F7B6-7D7C-08CD-3AA4546D8309}
		{CCD1486B-E573-4C85-9B1C-D2E68D07528F} = {D0916B7D-F7B6-7D7C-08CD-3AA4546D8309}
		{DF798C3F-9DD0-48AB-B579-C61B1EFADB41} = {D0916B7D-F7B6-7D7C-08CD-3AA4546D8309}
		{E55AA44C-4185-4434-897E-F5D389D05D37} = {D0916B7D-F7B6-7D7C-08CD-3AA4546D8309}
		{FFEBB9EB-A2F1-4618-A130-F710D8303E6A} = {D0916B7D-F7B6-7D7C-08CD-3AA4546D8309}
		{53585997-BAD8-123F-4C15-056B52BC11E2} = {50761A8C-3A0B-6B1B-86AD-17AC9E1B806D}
		{B2C962C2-B6F1-449F-B473-A7E904170FE6} = {53585997-BAD8-123F-4C15-056B52BC11E2}
		{90F30FE5-CF3C-4004-8895-8923801A90E7} = {53585997-BAD8-123F-4C15-056B52BC11E2}
		{31564CAF-9E10-4244-8F66-932002F3B018} = {53585997-BAD8-123F-4C15-056B52BC11E2}
		{34E1D563-C794-955F-7ABD-66C97578211F} = {7A31CED4-1678-4AF3-8F73-6A118B9DA039}
		{C001016C-46DC-4B8F-9BDC-62D3CA63D301} = {34E1D563-C794-955F-7ABD-66C97578211F}
		{61AFA2BF-438D-4A37-8EE1-5ED48F3323B4} = {34E1D563-C794-955F-7ABD-66C97578211F}
		{F6245F8C-7FED-4DD7-B08E-176F313B9F38} = {34E1D563-C794-955F-7ABD-66C97578211F}
		{E6ECADB9-951D-497B-8B51-293745D07F57} = {34E1D563-C794-955F-7ABD-66C97578211F}
		{821D9E03-B2BE-4FDA-8951-67A25079005A} = {34E1D563-C794-955F-7ABD-66C97578211F}
		{32AD1035-1400-9555-4A74-6DDE1C456F2C} = {7A31CED4-1678-4AF3-8F73-6A118B9DA039}
		{A5D84B27-BF00-4324-9D9E-CA1A0B7110A4} = {32AD1035-1400-9555-4A74-6DDE1C456F2C}
		{CC825484-E670-4927-853C-BD944469D874} = {32AD1035-1400-9555-4A74-6DDE1C456F2C}
		{DB5865FA-74F7-4468-9AC6-09B3603DB834} = {32AD1035-1400-9555-4A74-6DDE1C456F2C}
		{034FBFF3-E7D6-CF4D-3EA3-F6EAB3F294C5} = {656ADCE7-36FE-61D8-14B8-18D756126A69}
		{F8EE284C-27A3-4C4D-9CE3-EA83B19A9ABC} = {034FBFF3-E7D6-CF4D-3EA3-F6EAB3F294C5}
		{1057CE16-C10E-4F8D-B19A-1B9CEA70C2AC} = {034FBFF3-E7D6-CF4D-3EA3-F6EAB3F294C5}
		{971492FA-9EE3-4F09-B12E-276F66E6816F} = {034FBFF3-E7D6-CF4D-3EA3-F6EAB3F294C5}
		{987436BA-9482-45D1-91B5-D07290FCBE90} = {034FBFF3-E7D6-CF4D-3EA3-F6EAB3F294C5}
		{33A82C00-262A-4465-8DD5-7DF00BF5D3A8} = {034FBFF3-E7D6-CF4D-3EA3-F6EAB3F294C5}
		{AF283091-B643-A340-C090-7E6E6621A3CC} = {656ADCE7-36FE-61D8-14B8-18D756126A69}
		{08DB25FE-7509-4647-932B-FCB5E906509D} = {AF283091-B643-A340-C090-7E6E6621A3CC}
		{E315C423-8C18-45B0-9ED4-7E6944AE03B0} = {AF283091-B643-A340-C090-7E6E6621A3CC}
		{1ED94F89-823F-4BB4-8A0B-762AC741544F} = {AF283091-B643-A340-C090-7E6E6621A3CC}
		{7F3CD820-A31C-356C-5106-B97A4827013E} = {C30EA34C-96E3-EEAB-A84E-085AED71DD06}
		{EF027ACC-7607-4D30-9D1E-A09CEFC42949} = {7F3CD820-A31C-356C-5106-B97A4827013E}
		{C1D19694-8153-412D-BE21-27ECFCFD9BEB} = {7F3CD820-A31C-356C-5106-B97A4827013E}
		{AC186FD5-9B89-4640-A831-5263E927326E} = {7F3CD820-A31C-356C-5106-B97A4827013E}
		{FA47AF85-16C9-4748-B815-119A691DEA85} = {7F3CD820-A31C-356C-5106-B97A4827013E}
		{4C2BA4B0-6112-485A-A514-4FB30A830A00} = {7F3CD820-A31C-356C-5106-B97A4827013E}
		{D6FFD3C4-CCDB-586F-7058-3ADD534D28AF} = {C30EA34C-96E3-EEAB-A84E-085AED71DD06}
		{60C64198-2B4C-4372-951A-9C2BBEFE1F10} = {D6FFD3C4-CCDB-586F-7058-3ADD534D28AF}
		{C9CBAFA7-7CA8-43FD-BC00-B516FA08E15A} = {D6FFD3C4-CCDB-586F-7058-3ADD534D28AF}
		{BBE71491-CAA4-4A76-BAE4-54DBC6F8EA0D} = {D6FFD3C4-CCDB-586F-7058-3ADD534D28AF}
		{6180DF33-8EC6-CA37-81A6-74D3803ADDAF} = {AC44E953-FBF7-43F7-5893-5EE45FA3B44C}
		{8173E404-C9E6-40DD-A171-054409E6A800} = {6180DF33-8EC6-CA37-81A6-74D3803ADDAF}
		{5ACA8BA6-6BF0-4F20-A24D-70F4427726F1} = {6180DF33-8EC6-CA37-81A6-74D3803ADDAF}
		{E9831508-99BE-4A3B-AA8B-D02582DD991E} = {6180DF33-8EC6-CA37-81A6-74D3803ADDAF}
		{4B107390-A2CE-4936-9918-8D701DF4562D} = {6180DF33-8EC6-CA37-81A6-74D3803ADDAF}
		{3B06CBA4-1239-4AC7-B45F-61DE5BBCDE3F} = {6180DF33-8EC6-CA37-81A6-74D3803ADDAF}
		{050ABA88-3343-E225-D078-A3926DD338F1} = {AC44E953-FBF7-43F7-5893-5EE45FA3B44C}
		{0DA0194F-9774-4DAC-B067-74211C3ACB98} = {050ABA88-3343-E225-D078-A3926DD338F1}
		{4E96B30E-F916-4940-8685-3602F7208EF5} = {050ABA88-3343-E225-D078-A3926DD338F1}
		{1DB19B49-98EF-4228-A1AE-44ECD74DC09E} = {050ABA88-3343-E225-D078-A3926DD338F1}
		{5A38F9E7-BBD8-0BBD-2E3D-BCABB4BC4F16} = {1D31C3EA-2096-3861-CDDD-00F4D8869B7A}
		{EE250666-7040-401B-B6E3-7F6FFA0161B2} = {5A38F9E7-BBD8-0BBD-2E3D-BCABB4BC4F16}
		{4BAA13D6-BE19-4CBB-A233-0099F95D1997} = {5A38F9E7-BBD8-0BBD-2E3D-BCABB4BC4F16}
		{F79DB364-63A9-461C-AF59-F1541755D0CB} = {5A38F9E7-BBD8-0BBD-2E3D-BCABB4BC4F16}
		{5C1A5033-D86B-4C59-A2C8-EB8303A5E6B0} = {5A38F9E7-BBD8-0BBD-2E3D-BCABB4BC4F16}
		{03D4485B-C6D2-4778-8446-1E3AEF1F339A} = {5A38F9E7-BBD8-0BBD-2E3D-BCABB4BC4F16}
		{9B7DF384-B464-D7A3-0602-F7260FD96D1C} = {1D31C3EA-2096-3861-CDDD-00F4D8869B7A}
		{3041CBB2-18A8-42AE-851E-37A024A1D416} = {9B7DF384-B464-D7A3-0602-F7260FD96D1C}
		{2C20FE27-2377-402D-BD7B-8C2198A05EE5} = {9B7DF384-B464-D7A3-0602-F7260FD96D1C}
		{94105B5E-1BA7-4ED5-A62F-78CE9B52239D} = {9B7DF384-B464-D7A3-0602-F7260FD96D1C}
		{51F907E6-C81A-B762-572B-A7A8D66A0740} = {A7BA4532-CCBD-B6D2-D9F7-D3EA57F9CAE7}
		{47E7C296-4FEF-484A-93BB-8B758CF442CF} = {51F907E6-C81A-B762-572B-A7A8D66A0740}
		{A53E0366-4D6F-46C8-BCAF-09E8C2C20577} = {51F907E6-C81A-B762-572B-A7A8D66A0740}
		{B470852B-3A14-4C91-90F4-812DD21DE4C1} = {51F907E6-C81A-B762-572B-A7A8D66A0740}
		{D8509230-1CB7-461B-A1C3-B925B38A1A2B} = {51F907E6-C81A-B762-572B-A7A8D66A0740}
		{61178A56-E9C0-4ADF-B329-8173D3F24B51} = {51F907E6-C81A-B762-572B-A7A8D66A0740}
		{263194B8-FA24-3D1C-5B63-79CB7C5150E3} = {A7BA4532-CCBD-B6D2-D9F7-D3EA57F9CAE7}
		{D176F814-322D-4995-A8C4-0A964A577AD9} = {263194B8-FA24-3D1C-5B63-79CB7C5150E3}
		{3EBF9905-6D66-4112-85A4-9CF9BD901E13} = {263194B8-FA24-3D1C-5B63-79CB7C5150E3}
		{A1C8B15B-0552-41A4-8FCB-A3687E13E3C5} = {263194B8-FA24-3D1C-5B63-79CB7C5150E3}
		{B83B5E00-1A17-1556-E2B1-086421A61E58} = {EFF5811A-4251-EA7D-D1FE-643A457810E2}
		{870498F0-68E3-4D67-978C-DD0EC0855429} = {B83B5E00-1A17-1556-E2B1-086421A61E58}
		{B86A9AA0-8BA9-447A-B6F1-752CCF1CCB88} = {B83B5E00-1A17-1556-E2B1-086421A61E58}
		{6B9A3D1C-2654-4F5F-B361-7932C64F5770} = {B83B5E00-1A17-1556-E2B1-086421A61E58}
		{07208097-5883-4C3E-89D0-D2356765613D} = {B83B5E00-1A17-1556-E2B1-086421A61E58}
		{86ABD6A0-D8C3-4A10-8BCE-E601A261BB0F} = {B83B5E00-1A17-1556-E2B1-086421A61E58}
		{7F932D5E-134A-EB48-D8B1-EB6C7E0444A2} = {EFF5811A-4251-EA7D-D1FE-643A457810E2}
		{43CD4E58-EA2B-4CBD-9BBB-98058BD4727E} = {7F932D5E-134A-EB48-D8B1-EB6C7E0444A2}
		{2F1E5E23-7923-457C-B997-8EBC18614959} = {7F932D5E-134A-EB48-D8B1-EB6C7E0444A2}
		{DE7C7E1C-5109-4A5D-813C-87D041944B2A} = {7F932D5E-134A-EB48-D8B1-EB6C7E0444A2}
	EndGlobalSection
EndGlobal
