
Microsoft Visual Studio Solution File, Format Version 12.00
# Visual Studio Version 17
VisualStudioVersion = 17.0.31903.59
MinimumVisualStudioVersion = 10.0.40219.1
Project("{2150E333-8FDC-42A3-9474-1A3956D46DE8}") = "src", "src", "{827E0CD3-B72D-47B6-A68D-7590B98EB39B}"
EndProject
Project("{FAE04EC0-301F-11D3-BF4B-00C04F79EFBC}") = "FootballCatch.Stats.Domain", "src\FootballCatch.Stats.Domain\FootballCatch.Stats.Domain.csproj", "{494E295E-0C06-42A7-A626-30CAB73BFE96}"
EndProject
Project("{FAE04EC0-301F-11D3-BF4B-00C04F79EFBC}") = "FootballCatch.Stats.Application", "src\FootballCatch.Stats.Application\FootballCatch.Stats.Application.csproj", "{A99BA4DF-0910-47B9-8732-E199CF5B356A}"
EndProject
Project("{FAE04EC0-301F-11D3-BF4B-00C04F79EFBC}") = "FootballCatch.Stats.Infrastructure", "src\FootballCatch.Stats.Infrastructure\FootballCatch.Stats.Infrastructure.csproj", "{3BD054B6-C991-41BC-B960-B6262EE5608D}"
EndProject
Project("{FAE04EC0-301F-11D3-BF4B-00C04F79EFBC}") = "FootballCatch.Stats.Api", "src\FootballCatch.Stats.Api\FootballCatch.Stats.Api.csproj", "{C24FCD72-7ABF-423B-959D-ED955AF5D172}"
EndProject
Project("{FAE04EC0-301F-11D3-BF4B-00C04F79EFBC}") = "FootballCatch.Stats.Migrations", "src\FootballCatch.Stats.Migrations\FootballCatch.Stats.Migrations.csproj", "{653E2D3A-F60E-42A2-9FD0-970696DC1261}"
EndProject
Project("{2150E333-8FDC-42A3-9474-1A3956D46DE8}") = "tests", "tests", "{0AB3BF05-4346-4AA6-1389-037BE0695223}"
EndProject
Project("{FAE04EC0-301F-11D3-BF4B-00C04F79EFBC}") = "FootballCatch.Stats.UnitTests", "tests\FootballCatch.Stats.UnitTests\FootballCatch.Stats.UnitTests.csproj", "{73F19057-63AD-42B7-85E1-509F57FEEA95}"
EndProject
Project("{FAE04EC0-301F-11D3-BF4B-00C04F79EFBC}") = "FootballCatch.Stats.IntegrationTests", "tests\FootballCatch.Stats.IntegrationTests\FootballCatch.Stats.IntegrationTests.csproj", "{449F1D86-760A-4F93-8F16-5A97237DF004}"
EndProject
Project("{FAE04EC0-301F-11D3-BF4B-00C04F79EFBC}") = "FootballCatch.Stats.Tests.Infrastructure", "tests\FootballCatch.Stats.Tests.Infrastructure\FootballCatch.Stats.Tests.Infrastructure.csproj", "{7E4479C4-0611-46CD-BC7B-F84396D2F769}"
EndProject
Global
	GlobalSection(SolutionConfigurationPlatforms) = preSolution
		Debug|Any CPU = Debug|Any CPU
		Debug|x64 = Debug|x64
		Debug|x86 = Debug|x86
		Release|Any CPU = Release|Any CPU
		Release|x64 = Release|x64
		Release|x86 = Release|x86
	EndGlobalSection
	GlobalSection(ProjectConfigurationPlatforms) = postSolution
		{494E295E-0C06-42A7-A626-30CAB73BFE96}.Debug|Any CPU.ActiveCfg = Debug|Any CPU
		{494E295E-0C06-42A7-A626-30CAB73BFE96}.Debug|Any CPU.Build.0 = Debug|Any CPU
		{494E295E-0C06-42A7-A626-30CAB73BFE96}.Debug|x64.ActiveCfg = Debug|Any CPU
		{494E295E-0C06-42A7-A626-30CAB73BFE96}.Debug|x64.Build.0 = Debug|Any CPU
		{494E295E-0C06-42A7-A626-30CAB73BFE96}.Debug|x86.ActiveCfg = Debug|Any CPU
		{494E295E-0C06-42A7-A626-30CAB73BFE96}.Debug|x86.Build.0 = Debug|Any CPU
		{494E295E-0C06-42A7-A626-30CAB73BFE96}.Release|Any CPU.ActiveCfg = Release|Any CPU
		{494E295E-0C06-42A7-A626-30CAB73BFE96}.Release|Any CPU.Build.0 = Release|Any CPU
		{494E295E-0C06-42A7-A626-30CAB73BFE96}.Release|x64.ActiveCfg = Release|Any CPU
		{494E295E-0C06-42A7-A626-30CAB73BFE96}.Release|x64.Build.0 = Release|Any CPU
		{494E295E-0C06-42A7-A626-30CAB73BFE96}.Release|x86.ActiveCfg = Release|Any CPU
		{494E295E-0C06-42A7-A626-30CAB73BFE96}.Release|x86.Build.0 = Release|Any CPU
		{A99BA4DF-0910-47B9-8732-E199CF5B356A}.Debug|Any CPU.ActiveCfg = Debug|Any CPU
		{A99BA4DF-0910-47B9-8732-E199CF5B356A}.Debug|Any CPU.Build.0 = Debug|Any CPU
		{A99BA4DF-0910-47B9-8732-E199CF5B356A}.Debug|x64.ActiveCfg = Debug|Any CPU
		{A99BA4DF-0910-47B9-8732-E199CF5B356A}.Debug|x64.Build.0 = Debug|Any CPU
		{A99BA4DF-0910-47B9-8732-E199CF5B356A}.Debug|x86.ActiveCfg = Debug|Any CPU
		{A99BA4DF-0910-47B9-8732-E199CF5B356A}.Debug|x86.Build.0 = Debug|Any CPU
		{A99BA4DF-0910-47B9-8732-E199CF5B356A}.Release|Any CPU.ActiveCfg = Release|Any CPU
		{A99BA4DF-0910-47B9-8732-E199CF5B356A}.Release|Any CPU.Build.0 = Release|Any CPU
		{A99BA4DF-0910-47B9-8732-E199CF5B356A}.Release|x64.ActiveCfg = Release|Any CPU
		{A99BA4DF-0910-47B9-8732-E199CF5B356A}.Release|x64.Build.0 = Release|Any CPU
		{A99BA4DF-0910-47B9-8732-E199CF5B356A}.Release|x86.ActiveCfg = Release|Any CPU
		{A99BA4DF-0910-47B9-8732-E199CF5B356A}.Release|x86.Build.0 = Release|Any CPU
		{3BD054B6-C991-41BC-B960-B6262EE5608D}.Debug|Any CPU.ActiveCfg = Debug|Any CPU
		{3BD054B6-C991-41BC-B960-B6262EE5608D}.Debug|Any CPU.Build.0 = Debug|Any CPU
		{3BD054B6-C991-41BC-B960-B6262EE5608D}.Debug|x64.ActiveCfg = Debug|Any CPU
		{3BD054B6-C991-41BC-B960-B6262EE5608D}.Debug|x64.Build.0 = Debug|Any CPU
		{3BD054B6-C991-41BC-B960-B6262EE5608D}.Debug|x86.ActiveCfg = Debug|Any CPU
		{3BD054B6-C991-41BC-B960-B6262EE5608D}.Debug|x86.Build.0 = Debug|Any CPU
		{3BD054B6-C991-41BC-B960-B6262EE5608D}.Release|Any CPU.ActiveCfg = Release|Any CPU
		{3BD054B6-C991-41BC-B960-B6262EE5608D}.Release|Any CPU.Build.0 = Release|Any CPU
		{3BD054B6-C991-41BC-B960-B6262EE5608D}.Release|x64.ActiveCfg = Release|Any CPU
		{3BD054B6-C991-41BC-B960-B6262EE5608D}.Release|x64.Build.0 = Release|Any CPU
		{3BD054B6-C991-41BC-B960-B6262EE5608D}.Release|x86.ActiveCfg = Release|Any CPU
		{3BD054B6-C991-41BC-B960-B6262EE5608D}.Release|x86.Build.0 = Release|Any CPU
		{C24FCD72-7ABF-423B-959D-ED955AF5D172}.Debug|Any CPU.ActiveCfg = Debug|Any CPU
		{C24FCD72-7ABF-423B-959D-ED955AF5D172}.Debug|Any CPU.Build.0 = Debug|Any CPU
		{C24FCD72-7ABF-423B-959D-ED955AF5D172}.Debug|x64.ActiveCfg = Debug|Any CPU
		{C24FCD72-7ABF-423B-959D-ED955AF5D172}.Debug|x64.Build.0 = Debug|Any CPU
		{C24FCD72-7ABF-423B-959D-ED955AF5D172}.Debug|x86.ActiveCfg = Debug|Any CPU
		{C24FCD72-7ABF-423B-959D-ED955AF5D172}.Debug|x86.Build.0 = Debug|Any CPU
		{C24FCD72-7ABF-423B-959D-ED955AF5D172}.Release|Any CPU.ActiveCfg = Release|Any CPU
		{C24FCD72-7ABF-423B-959D-ED955AF5D172}.Release|Any CPU.Build.0 = Release|Any CPU
		{C24FCD72-7ABF-423B-959D-ED955AF5D172}.Release|x64.ActiveCfg = Release|Any CPU
		{C24FCD72-7ABF-423B-959D-ED955AF5D172}.Release|x64.Build.0 = Release|Any CPU
		{C24FCD72-7ABF-423B-959D-ED955AF5D172}.Release|x86.ActiveCfg = Release|Any CPU
		{C24FCD72-7ABF-423B-959D-ED955AF5D172}.Release|x86.Build.0 = Release|Any CPU
		{653E2D3A-F60E-42A2-9FD0-970696DC1261}.Debug|Any CPU.ActiveCfg = Debug|Any CPU
		{653E2D3A-F60E-42A2-9FD0-970696DC1261}.Debug|Any CPU.Build.0 = Debug|Any CPU
		{653E2D3A-F60E-42A2-9FD0-970696DC1261}.Debug|x64.ActiveCfg = Debug|Any CPU
		{653E2D3A-F60E-42A2-9FD0-970696DC1261}.Debug|x64.Build.0 = Debug|Any CPU
		{653E2D3A-F60E-42A2-9FD0-970696DC1261}.Debug|x86.ActiveCfg = Debug|Any CPU
		{653E2D3A-F60E-42A2-9FD0-970696DC1261}.Debug|x86.Build.0 = Debug|Any CPU
		{653E2D3A-F60E-42A2-9FD0-970696DC1261}.Release|Any CPU.ActiveCfg = Release|Any CPU
		{653E2D3A-F60E-42A2-9FD0-970696DC1261}.Release|Any CPU.Build.0 = Release|Any CPU
		{653E2D3A-F60E-42A2-9FD0-970696DC1261}.Release|x64.ActiveCfg = Release|Any CPU
		{653E2D3A-F60E-42A2-9FD0-970696DC1261}.Release|x64.Build.0 = Release|Any CPU
		{653E2D3A-F60E-42A2-9FD0-970696DC1261}.Release|x86.ActiveCfg = Release|Any CPU
		{653E2D3A-F60E-42A2-9FD0-970696DC1261}.Release|x86.Build.0 = Release|Any CPU
		{73F19057-63AD-42B7-85E1-509F57FEEA95}.Debug|Any CPU.ActiveCfg = Debug|Any CPU
		{73F19057-63AD-42B7-85E1-509F57FEEA95}.Debug|Any CPU.Build.0 = Debug|Any CPU
		{73F19057-63AD-42B7-85E1-509F57FEEA95}.Debug|x64.ActiveCfg = Debug|Any CPU
		{73F19057-63AD-42B7-85E1-509F57FEEA95}.Debug|x64.Build.0 = Debug|Any CPU
		{73F19057-63AD-42B7-85E1-509F57FEEA95}.Debug|x86.ActiveCfg = Debug|Any CPU
		{73F19057-63AD-42B7-85E1-509F57FEEA95}.Debug|x86.Build.0 = Debug|Any CPU
		{73F19057-63AD-42B7-85E1-509F57FEEA95}.Release|Any CPU.ActiveCfg = Release|Any CPU
		{73F19057-63AD-42B7-85E1-509F57FEEA95}.Release|Any CPU.Build.0 = Release|Any CPU
		{73F19057-63AD-42B7-85E1-509F57FEEA95}.Release|x64.ActiveCfg = Release|Any CPU
		{73F19057-63AD-42B7-85E1-509F57FEEA95}.Release|x64.Build.0 = Release|Any CPU
		{73F19057-63AD-42B7-85E1-509F57FEEA95}.Release|x86.ActiveCfg = Release|Any CPU
		{73F19057-63AD-42B7-85E1-509F57FEEA95}.Release|x86.Build.0 = Release|Any CPU
		{449F1D86-760A-4F93-8F16-5A97237DF004}.Debug|Any CPU.ActiveCfg = Debug|Any CPU
		{449F1D86-760A-4F93-8F16-5A97237DF004}.Debug|Any CPU.Build.0 = Debug|Any CPU
		{449F1D86-760A-4F93-8F16-5A97237DF004}.Debug|x64.ActiveCfg = Debug|Any CPU
		{449F1D86-760A-4F93-8F16-5A97237DF004}.Debug|x64.Build.0 = Debug|Any CPU
		{449F1D86-760A-4F93-8F16-5A97237DF004}.Debug|x86.ActiveCfg = Debug|Any CPU
		{449F1D86-760A-4F93-8F16-5A97237DF004}.Debug|x86.Build.0 = Debug|Any CPU
		{449F1D86-760A-4F93-8F16-5A97237DF004}.Release|Any CPU.ActiveCfg = Release|Any CPU
		{449F1D86-760A-4F93-8F16-5A97237DF004}.Release|Any CPU.Build.0 = Release|Any CPU
		{449F1D86-760A-4F93-8F16-5A97237DF004}.Release|x64.ActiveCfg = Release|Any CPU
		{449F1D86-760A-4F93-8F16-5A97237DF004}.Release|x64.Build.0 = Release|Any CPU
		{449F1D86-760A-4F93-8F16-5A97237DF004}.Release|x86.ActiveCfg = Release|Any CPU
		{449F1D86-760A-4F93-8F16-5A97237DF004}.Release|x86.Build.0 = Release|Any CPU
		{7E4479C4-0611-46CD-BC7B-F84396D2F769}.Debug|Any CPU.ActiveCfg = Debug|Any CPU
		{7E4479C4-0611-46CD-BC7B-F84396D2F769}.Debug|Any CPU.Build.0 = Debug|Any CPU
		{7E4479C4-0611-46CD-BC7B-F84396D2F769}.Debug|x64.ActiveCfg = Debug|Any CPU
		{7E4479C4-0611-46CD-BC7B-F84396D2F769}.Debug|x64.Build.0 = Debug|Any CPU
		{7E4479C4-0611-46CD-BC7B-F84396D2F769}.Debug|x86.ActiveCfg = Debug|Any CPU
		{7E4479C4-0611-46CD-BC7B-F84396D2F769}.Debug|x86.Build.0 = Debug|Any CPU
		{7E4479C4-0611-46CD-BC7B-F84396D2F769}.Release|Any CPU.ActiveCfg = Release|Any CPU
		{7E4479C4-0611-46CD-BC7B-F84396D2F769}.Release|Any CPU.Build.0 = Release|Any CPU
		{7E4479C4-0611-46CD-BC7B-F84396D2F769}.Release|x64.ActiveCfg = Release|Any CPU
		{7E4479C4-0611-46CD-BC7B-F84396D2F769}.Release|x64.Build.0 = Release|Any CPU
		{7E4479C4-0611-46CD-BC7B-F84396D2F769}.Release|x86.ActiveCfg = Release|Any CPU
		{7E4479C4-0611-46CD-BC7B-F84396D2F769}.Release|x86.Build.0 = Release|Any CPU
	EndGlobalSection
	GlobalSection(SolutionProperties) = preSolution
		HideSolutionNode = FALSE
	EndGlobalSection
	GlobalSection(NestedProjects) = preSolution
		{494E295E-0C06-42A7-A626-30CAB73BFE96} = {827E0CD3-B72D-47B6-A68D-7590B98EB39B}
		{A99BA4DF-0910-47B9-8732-E199CF5B356A} = {827E0CD3-B72D-47B6-A68D-7590B98EB39B}
		{3BD054B6-C991-41BC-B960-B6262EE5608D} = {827E0CD3-B72D-47B6-A68D-7590B98EB39B}
		{C24FCD72-7ABF-423B-959D-ED955AF5D172} = {827E0CD3-B72D-47B6-A68D-7590B98EB39B}
		{653E2D3A-F60E-42A2-9FD0-970696DC1261} = {827E0CD3-B72D-47B6-A68D-7590B98EB39B}
		{73F19057-63AD-42B7-85E1-509F57FEEA95} = {0AB3BF05-4346-4AA6-1389-037BE0695223}
		{449F1D86-760A-4F93-8F16-5A97237DF004} = {0AB3BF05-4346-4AA6-1389-037BE0695223}
		{7E4479C4-0611-46CD-BC7B-F84396D2F769} = {0AB3BF05-4346-4AA6-1389-037BE0695223}
	EndGlobalSection
EndGlobal
