
Microsoft Visual Studio Solution File, Format Version 12.00
# Visual Studio Version 17
VisualStudioVersion = 17.0.31903.59
MinimumVisualStudioVersion = 10.0.40219.1
Project("{2150E333-8FDC-42A3-9474-1A3956D46DE8}") = "src", "src", "{827E0CD3-B72D-47B6-A68D-7590B98EB39B}"
EndProject
Project("{FAE04EC0-301F-11D3-BF4B-00C04F79EFBC}") = "FootballCatch.Predictions.Domain", "src\FootballCatch.Predictions.Domain\FootballCatch.Predictions.Domain.csproj", "{B79B1E51-D6E1-459C-8FE2-706FFEF4408E}"
EndProject
Project("{FAE04EC0-301F-11D3-BF4B-00C04F79EFBC}") = "FootballCatch.Predictions.Application", "src\FootballCatch.Predictions.Application\FootballCatch.Predictions.Application.csproj", "{06F960FB-6894-4439-A899-F7CC9D04A468}"
EndProject
Project("{FAE04EC0-301F-11D3-BF4B-00C04F79EFBC}") = "FootballCatch.Predictions.Infrastructure", "src\FootballCatch.Predictions.Infrastructure\FootballCatch.Predictions.Infrastructure.csproj", "{FC477AE4-F459-4DC2-A5CC-CA7EDA4A506F}"
EndProject
Project("{FAE04EC0-301F-11D3-BF4B-00C04F79EFBC}") = "FootballCatch.Predictions.Api", "src\FootballCatch.Predictions.Api\FootballCatch.Predictions.Api.csproj", "{A7FE5BFD-5286-42A7-B174-B5227894FAB6}"
EndProject
Project("{FAE04EC0-301F-11D3-BF4B-00C04F79EFBC}") = "FootballCatch.Predictions.Migrations", "src\FootballCatch.Predictions.Migrations\FootballCatch.Predictions.Migrations.csproj", "{4D0356C7-77B5-4DEB-94FC-E287BD768467}"
EndProject
Project("{2150E333-8FDC-42A3-9474-1A3956D46DE8}") = "tests", "tests", "{0AB3BF05-4346-4AA6-1389-037BE0695223}"
EndProject
Project("{FAE04EC0-301F-11D3-BF4B-00C04F79EFBC}") = "FootballCatch.Predictions.UnitTests", "tests\FootballCatch.Predictions.UnitTests\FootballCatch.Predictions.UnitTests.csproj", "{BDFE2829-FE8E-4319-9124-D8CC04D1DBB3}"
EndProject
Project("{FAE04EC0-301F-11D3-BF4B-00C04F79EFBC}") = "FootballCatch.Predictions.IntegrationTests", "tests\FootballCatch.Predictions.IntegrationTests\FootballCatch.Predictions.IntegrationTests.csproj", "{18D75BAE-4174-4FFB-ACE5-E8A284605B38}"
EndProject
Project("{FAE04EC0-301F-11D3-BF4B-00C04F79EFBC}") = "FootballCatch.Predictions.Tests.Infrastructure", "tests\FootballCatch.Predictions.Tests.Infrastructure\FootballCatch.Predictions.Tests.Infrastructure.csproj", "{818DEF6B-15F1-4CEB-9824-A6D93865C231}"
EndProject
Global
	GlobalSection(SolutionConfigurationPlatforms) = preSolution
		Debug|Any CPU = Debug|Any CPU
		Debug|x64 = Debug|x64
		Debug|x86 = Debug|x86
		Release|Any CPU = Release|Any CPU
		Release|x64 = Release|x64
		Release|x86 = Release|x86
	EndGlobalSection
	GlobalSection(ProjectConfigurationPlatforms) = postSolution
		{B79B1E51-D6E1-459C-8FE2-706FFEF4408E}.Debug|Any CPU.ActiveCfg = Debug|Any CPU
		{B79B1E51-D6E1-459C-8FE2-706FFEF4408E}.Debug|Any CPU.Build.0 = Debug|Any CPU
		{B79B1E51-D6E1-459C-8FE2-706FFEF4408E}.Debug|x64.ActiveCfg = Debug|Any CPU
		{B79B1E51-D6E1-459C-8FE2-706FFEF4408E}.Debug|x64.Build.0 = Debug|Any CPU
		{B79B1E51-D6E1-459C-8FE2-706FFEF4408E}.Debug|x86.ActiveCfg = Debug|Any CPU
		{B79B1E51-D6E1-459C-8FE2-706FFEF4408E}.Debug|x86.Build.0 = Debug|Any CPU
		{B79B1E51-D6E1-459C-8FE2-706FFEF4408E}.Release|Any CPU.ActiveCfg = Release|Any CPU
		{B79B1E51-D6E1-459C-8FE2-706FFEF4408E}.Release|Any CPU.Build.0 = Release|Any CPU
		{B79B1E51-D6E1-459C-8FE2-706FFEF4408E}.Release|x64.ActiveCfg = Release|Any CPU
		{B79B1E51-D6E1-459C-8FE2-706FFEF4408E}.Release|x64.Build.0 = Release|Any CPU
		{B79B1E51-D6E1-459C-8FE2-706FFEF4408E}.Release|x86.ActiveCfg = Release|Any CPU
		{B79B1E51-D6E1-459C-8FE2-706FFEF4408E}.Release|x86.Build.0 = Release|Any CPU
		{06F960FB-6894-4439-A899-F7CC9D04A468}.Debug|Any CPU.ActiveCfg = Debug|Any CPU
		{06F960FB-6894-4439-A899-F7CC9D04A468}.Debug|Any CPU.Build.0 = Debug|Any CPU
		{06F960FB-6894-4439-A899-F7CC9D04A468}.Debug|x64.ActiveCfg = Debug|Any CPU
		{06F960FB-6894-4439-A899-F7CC9D04A468}.Debug|x64.Build.0 = Debug|Any CPU
		{06F960FB-6894-4439-A899-F7CC9D04A468}.Debug|x86.ActiveCfg = Debug|Any CPU
		{06F960FB-6894-4439-A899-F7CC9D04A468}.Debug|x86.Build.0 = Debug|Any CPU
		{06F960FB-6894-4439-A899-F7CC9D04A468}.Release|Any CPU.ActiveCfg = Release|Any CPU
		{06F960FB-6894-4439-A899-F7CC9D04A468}.Release|Any CPU.Build.0 = Release|Any CPU
		{06F960FB-6894-4439-A899-F7CC9D04A468}.Release|x64.ActiveCfg = Release|Any CPU
		{06F960FB-6894-4439-A899-F7CC9D04A468}.Release|x64.Build.0 = Release|Any CPU
		{06F960FB-6894-4439-A899-F7CC9D04A468}.Release|x86.ActiveCfg = Release|Any CPU
		{06F960FB-6894-4439-A899-F7CC9D04A468}.Release|x86.Build.0 = Release|Any CPU
		{FC477AE4-F459-4DC2-A5CC-CA7EDA4A506F}.Debug|Any CPU.ActiveCfg = Debug|Any CPU
		{FC477AE4-F459-4DC2-A5CC-CA7EDA4A506F}.Debug|Any CPU.Build.0 = Debug|Any CPU
		{FC477AE4-F459-4DC2-A5CC-CA7EDA4A506F}.Debug|x64.ActiveCfg = Debug|Any CPU
		{FC477AE4-F459-4DC2-A5CC-CA7EDA4A506F}.Debug|x64.Build.0 = Debug|Any CPU
		{FC477AE4-F459-4DC2-A5CC-CA7EDA4A506F}.Debug|x86.ActiveCfg = Debug|Any CPU
		{FC477AE4-F459-4DC2-A5CC-CA7EDA4A506F}.Debug|x86.Build.0 = Debug|Any CPU
		{FC477AE4-F459-4DC2-A5CC-CA7EDA4A506F}.Release|Any CPU.ActiveCfg = Release|Any CPU
		{FC477AE4-F459-4DC2-A5CC-CA7EDA4A506F}.Release|Any CPU.Build.0 = Release|Any CPU
		{FC477AE4-F459-4DC2-A5CC-CA7EDA4A506F}.Release|x64.ActiveCfg = Release|Any CPU
		{FC477AE4-F459-4DC2-A5CC-CA7EDA4A506F}.Release|x64.Build.0 = Release|Any CPU
		{FC477AE4-F459-4DC2-A5CC-CA7EDA4A506F}.Release|x86.ActiveCfg = Release|Any CPU
		{FC477AE4-F459-4DC2-A5CC-CA7EDA4A506F}.Release|x86.Build.0 = Release|Any CPU
		{A7FE5BFD-5286-42A7-B174-B5227894FAB6}.Debug|Any CPU.ActiveCfg = Debug|Any CPU
		{A7FE5BFD-5286-42A7-B174-B5227894FAB6}.Debug|Any CPU.Build.0 = Debug|Any CPU
		{A7FE5BFD-5286-42A7-B174-B5227894FAB6}.Debug|x64.ActiveCfg = Debug|Any CPU
		{A7FE5BFD-5286-42A7-B174-B5227894FAB6}.Debug|x64.Build.0 = Debug|Any CPU
		{A7FE5BFD-5286-42A7-B174-B5227894FAB6}.Debug|x86.ActiveCfg = Debug|Any CPU
		{A7FE5BFD-5286-42A7-B174-B5227894FAB6}.Debug|x86.Build.0 = Debug|Any CPU
		{A7FE5BFD-5286-42A7-B174-B5227894FAB6}.Release|Any CPU.ActiveCfg = Release|Any CPU
		{A7FE5BFD-5286-42A7-B174-B5227894FAB6}.Release|Any CPU.Build.0 = Release|Any CPU
		{A7FE5BFD-5286-42A7-B174-B5227894FAB6}.Release|x64.ActiveCfg = Release|Any CPU
		{A7FE5BFD-5286-42A7-B174-B5227894FAB6}.Release|x64.Build.0 = Release|Any CPU
		{A7FE5BFD-5286-42A7-B174-B5227894FAB6}.Release|x86.ActiveCfg = Release|Any CPU
		{A7FE5BFD-5286-42A7-B174-B5227894FAB6}.Release|x86.Build.0 = Release|Any CPU
		{4D0356C7-77B5-4DEB-94FC-E287BD768467}.Debug|Any CPU.ActiveCfg = Debug|Any CPU
		{4D0356C7-77B5-4DEB-94FC-E287BD768467}.Debug|Any CPU.Build.0 = Debug|Any CPU
		{4D0356C7-77B5-4DEB-94FC-E287BD768467}.Debug|x64.ActiveCfg = Debug|Any CPU
		{4D0356C7-77B5-4DEB-94FC-E287BD768467}.Debug|x64.Build.0 = Debug|Any CPU
		{4D0356C7-77B5-4DEB-94FC-E287BD768467}.Debug|x86.ActiveCfg = Debug|Any CPU
		{4D0356C7-77B5-4DEB-94FC-E287BD768467}.Debug|x86.Build.0 = Debug|Any CPU
		{4D0356C7-77B5-4DEB-94FC-E287BD768467}.Release|Any CPU.ActiveCfg = Release|Any CPU
		{4D0356C7-77B5-4DEB-94FC-E287BD768467}.Release|Any CPU.Build.0 = Release|Any CPU
		{4D0356C7-77B5-4DEB-94FC-E287BD768467}.Release|x64.ActiveCfg = Release|Any CPU
		{4D0356C7-77B5-4DEB-94FC-E287BD768467}.Release|x64.Build.0 = Release|Any CPU
		{4D0356C7-77B5-4DEB-94FC-E287BD768467}.Release|x86.ActiveCfg = Release|Any CPU
		{4D0356C7-77B5-4DEB-94FC-E287BD768467}.Release|x86.Build.0 = Release|Any CPU
		{BDFE2829-FE8E-4319-9124-D8CC04D1DBB3}.Debug|Any CPU.ActiveCfg = Debug|Any CPU
		{BDFE2829-FE8E-4319-9124-D8CC04D1DBB3}.Debug|Any CPU.Build.0 = Debug|Any CPU
		{BDFE2829-FE8E-4319-9124-D8CC04D1DBB3}.Debug|x64.ActiveCfg = Debug|Any CPU
		{BDFE2829-FE8E-4319-9124-D8CC04D1DBB3}.Debug|x64.Build.0 = Debug|Any CPU
		{BDFE2829-FE8E-4319-9124-D8CC04D1DBB3}.Debug|x86.ActiveCfg = Debug|Any CPU
		{BDFE2829-FE8E-4319-9124-D8CC04D1DBB3}.Debug|x86.Build.0 = Debug|Any CPU
		{BDFE2829-FE8E-4319-9124-D8CC04D1DBB3}.Release|Any CPU.ActiveCfg = Release|Any CPU
		{BDFE2829-FE8E-4319-9124-D8CC04D1DBB3}.Release|Any CPU.Build.0 = Release|Any CPU
		{BDFE2829-FE8E-4319-9124-D8CC04D1DBB3}.Release|x64.ActiveCfg = Release|Any CPU
		{BDFE2829-FE8E-4319-9124-D8CC04D1DBB3}.Release|x64.Build.0 = Release|Any CPU
		{BDFE2829-FE8E-4319-9124-D8CC04D1DBB3}.Release|x86.ActiveCfg = Release|Any CPU
		{BDFE2829-FE8E-4319-9124-D8CC04D1DBB3}.Release|x86.Build.0 = Release|Any CPU
		{18D75BAE-4174-4FFB-ACE5-E8A284605B38}.Debug|Any CPU.ActiveCfg = Debug|Any CPU
		{18D75BAE-4174-4FFB-ACE5-E8A284605B38}.Debug|Any CPU.Build.0 = Debug|Any CPU
		{18D75BAE-4174-4FFB-ACE5-E8A284605B38}.Debug|x64.ActiveCfg = Debug|Any CPU
		{18D75BAE-4174-4FFB-ACE5-E8A284605B38}.Debug|x64.Build.0 = Debug|Any CPU
		{18D75BAE-4174-4FFB-ACE5-E8A284605B38}.Debug|x86.ActiveCfg = Debug|Any CPU
		{18D75BAE-4174-4FFB-ACE5-E8A284605B38}.Debug|x86.Build.0 = Debug|Any CPU
		{18D75BAE-4174-4FFB-ACE5-E8A284605B38}.Release|Any CPU.ActiveCfg = Release|Any CPU
		{18D75BAE-4174-4FFB-ACE5-E8A284605B38}.Release|Any CPU.Build.0 = Release|Any CPU
		{18D75BAE-4174-4FFB-ACE5-E8A284605B38}.Release|x64.ActiveCfg = Release|Any CPU
		{18D75BAE-4174-4FFB-ACE5-E8A284605B38}.Release|x64.Build.0 = Release|Any CPU
		{18D75BAE-4174-4FFB-ACE5-E8A284605B38}.Release|x86.ActiveCfg = Release|Any CPU
		{18D75BAE-4174-4FFB-ACE5-E8A284605B38}.Release|x86.Build.0 = Release|Any CPU
		{818DEF6B-15F1-4CEB-9824-A6D93865C231}.Debug|Any CPU.ActiveCfg = Debug|Any CPU
		{818DEF6B-15F1-4CEB-9824-A6D93865C231}.Debug|Any CPU.Build.0 = Debug|Any CPU
		{818DEF6B-15F1-4CEB-9824-A6D93865C231}.Debug|x64.ActiveCfg = Debug|Any CPU
		{818DEF6B-15F1-4CEB-9824-A6D93865C231}.Debug|x64.Build.0 = Debug|Any CPU
		{818DEF6B-15F1-4CEB-9824-A6D93865C231}.Debug|x86.ActiveCfg = Debug|Any CPU
		{818DEF6B-15F1-4CEB-9824-A6D93865C231}.Debug|x86.Build.0 = Debug|Any CPU
		{818DEF6B-15F1-4CEB-9824-A6D93865C231}.Release|Any CPU.ActiveCfg = Release|Any CPU
		{818DEF6B-15F1-4CEB-9824-A6D93865C231}.Release|Any CPU.Build.0 = Release|Any CPU
		{818DEF6B-15F1-4CEB-9824-A6D93865C231}.Release|x64.ActiveCfg = Release|Any CPU
		{818DEF6B-15F1-4CEB-9824-A6D93865C231}.Release|x64.Build.0 = Release|Any CPU
		{818DEF6B-15F1-4CEB-9824-A6D93865C231}.Release|x86.ActiveCfg = Release|Any CPU
		{818DEF6B-15F1-4CEB-9824-A6D93865C231}.Release|x86.Build.0 = Release|Any CPU
	EndGlobalSection
	GlobalSection(SolutionProperties) = preSolution
		HideSolutionNode = FALSE
	EndGlobalSection
	GlobalSection(NestedProjects) = preSolution
		{B79B1E51-D6E1-459C-8FE2-706FFEF4408E} = {827E0CD3-B72D-47B6-A68D-7590B98EB39B}
		{06F960FB-6894-4439-A899-F7CC9D04A468} = {827E0CD3-B72D-47B6-A68D-7590B98EB39B}
		{FC477AE4-F459-4DC2-A5CC-CA7EDA4A506F} = {827E0CD3-B72D-47B6-A68D-7590B98EB39B}
		{A7FE5BFD-5286-42A7-B174-B5227894FAB6} = {827E0CD3-B72D-47B6-A68D-7590B98EB39B}
		{4D0356C7-77B5-4DEB-94FC-E287BD768467} = {827E0CD3-B72D-47B6-A68D-7590B98EB39B}
		{BDFE2829-FE8E-4319-9124-D8CC04D1DBB3} = {0AB3BF05-4346-4AA6-1389-037BE0695223}
		{18D75BAE-4174-4FFB-ACE5-E8A284605B38} = {0AB3BF05-4346-4AA6-1389-037BE0695223}
		{818DEF6B-15F1-4CEB-9824-A6D93865C231} = {0AB3BF05-4346-4AA6-1389-037BE0695223}
	EndGlobalSection
EndGlobal
