
Microsoft Visual Studio Solution File, Format Version 12.00
# Visual Studio Version 17
VisualStudioVersion = 17.0.31903.59
MinimumVisualStudioVersion = 10.0.40219.1
Project("{2150E333-8FDC-42A3-9474-1A3956D46DE8}") = "src", "src", "{827E0CD3-B72D-47B6-A68D-7590B98EB39B}"
EndProject
Project("{FAE04EC0-301F-11D3-BF4B-00C04F79EFBC}") = "FootballCatch.Notifications.Domain", "src\FootballCatch.Notifications.Domain\FootballCatch.Notifications.Domain.csproj", "{73E378F5-9470-4273-B6E0-449A6FAF8C32}"
EndProject
Project("{FAE04EC0-301F-11D3-BF4B-00C04F79EFBC}") = "FootballCatch.Notifications.Application", "src\FootballCatch.Notifications.Application\FootballCatch.Notifications.Application.csproj", "{CA0A5196-0C1F-447B-8BAC-93CCA7637415}"
EndProject
Project("{FAE04EC0-301F-11D3-BF4B-00C04F79EFBC}") = "FootballCatch.Notifications.Infrastructure", "src\FootballCatch.Notifications.Infrastructure\FootballCatch.Notifications.Infrastructure.csproj", "{C46F6710-B170-4448-A292-CCA15995E037}"
EndProject
Project("{FAE04EC0-301F-11D3-BF4B-00C04F79EFBC}") = "FootballCatch.Notifications.Api", "src\FootballCatch.Notifications.Api\FootballCatch.Notifications.Api.csproj", "{8AA838A1-3844-45D8-92FC-8734AD5521E9}"
EndProject
Project("{FAE04EC0-301F-11D3-BF4B-00C04F79EFBC}") = "FootballCatch.Notifications.Migrations", "src\FootballCatch.Notifications.Migrations\FootballCatch.Notifications.Migrations.csproj", "{F6316637-C043-405A-83A9-62362D33D422}"
EndProject
Project("{2150E333-8FDC-42A3-9474-1A3956D46DE8}") = "tests", "tests", "{0AB3BF05-4346-4AA6-1389-037BE0695223}"
EndProject
Project("{FAE04EC0-301F-11D3-BF4B-00C04F79EFBC}") = "FootballCatch.Notifications.UnitTests", "tests\FootballCatch.Notifications.UnitTests\FootballCatch.Notifications.UnitTests.csproj", "{3D086073-A12F-4863-A50A-7A60F5ADFAFF}"
EndProject
Project("{FAE04EC0-301F-11D3-BF4B-00C04F79EFBC}") = "FootballCatch.Notifications.IntegrationTests", "tests\FootballCatch.Notifications.IntegrationTests\FootballCatch.Notifications.IntegrationTests.csproj", "{72056BD5-C656-41E1-B3D0-FC5EE6CB4BF2}"
EndProject
Project("{FAE04EC0-301F-11D3-BF4B-00C04F79EFBC}") = "FootballCatch.Notifications.Tests.Infrastructure", "tests\FootballCatch.Notifications.Tests.Infrastructure\FootballCatch.Notifications.Tests.Infrastructure.csproj", "{AD444C46-CFCB-41D8-8A11-80AEF735E5B2}"
EndProject
Global
	GlobalSection(SolutionConfigurationPlatforms) = preSolution
		Debug|Any CPU = Debug|Any CPU
		Debug|x64 = Debug|x64
		Debug|x86 = Debug|x86
		Release|Any CPU = Release|Any CPU
		Release|x64 = Release|x64
		Release|x86 = Release|x86
	EndGlobalSection
	GlobalSection(ProjectConfigurationPlatforms) = postSolution
		{73E378F5-9470-4273-B6E0-449A6FAF8C32}.Debug|Any CPU.ActiveCfg = Debug|Any CPU
		{73E378F5-9470-4273-B6E0-449A6FAF8C32}.Debug|Any CPU.Build.0 = Debug|Any CPU
		{73E378F5-9470-4273-B6E0-449A6FAF8C32}.Debug|x64.ActiveCfg = Debug|Any CPU
		{73E378F5-9470-4273-B6E0-449A6FAF8C32}.Debug|x64.Build.0 = Debug|Any CPU
		{73E378F5-9470-4273-B6E0-449A6FAF8C32}.Debug|x86.ActiveCfg = Debug|Any CPU
		{73E378F5-9470-4273-B6E0-449A6FAF8C32}.Debug|x86.Build.0 = Debug|Any CPU
		{73E378F5-9470-4273-B6E0-449A6FAF8C32}.Release|Any CPU.ActiveCfg = Release|Any CPU
		{73E378F5-9470-4273-B6E0-449A6FAF8C32}.Release|Any CPU.Build.0 = Release|Any CPU
		{73E378F5-9470-4273-B6E0-449A6FAF8C32}.Release|x64.ActiveCfg = Release|Any CPU
		{73E378F5-9470-4273-B6E0-449A6FAF8C32}.Release|x64.Build.0 = Release|Any CPU
		{73E378F5-9470-4273-B6E0-449A6FAF8C32}.Release|x86.ActiveCfg = Release|Any CPU
		{73E378F5-9470-4273-B6E0-449A6FAF8C32}.Release|x86.Build.0 = Release|Any CPU
		{CA0A5196-0C1F-447B-8BAC-93CCA7637415}.Debug|Any CPU.ActiveCfg = Debug|Any CPU
		{CA0A5196-0C1F-447B-8BAC-93CCA7637415}.Debug|Any CPU.Build.0 = Debug|Any CPU
		{CA0A5196-0C1F-447B-8BAC-93CCA7637415}.Debug|x64.ActiveCfg = Debug|Any CPU
		{CA0A5196-0C1F-447B-8BAC-93CCA7637415}.Debug|x64.Build.0 = Debug|Any CPU
		{CA0A5196-0C1F-447B-8BAC-93CCA7637415}.Debug|x86.ActiveCfg = Debug|Any CPU
		{CA0A5196-0C1F-447B-8BAC-93CCA7637415}.Debug|x86.Build.0 = Debug|Any CPU
		{CA0A5196-0C1F-447B-8BAC-93CCA7637415}.Release|Any CPU.ActiveCfg = Release|Any CPU
		{CA0A5196-0C1F-447B-8BAC-93CCA7637415}.Release|Any CPU.Build.0 = Release|Any CPU
		{CA0A5196-0C1F-447B-8BAC-93CCA7637415}.Release|x64.ActiveCfg = Release|Any CPU
		{CA0A5196-0C1F-447B-8BAC-93CCA7637415}.Release|x64.Build.0 = Release|Any CPU
		{CA0A5196-0C1F-447B-8BAC-93CCA7637415}.Release|x86.ActiveCfg = Release|Any CPU
		{CA0A5196-0C1F-447B-8BAC-93CCA7637415}.Release|x86.Build.0 = Release|Any CPU
		{C46F6710-B170-4448-A292-CCA15995E037}.Debug|Any CPU.ActiveCfg = Debug|Any CPU
		{C46F6710-B170-4448-A292-CCA15995E037}.Debug|Any CPU.Build.0 = Debug|Any CPU
		{C46F6710-B170-4448-A292-CCA15995E037}.Debug|x64.ActiveCfg = Debug|Any CPU
		{C46F6710-B170-4448-A292-CCA15995E037}.Debug|x64.Build.0 = Debug|Any CPU
		{C46F6710-B170-4448-A292-CCA15995E037}.Debug|x86.ActiveCfg = Debug|Any CPU
		{C46F6710-B170-4448-A292-CCA15995E037}.Debug|x86.Build.0 = Debug|Any CPU
		{C46F6710-B170-4448-A292-CCA15995E037}.Release|Any CPU.ActiveCfg = Release|Any CPU
		{C46F6710-B170-4448-A292-CCA15995E037}.Release|Any CPU.Build.0 = Release|Any CPU
		{C46F6710-B170-4448-A292-CCA15995E037}.Release|x64.ActiveCfg = Release|Any CPU
		{C46F6710-B170-4448-A292-CCA15995E037}.Release|x64.Build.0 = Release|Any CPU
		{C46F6710-B170-4448-A292-CCA15995E037}.Release|x86.ActiveCfg = Release|Any CPU
		{C46F6710-B170-4448-A292-CCA15995E037}.Release|x86.Build.0 = Release|Any CPU
		{8AA838A1-3844-45D8-92FC-8734AD5521E9}.Debug|Any CPU.ActiveCfg = Debug|Any CPU
		{8AA838A1-3844-45D8-92FC-8734AD5521E9}.Debug|Any CPU.Build.0 = Debug|Any CPU
		{8AA838A1-3844-45D8-92FC-8734AD5521E9}.Debug|x64.ActiveCfg = Debug|Any CPU
		{8AA838A1-3844-45D8-92FC-8734AD5521E9}.Debug|x64.Build.0 = Debug|Any CPU
		{8AA838A1-3844-45D8-92FC-8734AD5521E9}.Debug|x86.ActiveCfg = Debug|Any CPU
		{8AA838A1-3844-45D8-92FC-8734AD5521E9}.Debug|x86.Build.0 = Debug|Any CPU
		{8AA838A1-3844-45D8-92FC-8734AD5521E9}.Release|Any CPU.ActiveCfg = Release|Any CPU
		{8AA838A1-3844-45D8-92FC-8734AD5521E9}.Release|Any CPU.Build.0 = Release|Any CPU
		{8AA838A1-3844-45D8-92FC-8734AD5521E9}.Release|x64.ActiveCfg = Release|Any CPU
		{8AA838A1-3844-45D8-92FC-8734AD5521E9}.Release|x64.Build.0 = Release|Any CPU
		{8AA838A1-3844-45D8-92FC-8734AD5521E9}.Release|x86.ActiveCfg = Release|Any CPU
		{8AA838A1-3844-45D8-92FC-8734AD5521E9}.Release|x86.Build.0 = Release|Any CPU
		{F6316637-C043-405A-83A9-62362D33D422}.Debug|Any CPU.ActiveCfg = Debug|Any CPU
		{F6316637-C043-405A-83A9-62362D33D422}.Debug|Any CPU.Build.0 = Debug|Any CPU
		{F6316637-C043-405A-83A9-62362D33D422}.Debug|x64.ActiveCfg = Debug|Any CPU
		{F6316637-C043-405A-83A9-62362D33D422}.Debug|x64.Build.0 = Debug|Any CPU
		{F6316637-C043-405A-83A9-62362D33D422}.Debug|x86.ActiveCfg = Debug|Any CPU
		{F6316637-C043-405A-83A9-62362D33D422}.Debug|x86.Build.0 = Debug|Any CPU
		{F6316637-C043-405A-83A9-62362D33D422}.Release|Any CPU.ActiveCfg = Release|Any CPU
		{F6316637-C043-405A-83A9-62362D33D422}.Release|Any CPU.Build.0 = Release|Any CPU
		{F6316637-C043-405A-83A9-62362D33D422}.Release|x64.ActiveCfg = Release|Any CPU
		{F6316637-C043-405A-83A9-62362D33D422}.Release|x64.Build.0 = Release|Any CPU
		{F6316637-C043-405A-83A9-62362D33D422}.Release|x86.ActiveCfg = Release|Any CPU
		{F6316637-C043-405A-83A9-62362D33D422}.Release|x86.Build.0 = Release|Any CPU
		{3D086073-A12F-4863-A50A-7A60F5ADFAFF}.Debug|Any CPU.ActiveCfg = Debug|Any CPU
		{3D086073-A12F-4863-A50A-7A60F5ADFAFF}.Debug|Any CPU.Build.0 = Debug|Any CPU
		{3D086073-A12F-4863-A50A-7A60F5ADFAFF}.Debug|x64.ActiveCfg = Debug|Any CPU
		{3D086073-A12F-4863-A50A-7A60F5ADFAFF}.Debug|x64.Build.0 = Debug|Any CPU
		{3D086073-A12F-4863-A50A-7A60F5ADFAFF}.Debug|x86.ActiveCfg = Debug|Any CPU
		{3D086073-A12F-4863-A50A-7A60F5ADFAFF}.Debug|x86.Build.0 = Debug|Any CPU
		{3D086073-A12F-4863-A50A-7A60F5ADFAFF}.Release|Any CPU.ActiveCfg = Release|Any CPU
		{3D086073-A12F-4863-A50A-7A60F5ADFAFF}.Release|Any CPU.Build.0 = Release|Any CPU
		{3D086073-A12F-4863-A50A-7A60F5ADFAFF}.Release|x64.ActiveCfg = Release|Any CPU
		{3D086073-A12F-4863-A50A-7A60F5ADFAFF}.Release|x64.Build.0 = Release|Any CPU
		{3D086073-A12F-4863-A50A-7A60F5ADFAFF}.Release|x86.ActiveCfg = Release|Any CPU
		{3D086073-A12F-4863-A50A-7A60F5ADFAFF}.Release|x86.Build.0 = Release|Any CPU
		{72056BD5-C656-41E1-B3D0-FC5EE6CB4BF2}.Debug|Any CPU.ActiveCfg = Debug|Any CPU
		{72056BD5-C656-41E1-B3D0-FC5EE6CB4BF2}.Debug|Any CPU.Build.0 = Debug|Any CPU
		{72056BD5-C656-41E1-B3D0-FC5EE6CB4BF2}.Debug|x64.ActiveCfg = Debug|Any CPU
		{72056BD5-C656-41E1-B3D0-FC5EE6CB4BF2}.Debug|x64.Build.0 = Debug|Any CPU
		{72056BD5-C656-41E1-B3D0-FC5EE6CB4BF2}.Debug|x86.ActiveCfg = Debug|Any CPU
		{72056BD5-C656-41E1-B3D0-FC5EE6CB4BF2}.Debug|x86.Build.0 = Debug|Any CPU
		{72056BD5-C656-41E1-B3D0-FC5EE6CB4BF2}.Release|Any CPU.ActiveCfg = Release|Any CPU
		{72056BD5-C656-41E1-B3D0-FC5EE6CB4BF2}.Release|Any CPU.Build.0 = Release|Any CPU
		{72056BD5-C656-41E1-B3D0-FC5EE6CB4BF2}.Release|x64.ActiveCfg = Release|Any CPU
		{72056BD5-C656-41E1-B3D0-FC5EE6CB4BF2}.Release|x64.Build.0 = Release|Any CPU
		{72056BD5-C656-41E1-B3D0-FC5EE6CB4BF2}.Release|x86.ActiveCfg = Release|Any CPU
		{72056BD5-C656-41E1-B3D0-FC5EE6CB4BF2}.Release|x86.Build.0 = Release|Any CPU
		{AD444C46-CFCB-41D8-8A11-80AEF735E5B2}.Debug|Any CPU.ActiveCfg = Debug|Any CPU
		{AD444C46-CFCB-41D8-8A11-80AEF735E5B2}.Debug|Any CPU.Build.0 = Debug|Any CPU
		{AD444C46-CFCB-41D8-8A11-80AEF735E5B2}.Debug|x64.ActiveCfg = Debug|Any CPU
		{AD444C46-CFCB-41D8-8A11-80AEF735E5B2}.Debug|x64.Build.0 = Debug|Any CPU
		{AD444C46-CFCB-41D8-8A11-80AEF735E5B2}.Debug|x86.ActiveCfg = Debug|Any CPU
		{AD444C46-CFCB-41D8-8A11-80AEF735E5B2}.Debug|x86.Build.0 = Debug|Any CPU
		{AD444C46-CFCB-41D8-8A11-80AEF735E5B2}.Release|Any CPU.ActiveCfg = Release|Any CPU
		{AD444C46-CFCB-41D8-8A11-80AEF735E5B2}.Release|Any CPU.Build.0 = Release|Any CPU
		{AD444C46-CFCB-41D8-8A11-80AEF735E5B2}.Release|x64.ActiveCfg = Release|Any CPU
		{AD444C46-CFCB-41D8-8A11-80AEF735E5B2}.Release|x64.Build.0 = Release|Any CPU
		{AD444C46-CFCB-41D8-8A11-80AEF735E5B2}.Release|x86.ActiveCfg = Release|Any CPU
		{AD444C46-CFCB-41D8-8A11-80AEF735E5B2}.Release|x86.Build.0 = Release|Any CPU
	EndGlobalSection
	GlobalSection(SolutionProperties) = preSolution
		HideSolutionNode = FALSE
	EndGlobalSection
	GlobalSection(NestedProjects) = preSolution
		{73E378F5-9470-4273-B6E0-449A6FAF8C32} = {827E0CD3-B72D-47B6-A68D-7590B98EB39B}
		{CA0A5196-0C1F-447B-8BAC-93CCA7637415} = {827E0CD3-B72D-47B6-A68D-7590B98EB39B}
		{C46F6710-B170-4448-A292-CCA15995E037} = {827E0CD3-B72D-47B6-A68D-7590B98EB39B}
		{8AA838A1-3844-45D8-92FC-8734AD5521E9} = {827E0CD3-B72D-47B6-A68D-7590B98EB39B}
		{F6316637-C043-405A-83A9-62362D33D422} = {827E0CD3-B72D-47B6-A68D-7590B98EB39B}
		{3D086073-A12F-4863-A50A-7A60F5ADFAFF} = {0AB3BF05-4346-4AA6-1389-037BE0695223}
		{72056BD5-C656-41E1-B3D0-FC5EE6CB4BF2} = {0AB3BF05-4346-4AA6-1389-037BE0695223}
		{AD444C46-CFCB-41D8-8A11-80AEF735E5B2} = {0AB3BF05-4346-4AA6-1389-037BE0695223}
	EndGlobalSection
EndGlobal
