
Microsoft Visual Studio Solution File, Format Version 12.00
# Visual Studio Version 17
VisualStudioVersion = 17.0.31903.59
MinimumVisualStudioVersion = 10.0.40219.1
Project("{2150E333-8FDC-42A3-9474-1A3956D46DE8}") = "src", "src", "{827E0CD3-B72D-47B6-A68D-7590B98EB39B}"
EndProject
Project("{FAE04EC0-301F-11D3-BF4B-00C04F79EFBC}") = "FootballCatch.ScoringEngine.Domain", "src\FootballCatch.ScoringEngine.Domain\FootballCatch.ScoringEngine.Domain.csproj", "{FEFC2610-84E7-473D-87EA-45E224DFC955}"
EndProject
Project("{FAE04EC0-301F-11D3-BF4B-00C04F79EFBC}") = "FootballCatch.ScoringEngine.Application", "src\FootballCatch.ScoringEngine.Application\FootballCatch.ScoringEngine.Application.csproj", "{A499F69B-85E0-4C1A-B7DB-D02A3411E8BC}"
EndProject
Project("{FAE04EC0-301F-11D3-BF4B-00C04F79EFBC}") = "FootballCatch.ScoringEngine.Infrastructure", "src\FootballCatch.ScoringEngine.Infrastructure\FootballCatch.ScoringEngine.Infrastructure.csproj", "{B18700D0-5014-43BA-B4AA-D492116EF37A}"
EndProject
Project("{FAE04EC0-301F-11D3-BF4B-00C04F79EFBC}") = "FootballCatch.ScoringEngine.Api", "src\FootballCatch.ScoringEngine.Api\FootballCatch.ScoringEngine.Api.csproj", "{FAA0B195-B5EB-413C-AC23-FB2E1F467E79}"
EndProject
Project("{FAE04EC0-301F-11D3-BF4B-00C04F79EFBC}") = "FootballCatch.ScoringEngine.Migrations", "src\FootballCatch.ScoringEngine.Migrations\FootballCatch.ScoringEngine.Migrations.csproj", "{AE555F38-170B-46BA-ADD7-EC07F18D4A2D}"
EndProject
Project("{2150E333-8FDC-42A3-9474-1A3956D46DE8}") = "tests", "tests", "{0AB3BF05-4346-4AA6-1389-037BE0695223}"
EndProject
Project("{FAE04EC0-301F-11D3-BF4B-00C04F79EFBC}") = "FootballCatch.ScoringEngine.UnitTests", "tests\FootballCatch.ScoringEngine.UnitTests\FootballCatch.ScoringEngine.UnitTests.csproj", "{57CDC969-AD66-4842-A758-87EA7543ED49}"
EndProject
Project("{FAE04EC0-301F-11D3-BF4B-00C04F79EFBC}") = "FootballCatch.ScoringEngine.IntegrationTests", "tests\FootballCatch.ScoringEngine.IntegrationTests\FootballCatch.ScoringEngine.IntegrationTests.csproj", "{DCC36A29-B7F0-4F8E-ACE5-78922A8AF925}"
EndProject
Project("{FAE04EC0-301F-11D3-BF4B-00C04F79EFBC}") = "FootballCatch.ScoringEngine.Tests.Infrastructure", "tests\FootballCatch.ScoringEngine.Tests.Infrastructure\FootballCatch.ScoringEngine.Tests.Infrastructure.csproj", "{C44FC2A1-52E6-4886-9175-4B57B5F4C379}"
EndProject
Global
	GlobalSection(SolutionConfigurationPlatforms) = preSolution
		Debug|Any CPU = Debug|Any CPU
		Debug|x64 = Debug|x64
		Debug|x86 = Debug|x86
		Release|Any CPU = Release|Any CPU
		Release|x64 = Release|x64
		Release|x86 = Release|x86
	EndGlobalSection
	GlobalSection(ProjectConfigurationPlatforms) = postSolution
		{FEFC2610-84E7-473D-87EA-45E224DFC955}.Debug|Any CPU.ActiveCfg = Debug|Any CPU
		{FEFC2610-84E7-473D-87EA-45E224DFC955}.Debug|Any CPU.Build.0 = Debug|Any CPU
		{FEFC2610-84E7-473D-87EA-45E224DFC955}.Debug|x64.ActiveCfg = Debug|Any CPU
		{FEFC2610-84E7-473D-87EA-45E224DFC955}.Debug|x64.Build.0 = Debug|Any CPU
		{FEFC2610-84E7-473D-87EA-45E224DFC955}.Debug|x86.ActiveCfg = Debug|Any CPU
		{FEFC2610-84E7-473D-87EA-45E224DFC955}.Debug|x86.Build.0 = Debug|Any CPU
		{FEFC2610-84E7-473D-87EA-45E224DFC955}.Release|Any CPU.ActiveCfg = Release|Any CPU
		{FEFC2610-84E7-473D-87EA-45E224DFC955}.Release|Any CPU.Build.0 = Release|Any CPU
		{FEFC2610-84E7-473D-87EA-45E224DFC955}.Release|x64.ActiveCfg = Release|Any CPU
		{FEFC2610-84E7-473D-87EA-45E224DFC955}.Release|x64.Build.0 = Release|Any CPU
		{FEFC2610-84E7-473D-87EA-45E224DFC955}.Release|x86.ActiveCfg = Release|Any CPU
		{FEFC2610-84E7-473D-87EA-45E224DFC955}.Release|x86.Build.0 = Release|Any CPU
		{A499F69B-85E0-4C1A-B7DB-D02A3411E8BC}.Debug|Any CPU.ActiveCfg = Debug|Any CPU
		{A499F69B-85E0-4C1A-B7DB-D02A3411E8BC}.Debug|Any CPU.Build.0 = Debug|Any CPU
		{A499F69B-85E0-4C1A-B7DB-D02A3411E8BC}.Debug|x64.ActiveCfg = Debug|Any CPU
		{A499F69B-85E0-4C1A-B7DB-D02A3411E8BC}.Debug|x64.Build.0 = Debug|Any CPU
		{A499F69B-85E0-4C1A-B7DB-D02A3411E8BC}.Debug|x86.ActiveCfg = Debug|Any CPU
		{A499F69B-85E0-4C1A-B7DB-D02A3411E8BC}.Debug|x86.Build.0 = Debug|Any CPU
		{A499F69B-85E0-4C1A-B7DB-D02A3411E8BC}.Release|Any CPU.ActiveCfg = Release|Any CPU
		{A499F69B-85E0-4C1A-B7DB-D02A3411E8BC}.Release|Any CPU.Build.0 = Release|Any CPU
		{A499F69B-85E0-4C1A-B7DB-D02A3411E8BC}.Release|x64.ActiveCfg = Release|Any CPU
		{A499F69B-85E0-4C1A-B7DB-D02A3411E8BC}.Release|x64.Build.0 = Release|Any CPU
		{A499F69B-85E0-4C1A-B7DB-D02A3411E8BC}.Release|x86.ActiveCfg = Release|Any CPU
		{A499F69B-85E0-4C1A-B7DB-D02A3411E8BC}.Release|x86.Build.0 = Release|Any CPU
		{B18700D0-5014-43BA-B4AA-D492116EF37A}.Debug|Any CPU.ActiveCfg = Debug|Any CPU
		{B18700D0-5014-43BA-B4AA-D492116EF37A}.Debug|Any CPU.Build.0 = Debug|Any CPU
		{B18700D0-5014-43BA-B4AA-D492116EF37A}.Debug|x64.ActiveCfg = Debug|Any CPU
		{B18700D0-5014-43BA-B4AA-D492116EF37A}.Debug|x64.Build.0 = Debug|Any CPU
		{B18700D0-5014-43BA-B4AA-D492116EF37A}.Debug|x86.ActiveCfg = Debug|Any CPU
		{B18700D0-5014-43BA-B4AA-D492116EF37A}.Debug|x86.Build.0 = Debug|Any CPU
		{B18700D0-5014-43BA-B4AA-D492116EF37A}.Release|Any CPU.ActiveCfg = Release|Any CPU
		{B18700D0-5014-43BA-B4AA-D492116EF37A}.Release|Any CPU.Build.0 = Release|Any CPU
		{B18700D0-5014-43BA-B4AA-D492116EF37A}.Release|x64.ActiveCfg = Release|Any CPU
		{B18700D0-5014-43BA-B4AA-D492116EF37A}.Release|x64.Build.0 = Release|Any CPU
		{B18700D0-5014-43BA-B4AA-D492116EF37A}.Release|x86.ActiveCfg = Release|Any CPU
		{B18700D0-5014-43BA-B4AA-D492116EF37A}.Release|x86.Build.0 = Release|Any CPU
		{FAA0B195-B5EB-413C-AC23-FB2E1F467E79}.Debug|Any CPU.ActiveCfg = Debug|Any CPU
		{FAA0B195-B5EB-413C-AC23-FB2E1F467E79}.Debug|Any CPU.Build.0 = Debug|Any CPU
		{FAA0B195-B5EB-413C-AC23-FB2E1F467E79}.Debug|x64.ActiveCfg = Debug|Any CPU
		{FAA0B195-B5EB-413C-AC23-FB2E1F467E79}.Debug|x64.Build.0 = Debug|Any CPU
		{FAA0B195-B5EB-413C-AC23-FB2E1F467E79}.Debug|x86.ActiveCfg = Debug|Any CPU
		{FAA0B195-B5EB-413C-AC23-FB2E1F467E79}.Debug|x86.Build.0 = Debug|Any CPU
		{FAA0B195-B5EB-413C-AC23-FB2E1F467E79}.Release|Any CPU.ActiveCfg = Release|Any CPU
		{FAA0B195-B5EB-413C-AC23-FB2E1F467E79}.Release|Any CPU.Build.0 = Release|Any CPU
		{FAA0B195-B5EB-413C-AC23-FB2E1F467E79}.Release|x64.ActiveCfg = Release|Any CPU
		{FAA0B195-B5EB-413C-AC23-FB2E1F467E79}.Release|x64.Build.0 = Release|Any CPU
		{FAA0B195-B5EB-413C-AC23-FB2E1F467E79}.Release|x86.ActiveCfg = Release|Any CPU
		{FAA0B195-B5EB-413C-AC23-FB2E1F467E79}.Release|x86.Build.0 = Release|Any CPU
		{AE555F38-170B-46BA-ADD7-EC07F18D4A2D}.Debug|Any CPU.ActiveCfg = Debug|Any CPU
		{AE555F38-170B-46BA-ADD7-EC07F18D4A2D}.Debug|Any CPU.Build.0 = Debug|Any CPU
		{AE555F38-170B-46BA-ADD7-EC07F18D4A2D}.Debug|x64.ActiveCfg = Debug|Any CPU
		{AE555F38-170B-46BA-ADD7-EC07F18D4A2D}.Debug|x64.Build.0 = Debug|Any CPU
		{AE555F38-170B-46BA-ADD7-EC07F18D4A2D}.Debug|x86.ActiveCfg = Debug|Any CPU
		{AE555F38-170B-46BA-ADD7-EC07F18D4A2D}.Debug|x86.Build.0 = Debug|Any CPU
		{AE555F38-170B-46BA-ADD7-EC07F18D4A2D}.Release|Any CPU.ActiveCfg = Release|Any CPU
		{AE555F38-170B-46BA-ADD7-EC07F18D4A2D}.Release|Any CPU.Build.0 = Release|Any CPU
		{AE555F38-170B-46BA-ADD7-EC07F18D4A2D}.Release|x64.ActiveCfg = Release|Any CPU
		{AE555F38-170B-46BA-ADD7-EC07F18D4A2D}.Release|x64.Build.0 = Release|Any CPU
		{AE555F38-170B-46BA-ADD7-EC07F18D4A2D}.Release|x86.ActiveCfg = Release|Any CPU
		{AE555F38-170B-46BA-ADD7-EC07F18D4A2D}.Release|x86.Build.0 = Release|Any CPU
		{57CDC969-AD66-4842-A758-87EA7543ED49}.Debug|Any CPU.ActiveCfg = Debug|Any CPU
		{57CDC969-AD66-4842-A758-87EA7543ED49}.Debug|Any CPU.Build.0 = Debug|Any CPU
		{57CDC969-AD66-4842-A758-87EA7543ED49}.Debug|x64.ActiveCfg = Debug|Any CPU
		{57CDC969-AD66-4842-A758-87EA7543ED49}.Debug|x64.Build.0 = Debug|Any CPU
		{57CDC969-AD66-4842-A758-87EA7543ED49}.Debug|x86.ActiveCfg = Debug|Any CPU
		{57CDC969-AD66-4842-A758-87EA7543ED49}.Debug|x86.Build.0 = Debug|Any CPU
		{57CDC969-AD66-4842-A758-87EA7543ED49}.Release|Any CPU.ActiveCfg = Release|Any CPU
		{57CDC969-AD66-4842-A758-87EA7543ED49}.Release|Any CPU.Build.0 = Release|Any CPU
		{57CDC969-AD66-4842-A758-87EA7543ED49}.Release|x64.ActiveCfg = Release|Any CPU
		{57CDC969-AD66-4842-A758-87EA7543ED49}.Release|x64.Build.0 = Release|Any CPU
		{57CDC969-AD66-4842-A758-87EA7543ED49}.Release|x86.ActiveCfg = Release|Any CPU
		{57CDC969-AD66-4842-A758-87EA7543ED49}.Release|x86.Build.0 = Release|Any CPU
		{DCC36A29-B7F0-4F8E-ACE5-78922A8AF925}.Debug|Any CPU.ActiveCfg = Debug|Any CPU
		{DCC36A29-B7F0-4F8E-ACE5-78922A8AF925}.Debug|Any CPU.Build.0 = Debug|Any CPU
		{DCC36A29-B7F0-4F8E-ACE5-78922A8AF925}.Debug|x64.ActiveCfg = Debug|Any CPU
		{DCC36A29-B7F0-4F8E-ACE5-78922A8AF925}.Debug|x64.Build.0 = Debug|Any CPU
		{DCC36A29-B7F0-4F8E-ACE5-78922A8AF925}.Debug|x86.ActiveCfg = Debug|Any CPU
		{DCC36A29-B7F0-4F8E-ACE5-78922A8AF925}.Debug|x86.Build.0 = Debug|Any CPU
		{DCC36A29-B7F0-4F8E-ACE5-78922A8AF925}.Release|Any CPU.ActiveCfg = Release|Any CPU
		{DCC36A29-B7F0-4F8E-ACE5-78922A8AF925}.Release|Any CPU.Build.0 = Release|Any CPU
		{DCC36A29-B7F0-4F8E-ACE5-78922A8AF925}.Release|x64.ActiveCfg = Release|Any CPU
		{DCC36A29-B7F0-4F8E-ACE5-78922A8AF925}.Release|x64.Build.0 = Release|Any CPU
		{DCC36A29-B7F0-4F8E-ACE5-78922A8AF925}.Release|x86.ActiveCfg = Release|Any CPU
		{DCC36A29-B7F0-4F8E-ACE5-78922A8AF925}.Release|x86.Build.0 = Release|Any CPU
		{C44FC2A1-52E6-4886-9175-4B57B5F4C379}.Debug|Any CPU.ActiveCfg = Debug|Any CPU
		{C44FC2A1-52E6-4886-9175-4B57B5F4C379}.Debug|Any CPU.Build.0 = Debug|Any CPU
		{C44FC2A1-52E6-4886-9175-4B57B5F4C379}.Debug|x64.ActiveCfg = Debug|Any CPU
		{C44FC2A1-52E6-4886-9175-4B57B5F4C379}.Debug|x64.Build.0 = Debug|Any CPU
		{C44FC2A1-52E6-4886-9175-4B57B5F4C379}.Debug|x86.ActiveCfg = Debug|Any CPU
		{C44FC2A1-52E6-4886-9175-4B57B5F4C379}.Debug|x86.Build.0 = Debug|Any CPU
		{C44FC2A1-52E6-4886-9175-4B57B5F4C379}.Release|Any CPU.ActiveCfg = Release|Any CPU
		{C44FC2A1-52E6-4886-9175-4B57B5F4C379}.Release|Any CPU.Build.0 = Release|Any CPU
		{C44FC2A1-52E6-4886-9175-4B57B5F4C379}.Release|x64.ActiveCfg = Release|Any CPU
		{C44FC2A1-52E6-4886-9175-4B57B5F4C379}.Release|x64.Build.0 = Release|Any CPU
		{C44FC2A1-52E6-4886-9175-4B57B5F4C379}.Release|x86.ActiveCfg = Release|Any CPU
		{C44FC2A1-52E6-4886-9175-4B57B5F4C379}.Release|x86.Build.0 = Release|Any CPU
	EndGlobalSection
	GlobalSection(SolutionProperties) = preSolution
		HideSolutionNode = FALSE
	EndGlobalSection
	GlobalSection(NestedProjects) = preSolution
		{FEFC2610-84E7-473D-87EA-45E224DFC955} = {827E0CD3-B72D-47B6-A68D-7590B98EB39B}
		{A499F69B-85E0-4C1A-B7DB-D02A3411E8BC} = {827E0CD3-B72D-47B6-A68D-7590B98EB39B}
		{B18700D0-5014-43BA-B4AA-D492116EF37A} = {827E0CD3-B72D-47B6-A68D-7590B98EB39B}
		{FAA0B195-B5EB-413C-AC23-FB2E1F467E79} = {827E0CD3-B72D-47B6-A68D-7590B98EB39B}
		{AE555F38-170B-46BA-ADD7-EC07F18D4A2D} = {827E0CD3-B72D-47B6-A68D-7590B98EB39B}
		{57CDC969-AD66-4842-A758-87EA7543ED49} = {0AB3BF05-4346-4AA6-1389-037BE0695223}
		{DCC36A29-B7F0-4F8E-ACE5-78922A8AF925} = {0AB3BF05-4346-4AA6-1389-037BE0695223}
		{C44FC2A1-52E6-4886-9175-4B57B5F4C379} = {0AB3BF05-4346-4AA6-1389-037BE0695223}
	EndGlobalSection
EndGlobal
